Microsoft Visual Studio Solution File, Format Version 9.00
# Visual Studio 2005
Project("{8BC9CEB8-8B4A-11D0-8D11-00A0C91BC942}") = "xsec_lib", "xsec_lib\xsec_lib.vcproj", "{D5B5A007-E873-4D12-B4AF-60811AFD9EF1}"
EndProject
Project("{8BC9CEB8-8B4A-11D0-8D11-00A0C91BC942}") = "xtest", "xtest\xtest.vcproj", "{127B3E61-096C-438A-BF33-5A9F05C7035A}"
	ProjectSection(ProjectDependencies) = postProject
		{D5B5A007-E873-4D12-B4AF-60811AFD9EF1} = {D5B5A007-E873-4D12-B4AF-60811AFD9EF1}
	EndProjectSection
EndProject
Project("{8BC9CEB8-8B4A-11D0-8D11-00A0C91BC942}") = "c14n", "c14n\c14n.vcproj", "{ADFB4A1A-9CB4-4BEE-9DE8-6584708624C4}"
	ProjectSection(ProjectDependencies) = postProject
		{D5B5A007-E873-4D12-B4AF-60811AFD9EF1} = {D5B5A007-E873-4D12-B4AF-60811AFD9EF1}
	EndProjectSection
EndProject
Project("{8BC9CEB8-8B4A-11D0-8D11-00A0C91BC942}") = "checksig", "checksig\checksig.vcproj", "{B32B9596-E250-41D5-8AA8-A623226C9018}"
	ProjectSection(ProjectDependencies) = postProject
		{D5B5A007-E873-4D12-B4AF-60811AFD9EF1} = {D5B5A007-E873-4D12-B4AF-60811AFD9EF1}
	EndProjectSection
EndProject
Project("{8BC9CEB8-8B4A-11D0-8D11-00A0C91BC942}") = "cipher", "cipher\cipher.vcproj", "{0C455A95-991B-4019-8872-AA1FE6139F69}"
	ProjectSection(ProjectDependencies) = postProject
		{D5B5A007-E873-4D12-B4AF-60811AFD9EF1} = {D5B5A007-E873-4D12-B4AF-60811AFD9EF1}
	EndProjectSection
EndProject
Project("{8BC9CEB8-8B4A-11D0-8D11-00A0C91BC942}") = "siginf", "siginf\siginf.vcproj", "{20E437FA-F184-4D60-9B3B-4358EFFA8B42}"
	ProjectSection(ProjectDependencies) = postProject
		{D5B5A007-E873-4D12-B4AF-60811AFD9EF1} = {D5B5A007-E873-4D12-B4AF-60811AFD9EF1}
	EndProjectSection
EndProject
Project("{8BC9CEB8-8B4A-11D0-8D11-00A0C91BC942}") = "templatesign", "templatesign\templatesign.vcproj", "{10CE0E86-DF94-4244-9D81-C1D5CDDA6AD8}"
	ProjectSection(ProjectDependencies) = postProject
		{D5B5A007-E873-4D12-B4AF-60811AFD9EF1} = {D5B5A007-E873-4D12-B4AF-60811AFD9EF1}
	EndProjectSection
EndProject
Project("{8BC9CEB8-8B4A-11D0-8D11-00A0C91BC942}") = "threadTest", "threadTest\threadTest.vcproj", "{5EE9A0C7-72C8-48F3-A6DB-6E5BF0715DC3}"
	ProjectSection(ProjectDependencies) = postProject
		{D5B5A007-E873-4D12-B4AF-60811AFD9EF1} = {D5B5A007-E873-4D12-B4AF-60811AFD9EF1}
	EndProjectSection
EndProject
Project("{8BC9CEB8-8B4A-11D0-8D11-00A0C91BC942}") = "txfmout", "txfmout\txfmout.vcproj", "{E1A95507-B3E4-4075-8C31-A24C9460BF68}"
	ProjectSection(ProjectDependencies) = postProject
		{D5B5A007-E873-4D12-B4AF-60811AFD9EF1} = {D5B5A007-E873-4D12-B4AF-60811AFD9EF1}
	EndProjectSection
EndProject
Project("{8BC9CEB8-8B4A-11D0-8D11-00A0C91BC942}") = "xklient", "xklient\xklient.vcproj", "{48346695-1496-4881-8709-E5C02392930A}"
	ProjectSection(ProjectDependencies) = postProject
		{D5B5A007-E873-4D12-B4AF-60811AFD9EF1} = {D5B5A007-E873-4D12-B4AF-60811AFD9EF1}
	EndProjectSection
EndProject
Global
	GlobalSection(SolutionConfigurationPlatforms) = preSolution
		Debug No Xalan|Win32 = Debug No Xalan|Win32
		Debug No Xalan|x64 = Debug No Xalan|x64
		Debug|Win32 = Debug|Win32
		Debug|x64 = Debug|x64
		Release No Xalan|Win32 = Release No Xalan|Win32
		Release No Xalan|x64 = Release No Xalan|x64
		Release|Win32 = Release|Win32
		Release|x64 = Release|x64
	EndGlobalSection
	GlobalSection(ProjectConfigurationPlatforms) = postSolution
		{D5B5A007-E873-4D12-B4AF-60811AFD9EF1}.Debug No Xalan|Win32.ActiveCfg = Debug No Xalan|Win32
		{D5B5A007-E873-4D12-B4AF-60811AFD9EF1}.Debug No Xalan|Win32.Build.0 = Debug No Xalan|Win32
		{D5B5A007-E873-4D12-B4AF-60811AFD9EF1}.Debug No Xalan|x64.ActiveCfg = Debug No Xalan|x64
		{D5B5A007-E873-4D12-B4AF-60811AFD9EF1}.Debug No Xalan|x64.Build.0 = Debug No Xalan|x64
		{D5B5A007-E873-4D12-B4AF-60811AFD9EF1}.Debug|Win32.ActiveCfg = Debug|Win32
		{D5B5A007-E873-4D12-B4AF-60811AFD9EF1}.Debug|Win32.Build.0 = Debug|Win32
		{D5B5A007-E873-4D12-B4AF-60811AFD9EF1}.Debug|x64.ActiveCfg = Debug|x64
		{D5B5A007-E873-4D12-B4AF-60811AFD9EF1}.Debug|x64.Build.0 = Debug|x64
		{D5B5A007-E873-4D12-B4AF-60811AFD9EF1}.Release No Xalan|Win32.ActiveCfg = Release No Xalan|Win32
		{D5B5A007-E873-4D12-B4AF-60811AFD9EF1}.Release No Xalan|Win32.Build.0 = Release No Xalan|Win32
		{D5B5A007-E873-4D12-B4AF-60811AFD9EF1}.Release No Xalan|x64.ActiveCfg = Release No Xalan|x64
		{D5B5A007-E873-4D12-B4AF-60811AFD9EF1}.Release No Xalan|x64.Build.0 = Release No Xalan|x64
		{D5B5A007-E873-4D12-B4AF-60811AFD9EF1}.Release|Win32.ActiveCfg = Release|Win32
		{D5B5A007-E873-4D12-B4AF-60811AFD9EF1}.Release|Win32.Build.0 = Release|Win32
		{D5B5A007-E873-4D12-B4AF-60811AFD9EF1}.Release|x64.ActiveCfg = Release|x64
		{D5B5A007-E873-4D12-B4AF-60811AFD9EF1}.Release|x64.Build.0 = Release|x64
		{127B3E61-096C-438A-BF33-5A9F05C7035A}.Debug No Xalan|Win32.ActiveCfg = Debug No Xalan|Win32
		{127B3E61-096C-438A-BF33-5A9F05C7035A}.Debug No Xalan|Win32.Build.0 = Debug No Xalan|Win32
		{127B3E61-096C-438A-BF33-5A9F05C7035A}.Debug No Xalan|x64.ActiveCfg = Debug No Xalan|x64
		{127B3E61-096C-438A-BF33-5A9F05C7035A}.Debug No Xalan|x64.Build.0 = Debug No Xalan|x64
		{127B3E61-096C-438A-BF33-5A9F05C7035A}.Debug|Win32.ActiveCfg = Debug|Win32
		{127B3E61-096C-438A-BF33-5A9F05C7035A}.Debug|Win32.Build.0 = Debug|Win32
		{127B3E61-096C-438A-BF33-5A9F05C7035A}.Debug|x64.ActiveCfg = Debug|x64
		{127B3E61-096C-438A-BF33-5A9F05C7035A}.Debug|x64.Build.0 = Debug|x64
		{127B3E61-096C-438A-BF33-5A9F05C7035A}.Release No Xalan|Win32.ActiveCfg = Release No Xalan|Win32
		{127B3E61-096C-438A-BF33-5A9F05C7035A}.Release No Xalan|Win32.Build.0 = Release No Xalan|Win32
		{127B3E61-096C-438A-BF33-5A9F05C7035A}.Release No Xalan|x64.ActiveCfg = Release No Xalan|x64
		{127B3E61-096C-438A-BF33-5A9F05C7035A}.Release No Xalan|x64.Build.0 = Release No Xalan|x64
		{127B3E61-096C-438A-BF33-5A9F05C7035A}.Release|Win32.ActiveCfg = Release|Win32
		{127B3E61-096C-438A-BF33-5A9F05C7035A}.Release|Win32.Build.0 = Release|Win32
		{127B3E61-096C-438A-BF33-5A9F05C7035A}.Release|x64.ActiveCfg = Release|x64
		{127B3E61-096C-438A-BF33-5A9F05C7035A}.Release|x64.Build.0 = Release|x64
		{ADFB4A1A-9CB4-4BEE-9DE8-6584708624C4}.Debug No Xalan|Win32.ActiveCfg = Debug No Xalan|Win32
		{ADFB4A1A-9CB4-4BEE-9DE8-6584708624C4}.Debug No Xalan|Win32.Build.0 = Debug No Xalan|Win32
		{ADFB4A1A-9CB4-4BEE-9DE8-6584708624C4}.Debug No Xalan|x64.ActiveCfg = Debug No Xalan|x64
		{ADFB4A1A-9CB4-4BEE-9DE8-6584708624C4}.Debug No Xalan|x64.Build.0 = Debug No Xalan|x64
		{ADFB4A1A-9CB4-4BEE-9DE8-6584708624C4}.Debug|Win32.ActiveCfg = Debug|Win32
		{ADFB4A1A-9CB4-4BEE-9DE8-6584708624C4}.Debug|Win32.Build.0 = Debug|Win32
		{ADFB4A1A-9CB4-4BEE-9DE8-6584708624C4}.Debug|x64.ActiveCfg = Debug|x64
		{ADFB4A1A-9CB4-4BEE-9DE8-6584708624C4}.Debug|x64.Build.0 = Debug|x64
		{ADFB4A1A-9CB4-4BEE-9DE8-6584708624C4}.Release No Xalan|Win32.ActiveCfg = Release No Xalan|Win32
		{ADFB4A1A-9CB4-4BEE-9DE8-6584708624C4}.Release No Xalan|Win32.Build.0 = Release No Xalan|Win32
		{ADFB4A1A-9CB4-4BEE-9DE8-6584708624C4}.Release No Xalan|x64.ActiveCfg = Release No Xalan|x64
		{ADFB4A1A-9CB4-4BEE-9DE8-6584708624C4}.Release No Xalan|x64.Build.0 = Release No Xalan|x64
		{ADFB4A1A-9CB4-4BEE-9DE8-6584708624C4}.Release|Win32.ActiveCfg = Release|Win32
		{ADFB4A1A-9CB4-4BEE-9DE8-6584708624C4}.Release|Win32.Build.0 = Release|Win32
		{ADFB4A1A-9CB4-4BEE-9DE8-6584708624C4}.Release|x64.ActiveCfg = Release|x64
		{ADFB4A1A-9CB4-4BEE-9DE8-6584708624C4}.Release|x64.Build.0 = Release|x64
		{B32B9596-E250-41D5-8AA8-A623226C9018}.Debug No Xalan|Win32.ActiveCfg = Debug No Xalan|Win32
		{B32B9596-E250-41D5-8AA8-A623226C9018}.Debug No Xalan|Win32.Build.0 = Debug No Xalan|Win32
		{B32B9596-E250-41D5-8AA8-A623226C9018}.Debug No Xalan|x64.ActiveCfg = Debug No Xalan|x64
		{B32B9596-E250-41D5-8AA8-A623226C9018}.Debug No Xalan|x64.Build.0 = Debug No Xalan|x64
		{B32B9596-E250-41D5-8AA8-A623226C9018}.Debug|Win32.ActiveCfg = Debug|Win32
		{B32B9596-E250-41D5-8AA8-A623226C9018}.Debug|Win32.Build.0 = Debug|Win32
		{B32B9596-E250-41D5-8AA8-A623226C9018}.Debug|x64.ActiveCfg = Debug|x64
		{B32B9596-E250-41D5-8AA8-A623226C9018}.Debug|x64.Build.0 = Debug|x64
		{B32B9596-E250-41D5-8AA8-A623226C9018}.Release No Xalan|Win32.ActiveCfg = Release No Xalan|Win32
		{B32B9596-E250-41D5-8AA8-A623226C9018}.Release No Xalan|Win32.Build.0 = Release No Xalan|Win32
		{B32B9596-E250-41D5-8AA8-A623226C9018}.Release No Xalan|x64.ActiveCfg = Release No Xalan|x64
		{B32B9596-E250-41D5-8AA8-A623226C9018}.Release No Xalan|x64.Build.0 = Release No Xalan|x64
		{B32B9596-E250-41D5-8AA8-A623226C9018}.Release|Win32.ActiveCfg = Release|Win32
		{B32B9596-E250-41D5-8AA8-A623226C9018}.Release|Win32.Build.0 = Release|Win32
		{B32B9596-E250-41D5-8AA8-A623226C9018}.Release|x64.ActiveCfg = Release|x64
		{B32B9596-E250-41D5-8AA8-A623226C9018}.Release|x64.Build.0 = Release|x64
		{0C455A95-991B-4019-8872-AA1FE6139F69}.Debug No Xalan|Win32.ActiveCfg = Debug No Xalan|Win32
		{0C455A95-991B-4019-8872-AA1FE6139F69}.Debug No Xalan|Win32.Build.0 = Debug No Xalan|Win32
		{0C455A95-991B-4019-8872-AA1FE6139F69}.Debug No Xalan|x64.ActiveCfg = Debug No Xalan|x64
		{0C455A95-991B-4019-8872-AA1FE6139F69}.Debug No Xalan|x64.Build.0 = Debug No Xalan|x64
		{0C455A95-991B-4019-8872-AA1FE6139F69}.Debug|Win32.ActiveCfg = Debug|Win32
		{0C455A95-991B-4019-8872-AA1FE6139F69}.Debug|Win32.Build.0 = Debug|Win32
		{0C455A95-991B-4019-8872-AA1FE6139F69}.Debug|x64.ActiveCfg = Debug|x64
		{0C455A95-991B-4019-8872-AA1FE6139F69}.Debug|x64.Build.0 = Debug|x64
		{0C455A95-991B-4019-8872-AA1FE6139F69}.Release No Xalan|Win32.ActiveCfg = Release No Xalan|Win32
		{0C455A95-991B-4019-8872-AA1FE6139F69}.Release No Xalan|Win32.Build.0 = Release No Xalan|Win32
		{0C455A95-991B-4019-8872-AA1FE6139F69}.Release No Xalan|x64.ActiveCfg = Release No Xalan|x64
		{0C455A95-991B-4019-8872-AA1FE6139F69}.Release No Xalan|x64.Build.0 = Release No Xalan|x64
		{0C455A95-991B-4019-8872-AA1FE6139F69}.Release|Win32.ActiveCfg = Release|Win32
		{0C455A95-991B-4019-8872-AA1FE6139F69}.Release|Win32.Build.0 = Release|Win32
		{0C455A95-991B-4019-8872-AA1FE6139F69}.Release|x64.ActiveCfg = Release|x64
		{0C455A95-991B-4019-8872-AA1FE6139F69}.Release|x64.Build.0 = Release|x64
		{20E437FA-F184-4D60-9B3B-4358EFFA8B42}.Debug No Xalan|Win32.ActiveCfg = Debug No Xalan|Win32
		{20E437FA-F184-4D60-9B3B-4358EFFA8B42}.Debug No Xalan|Win32.Build.0 = Debug No Xalan|Win32
		{20E437FA-F184-4D60-9B3B-4358EFFA8B42}.Debug No Xalan|x64.ActiveCfg = Debug No Xalan|x64
		{20E437FA-F184-4D60-9B3B-4358EFFA8B42}.Debug No Xalan|x64.Build.0 = Debug No Xalan|x64
		{20E437FA-F184-4D60-9B3B-4358EFFA8B42}.Debug|Win32.ActiveCfg = Debug|Win32
		{20E437FA-F184-4D60-9B3B-4358EFFA8B42}.Debug|Win32.Build.0 = Debug|Win32
		{20E437FA-F184-4D60-9B3B-4358EFFA8B42}.Debug|x64.ActiveCfg = Debug|x64
		{20E437FA-F184-4D60-9B3B-4358EFFA8B42}.Debug|x64.Build.0 = Debug|x64
		{20E437FA-F184-4D60-9B3B-4358EFFA8B42}.Release No Xalan|Win32.ActiveCfg = Release No Xalan|Win32
		{20E437FA-F184-4D60-9B3B-4358EFFA8B42}.Release No Xalan|Win32.Build.0 = Release No Xalan|Win32
		{20E437FA-F184-4D60-9B3B-4358EFFA8B42}.Release No Xalan|x64.ActiveCfg = Release No Xalan|x64
		{20E437FA-F184-4D60-9B3B-4358EFFA8B42}.Release No Xalan|x64.Build.0 = Release No Xalan|x64
		{20E437FA-F184-4D60-9B3B-4358EFFA8B42}.Release|Win32.ActiveCfg = Release|Win32
		{20E437FA-F184-4D60-9B3B-4358EFFA8B42}.Release|Win32.Build.0 = Release|Win32
		{20E437FA-F184-4D60-9B3B-4358EFFA8B42}.Release|x64.ActiveCfg = Release|x64
		{20E437FA-F184-4D60-9B3B-4358EFFA8B42}.Release|x64.Build.0 = Release|x64
		{10CE0E86-DF94-4244-9D81-C1D5CDDA6AD8}.Debug No Xalan|Win32.ActiveCfg = Debug No Xalan|Win32
		{10CE0E86-DF94-4244-9D81-C1D5CDDA6AD8}.Debug No Xalan|Win32.Build.0 = Debug No Xalan|Win32
		{10CE0E86-DF94-4244-9D81-C1D5CDDA6AD8}.Debug No Xalan|x64.ActiveCfg = Debug No Xalan|x64
		{10CE0E86-DF94-4244-9D81-C1D5CDDA6AD8}.Debug No Xalan|x64.Build.0 = Debug No Xalan|x64
		{10CE0E86-DF94-4244-9D81-C1D5CDDA6AD8}.Debug|Win32.ActiveCfg = Debug|Win32
		{10CE0E86-DF94-4244-9D81-C1D5CDDA6AD8}.Debug|Win32.Build.0 = Debug|Win32
		{10CE0E86-DF94-4244-9D81-C1D5CDDA6AD8}.Debug|x64.ActiveCfg = Debug|x64
		{10CE0E86-DF94-4244-9D81-C1D5CDDA6AD8}.Debug|x64.Build.0 = Debug|x64
		{10CE0E86-DF94-4244-9D81-C1D5CDDA6AD8}.Release No Xalan|Win32.ActiveCfg = Release No Xalan|Win32
		{10CE0E86-DF94-4244-9D81-C1D5CDDA6AD8}.Release No Xalan|Win32.Build.0 = Release No Xalan|Win32
		{10CE0E86-DF94-4244-9D81-C1D5CDDA6AD8}.Release No Xalan|x64.ActiveCfg = Release No Xalan|x64
		{10CE0E86-DF94-4244-9D81-C1D5CDDA6AD8}.Release No Xalan|x64.Build.0 = Release No Xalan|x64
		{10CE0E86-DF94-4244-9D81-C1D5CDDA6AD8}.Release|Win32.ActiveCfg = Release|Win32
		{10CE0E86-DF94-4244-9D81-C1D5CDDA6AD8}.Release|Win32.Build.0 = Release|Win32
		{10CE0E86-DF94-4244-9D81-C1D5CDDA6AD8}.Release|x64.ActiveCfg = Release|x64
		{10CE0E86-DF94-4244-9D81-C1D5CDDA6AD8}.Release|x64.Build.0 = Release|x64
		{5EE9A0C7-72C8-48F3-A6DB-6E5BF0715DC3}.Debug No Xalan|Win32.ActiveCfg = Debug No Xalan|Win32
		{5EE9A0C7-72C8-48F3-A6DB-6E5BF0715DC3}.Debug No Xalan|Win32.Build.0 = Debug No Xalan|Win32
		{5EE9A0C7-72C8-48F3-A6DB-6E5BF0715DC3}.Debug No Xalan|x64.ActiveCfg = Debug No Xalan|x64
		{5EE9A0C7-72C8-48F3-A6DB-6E5BF0715DC3}.Debug No Xalan|x64.Build.0 = Debug No Xalan|x64
		{5EE9A0C7-72C8-48F3-A6DB-6E5BF0715DC3}.Debug|Win32.ActiveCfg = Debug|Win32
		{5EE9A0C7-72C8-48F3-A6DB-6E5BF0715DC3}.Debug|Win32.Build.0 = Debug|Win32
		{5EE9A0C7-72C8-48F3-A6DB-6E5BF0715DC3}.Debug|x64.ActiveCfg = Debug|x64
		{5EE9A0C7-72C8-48F3-A6DB-6E5BF0715DC3}.Debug|x64.Build.0 = Debug|x64
		{5EE9A0C7-72C8-48F3-A6DB-6E5BF0715DC3}.Release No Xalan|Win32.ActiveCfg = Release No Xalan|Win32
		{5EE9A0C7-72C8-48F3-A6DB-6E5BF0715DC3}.Release No Xalan|Win32.Build.0 = Release No Xalan|Win32
		{5EE9A0C7-72C8-48F3-A6DB-6E5BF0715DC3}.Release No Xalan|x64.ActiveCfg = Release No Xalan|x64
		{5EE9A0C7-72C8-48F3-A6DB-6E5BF0715DC3}.Release No Xalan|x64.Build.0 = Release No Xalan|x64
		{5EE9A0C7-72C8-48F3-A6DB-6E5BF0715DC3}.Release|Win32.ActiveCfg = Release|Win32
		{5EE9A0C7-72C8-48F3-A6DB-6E5BF0715DC3}.Release|Win32.Build.0 = Release|Win32
		{5EE9A0C7-72C8-48F3-A6DB-6E5BF0715DC3}.Release|x64.ActiveCfg = Release|x64
		{5EE9A0C7-72C8-48F3-A6DB-6E5BF0715DC3}.Release|x64.Build.0 = Release|x64
		{E1A95507-B3E4-4075-8C31-A24C9460BF68}.Debug No Xalan|Win32.ActiveCfg = Debug No Xalan|Win32
		{E1A95507-B3E4-4075-8C31-A24C9460BF68}.Debug No Xalan|Win32.Build.0 = Debug No Xalan|Win32
		{E1A95507-B3E4-4075-8C31-A24C9460BF68}.Debug No Xalan|x64.ActiveCfg = Debug No Xalan|x64
		{E1A95507-B3E4-4075-8C31-A24C9460BF68}.Debug No Xalan|x64.Build.0 = Debug No Xalan|x64
		{E1A95507-B3E4-4075-8C31-A24C9460BF68}.Debug|Win32.ActiveCfg = Debug|Win32
		{E1A95507-B3E4-4075-8C31-A24C9460BF68}.Debug|Win32.Build.0 = Debug|Win32
		{E1A95507-B3E4-4075-8C31-A24C9460BF68}.Debug|x64.ActiveCfg = Debug|x64
		{E1A95507-B3E4-4075-8C31-A24C9460BF68}.Debug|x64.Build.0 = Debug|x64
		{E1A95507-B3E4-4075-8C31-A24C9460BF68}.Release No Xalan|Win32.ActiveCfg = Release No Xalan|Win32
		{E1A95507-B3E4-4075-8C31-A24C9460BF68}.Release No Xalan|Win32.Build.0 = Release No Xalan|Win32
		{E1A95507-B3E4-4075-8C31-A24C9460BF68}.Release No Xalan|x64.ActiveCfg = Release No Xalan|x64
		{E1A95507-B3E4-4075-8C31-A24C9460BF68}.Release No Xalan|x64.Build.0 = Release No Xalan|x64
		{E1A95507-B3E4-4075-8C31-A24C9460BF68}.Release|Win32.ActiveCfg = Release|Win32
		{E1A95507-B3E4-4075-8C31-A24C9460BF68}.Release|Win32.Build.0 = Release|Win32
		{E1A95507-B3E4-4075-8C31-A24C9460BF68}.Release|x64.ActiveCfg = Release|x64
		{E1A95507-B3E4-4075-8C31-A24C9460BF68}.Release|x64.Build.0 = Release|x64
		{48346695-1496-4881-8709-E5C02392930A}.Debug No Xalan|Win32.ActiveCfg = Debug No Xalan|Win32
		{48346695-1496-4881-8709-E5C02392930A}.Debug No Xalan|Win32.Build.0 = Debug No Xalan|Win32
		{48346695-1496-4881-8709-E5C02392930A}.Debug No Xalan|x64.ActiveCfg = Debug No Xalan|x64
		{48346695-1496-4881-8709-E5C02392930A}.Debug No Xalan|x64.Build.0 = Debug No Xalan|x64
		{48346695-1496-4881-8709-E5C02392930A}.Debug|Win32.ActiveCfg = Debug|Win32
		{48346695-1496-4881-8709-E5C02392930A}.Debug|Win32.Build.0 = Debug|Win32
		{48346695-1496-4881-8709-E5C02392930A}.Debug|x64.ActiveCfg = Debug|x64
		{48346695-1496-4881-8709-E5C02392930A}.Debug|x64.Build.0 = Debug|x64
		{48346695-1496-4881-8709-E5C02392930A}.Release No Xalan|Win32.ActiveCfg = Release No Xalan|Win32
		{48346695-1496-4881-8709-E5C02392930A}.Release No Xalan|Win32.Build.0 = Release No Xalan|Win32
		{48346695-1496-4881-8709-E5C02392930A}.Release No Xalan|x64.ActiveCfg = Release No Xalan|x64
		{48346695-1496-4881-8709-E5C02392930A}.Release No Xalan|x64.Build.0 = Release No Xalan|x64
		{48346695-1496-4881-8709-E5C02392930A}.Release|Win32.ActiveCfg = Release|Win32
		{48346695-1496-4881-8709-E5C02392930A}.Release|Win32.Build.0 = Release|Win32
		{48346695-1496-4881-8709-E5C02392930A}.Release|x64.ActiveCfg = Release|x64
		{48346695-1496-4881-8709-E5C02392930A}.Release|x64.Build.0 = Release|x64
	EndGlobalSection
	GlobalSection(SolutionProperties) = preSolution
		HideSolutionNode = FALSE
	EndGlobalSection
EndGlobal
