Microsoft Visual Studio Solution File, Format Version 7.00
Project("{8BC9CEB8-8B4A-11D0-8D11-00A0C91BC942}") = "simpleDecrypt", "simpleDecrypt\simpleDecrypt.vcproj", "{BDC78535-DC55-4FD5-97E4-DAE53E42A607}"
EndProject
Project("{8BC9CEB8-8B4A-11D0-8D11-00A0C91BC942}") = "simpleEncrypt", "simpleEncrypt\simpleEncrypt.vcproj", "{AFFEB936-ACB5-42D3-9588-F584278960B9}"
EndProject
Project("{8BC9CEB8-8B4A-11D0-8D11-00A0C91BC942}") = "simpleHMAC", "simpleHMAC\simpleHMAC.vcproj", "{F0CC8080-089E-473E-8565-1C951177A38B}"
EndProject
Project("{8BC9CEB8-8B4A-11D0-8D11-00A0C91BC942}") = "simpleValidate", "simpleValidate\simpleValidate.vcproj", "{0D10752D-2EA8-4446-9086-D0F8487E914B}"
EndProject
Global
	GlobalSection(SolutionConfiguration) = preSolution
		ConfigName.0 = Debug
		ConfigName.1 = Debug No Xalan
		ConfigName.2 = Release
		ConfigName.3 = Release No Xalan
	EndGlobalSection
	GlobalSection(ProjectDependencies) = postSolution
	EndGlobalSection
	GlobalSection(ProjectConfiguration) = postSolution
		{BDC78535-DC55-4FD5-97E4-DAE53E42A607}.Debug.ActiveCfg = Debug|Win32
		{BDC78535-DC55-4FD5-97E4-DAE53E42A607}.Debug.Build.0 = Debug|Win32
		{BDC78535-DC55-4FD5-97E4-DAE53E42A607}.Debug No Xalan.ActiveCfg = Debug No Xalan|Win32
		{BDC78535-DC55-4FD5-97E4-DAE53E42A607}.Debug No Xalan.Build.0 = Debug No Xalan|Win32
		{BDC78535-DC55-4FD5-97E4-DAE53E42A607}.Release.ActiveCfg = Release|Win32
		{BDC78535-DC55-4FD5-97E4-DAE53E42A607}.Release.Build.0 = Release|Win32
		{BDC78535-DC55-4FD5-97E4-DAE53E42A607}.Release No Xalan.ActiveCfg = Release No Xalan|Win32
		{BDC78535-DC55-4FD5-97E4-DAE53E42A607}.Release No Xalan.Build.0 = Release No Xalan|Win32
		{AFFEB936-ACB5-42D3-9588-F584278960B9}.Debug.ActiveCfg = Debug|Win32
		{AFFEB936-ACB5-42D3-9588-F584278960B9}.Debug.Build.0 = Debug|Win32
		{AFFEB936-ACB5-42D3-9588-F584278960B9}.Debug No Xalan.ActiveCfg = Debug No Xalan|Win32
		{AFFEB936-ACB5-42D3-9588-F584278960B9}.Debug No Xalan.Build.0 = Debug No Xalan|Win32
		{AFFEB936-ACB5-42D3-9588-F584278960B9}.Release.ActiveCfg = Release|Win32
		{AFFEB936-ACB5-42D3-9588-F584278960B9}.Release.Build.0 = Release|Win32
		{AFFEB936-ACB5-42D3-9588-F584278960B9}.Release No Xalan.ActiveCfg = Release No Xalan|Win32
		{AFFEB936-ACB5-42D3-9588-F584278960B9}.Release No Xalan.Build.0 = Release No Xalan|Win32
		{F0CC8080-089E-473E-8565-1C951177A38B}.Debug.ActiveCfg = Debug|Win32
		{F0CC8080-089E-473E-8565-1C951177A38B}.Debug.Build.0 = Debug|Win32
		{F0CC8080-089E-473E-8565-1C951177A38B}.Debug No Xalan.ActiveCfg = Debug No Xalan|Win32
		{F0CC8080-089E-473E-8565-1C951177A38B}.Debug No Xalan.Build.0 = Debug No Xalan|Win32
		{F0CC8080-089E-473E-8565-1C951177A38B}.Release.ActiveCfg = Release|Win32
		{F0CC8080-089E-473E-8565-1C951177A38B}.Release.Build.0 = Release|Win32
		{F0CC8080-089E-473E-8565-1C951177A38B}.Release No Xalan.ActiveCfg = Release No Xalan|Win32
		{F0CC8080-089E-473E-8565-1C951177A38B}.Release No Xalan.Build.0 = Release No Xalan|Win32
		{0D10752D-2EA8-4446-9086-D0F8487E914B}.Debug.ActiveCfg = Debug|Win32
		{0D10752D-2EA8-4446-9086-D0F8487E914B}.Debug.Build.0 = Debug|Win32
		{0D10752D-2EA8-4446-9086-D0F8487E914B}.Debug No Xalan.ActiveCfg = Debug No Xalan|Win32
		{0D10752D-2EA8-4446-9086-D0F8487E914B}.Debug No Xalan.Build.0 = Debug No Xalan|Win32
		{0D10752D-2EA8-4446-9086-D0F8487E914B}.Release.ActiveCfg = Release|Win32
		{0D10752D-2EA8-4446-9086-D0F8487E914B}.Release.Build.0 = Release|Win32
		{0D10752D-2EA8-4446-9086-D0F8487E914B}.Release No Xalan.ActiveCfg = Release No Xalan|Win32
		{0D10752D-2EA8-4446-9086-D0F8487E914B}.Release No Xalan.Build.0 = Release No Xalan|Win32
	EndGlobalSection
	GlobalSection(ExtensibilityGlobals) = postSolution
	EndGlobalSection
	GlobalSection(ExtensibilityAddIns) = postSolution
	EndGlobalSection
EndGlobal
