<?xml version="1.0" encoding="utf-8"?>
<Project ToolsVersion="4.0" xmlns="http://schemas.microsoft.com/developer/msbuild/2003">
  <ItemGroup>
    <Filter Include="Source Files">
      <UniqueIdentifier>{4FC737F1-C7A5-4376-A066-2A32D752A2FF}</UniqueIdentifier>
      <Extensions>cpp;c;cc;cxx;def;odl;idl;hpj;bat;asm;asmx</Extensions>
    </Filter>
    <Filter Include="Header Files">
      <UniqueIdentifier>{93995380-89BD-4b04-88EB-625FBE52EBFB}</UniqueIdentifier>
      <Extensions>h;hpp;hxx;hm;inl;inc;xsd</Extensions>
    </Filter>
    <Filter Include="Resource Files">
      <UniqueIdentifier>{67DA6AB6-F800-4c08-8B7A-83BB121AAD01}</UniqueIdentifier>
      <Extensions>rc;ico;cur;bmp;dlg;rc2;rct;bin;rgs;gif;jpg;jpeg;jpe;resx;tiff;tif;png;wav</Extensions>
    </Filter>
    <Filter Include="libtomcrypt">
      <UniqueIdentifier>{7bd84bcb-c1c8-49aa-a251-77ab27716a3e}</UniqueIdentifier>
    </Filter>
  </ItemGroup>
  <ItemGroup>
    <ResourceCompile Include="cmdServices.rc">
      <Filter>Resource Files</Filter>
    </ResourceCompile>
  </ItemGroup>
  <ItemGroup>
    <ClCompile Include="cmdServices.cpp">
      <Filter>Source Files</Filter>
    </ClCompile>
    <ClCompile Include="CMDSignature.cpp">
      <Filter>Source Files</Filter>
    </ClCompile>
    <ClCompile Include="soapC.cpp">
      <Filter>Source Files</Filter>
    </ClCompile>
    <ClCompile Include="stdsoap2.cpp">
      <Filter>Source Files</Filter>
    </ClCompile>
    <ClCompile Include="duration.cpp">
      <Filter>Source Files</Filter>
    </ClCompile>
    <ClCompile Include="soapBasicHttpBinding_USCORECCMovelSignatureProxy.cpp">
      <Filter>Source Files</Filter>
    </ClCompile>
  </ItemGroup>
  <ItemGroup>
    <ClInclude Include="CCMovelSignature.h">
      <Filter>Header Files</Filter>
    </ClInclude>
    <ClInclude Include="cmdErrors.h">
      <Filter>Header Files</Filter>
    </ClInclude>
    <ClInclude Include="cmdServices.h">
      <Filter>Header Files</Filter>
    </ClInclude>
    <ClInclude Include="CMDSignature.h">
      <Filter>Header Files</Filter>
    </ClInclude>
    <ClInclude Include="soapH.h">
      <Filter>Header Files</Filter>
    </ClInclude>
    <ClInclude Include="soapStub.h">
      <Filter>Header Files</Filter>
    </ClInclude>
    <ClInclude Include="stdsoap2.h">
      <Filter>Header Files</Filter>
    </ClInclude>
    <ClInclude Include="soapBasicHttpBinding_USCORECCMovelSignatureProxy.h">
      <Filter>Header Files</Filter>
    </ClInclude>
  </ItemGroup>
</Project>