<?xml version="1.0" encoding="utf-8"?>
<Project ToolsVersion="4.0" xmlns="http://schemas.microsoft.com/developer/msbuild/2003">
  <ItemGroup>
    <Filter Include="Source Files">
      <UniqueIdentifier>{b563446d-86a5-4f1e-b583-3cec5a7e0874}</UniqueIdentifier>
      <Extensions>cpp;c;cxx;rc;def;r;odl;idl;hpj;bat</Extensions>
    </Filter>
    <Filter Include="Header Files">
      <UniqueIdentifier>{76b3636f-4016-46d6-97aa-ca429f38ed58}</UniqueIdentifier>
      <Extensions>h;hpp;hxx;hm;inl</Extensions>
    </Filter>
    <Filter Include="Resource Files">
      <UniqueIdentifier>{6383b5f9-5380-4798-bb06-1da1806f2735}</UniqueIdentifier>
      <Extensions>ico;cur;bmp;dlg;rc2;rct;bin;rgs;gif;jpg;jpeg;jpe</Extensions>
    </Filter>
  </ItemGroup>
  <ItemGroup>
    <ClCompile Include="Src\Cache.c">
      <Filter>Source Files</Filter>
    </ClCompile>
    <ClCompile Include="src\CardAndContProp.c">
      <Filter>Source Files</Filter>
    </ClCompile>
    <ClCompile Include="src\CardCap.c">
      <Filter>Source Files</Filter>
    </ClCompile>
    <ClCompile Include="src\CardPinOps.c">
      <Filter>Source Files</Filter>
    </ClCompile>
    <ClCompile Include="src\CryptoOps.c">
      <Filter>Source Files</Filter>
    </ClCompile>
    <ClCompile Include="src\DllMain.c">
      <Filter>Source Files</Filter>
    </ClCompile>
    <ClCompile Include="src\ExternalPinUI.c">
      <Filter>Source Files</Filter>
    </ClCompile>
    <ClCompile Include="src\InitAndDeconstruct.c">
      <Filter>Source Files</Filter>
    </ClCompile>
    <ClCompile Include="src\KeyContainer.c">
      <Filter>Source Files</Filter>
    </ClCompile>
    <ClCompile Include="src\Log.c">
      <Filter>Source Files</Filter>
    </ClCompile>
    <ClCompile Include="src\PubDataOps.c">
      <Filter>Source Files</Filter>
    </ClCompile>
    <ClCompile Include="src\SmartCard.c">
      <Filter>Source Files</Filter>
    </ClCompile>
    <ClCompile Include="src\tlv.c">
      <Filter>Source Files</Filter>
    </ClCompile>
    <ClCompile Include="src\Util.c">
      <Filter>Source Files</Filter>
    </ClCompile>
  </ItemGroup>
  <ItemGroup>
    <ClInclude Include="src\inc\bcrypt.h">
      <Filter>Header Files</Filter>
    </ClInclude>
    <ClInclude Include="Src\inc\cache.h">
      <Filter>Header Files</Filter>
    </ClInclude>
    <ClInclude Include="src\inc\cardmod.h">
      <Filter>Header Files</Filter>
    </ClInclude>
    <ClInclude Include="src\inc\externalpinui.h">
      <Filter>Header Files</Filter>
    </ClInclude>
    <ClInclude Include="src\inc\globmdrv.h">
      <Filter>Header Files</Filter>
    </ClInclude>
    <ClInclude Include="src\inc\log.h">
      <Filter>Header Files</Filter>
    </ClInclude>
    <ClInclude Include="src\inc\pteidmdrv.h">
      <Filter>Header Files</Filter>
    </ClInclude>
    <ClInclude Include="src\inc\smartcard.h">
      <Filter>Header Files</Filter>
    </ClInclude>
    <ClInclude Include="src\inc\stdafx.h">
      <Filter>Header Files</Filter>
    </ClInclude>
    <ClInclude Include="src\inc\tlv.h">
      <Filter>Header Files</Filter>
    </ClInclude>
    <ClInclude Include="src\inc\util.h">
      <Filter>Header Files</Filter>
    </ClInclude>
  </ItemGroup>
</Project>