<?xml version="1.0" encoding="utf-8"?>
<Project ToolsVersion="4.0" xmlns="http://schemas.microsoft.com/developer/msbuild/2003">
  <ItemGroup>
    <Filter Include="Resource Files">
      <UniqueIdentifier>{D9D6E242-F8AF-46E4-B9FD-80ECBC20BA3E}</UniqueIdentifier>
      <Extensions>qrc;*</Extensions>
      <ParseFiles>false</ParseFiles>
    </Filter>
    <Filter Include="Source Files">
      <UniqueIdentifier>{4FC737F1-C7A5-4376-A066-2A32D752A2FF}</UniqueIdentifier>
      <Extensions>cpp;c;cxx;def;odl;idl;hpj;bat;asm;asmx</Extensions>
    </Filter>
    <Filter Include="Header Files">
      <UniqueIdentifier>{93995380-89BD-4b04-88EB-625FBE52EBFB}</UniqueIdentifier>
      <Extensions>h;hpp;hxx;hm;inl;inc;xsd</Extensions>
    </Filter>
    <Filter Include="Generated Files">
      <UniqueIdentifier>{4acd5409-729c-4827-8770-fcd02b1f4a33}</UniqueIdentifier>
      <Extensions>cpp;c;cxx;moc;h;def;odl;idl;res;</Extensions>
    </Filter>
    <Filter Include="Translation Files">
      <UniqueIdentifier>{639EADAA-A684-42e4-A9AD-28FC9BCB8F7C}</UniqueIdentifier>
      <Extensions>ts;xlf</Extensions>
      <ParseFiles>false</ParseFiles>
    </Filter>
    <Filter Include="Form Files">
      <UniqueIdentifier>{99349809-55BA-4b9d-BF79-8FDBB0286EB3}</UniqueIdentifier>
      <Extensions>ui</Extensions>
      <ParseFiles>false</ParseFiles>
    </Filter>
  </ItemGroup>
  <ItemGroup>
    <None Include="ASService\AttributeSupplierBinding.nsmap">
      <Filter>Header Files</Filter>
    </None>
    <None Include="ScapSignature_pt.ts">
      <Filter>Translation Files</Filter>
    </None>
  </ItemGroup>
  <ItemGroup>
    <Image Include="Images\pteid.ico">
      <Filter>Resource Files</Filter>
    </Image>
  </ItemGroup>
  <ItemGroup>
    <ClCompile Include="ACService\ACServiceAttributeClientServiceBindingProxy.cpp">
      <Filter>Source Files</Filter>
    </ClCompile>
    <ClCompile Include="ACService\ACServiceC.cpp">
      <Filter>Source Files</Filter>
    </ClCompile>
    <ClCompile Include="acserviceclient.cpp">
      <Filter>Source Files</Filter>
    </ClCompile>
    <ClCompile Include="attributesuppliers.cpp">
      <Filter>Source Files</Filter>
    </ClCompile>
    <ClCompile Include="main.cpp">
      <Filter>Source Files</Filter>
    </ClCompile>
    <ClCompile Include="mylistview.cpp">
      <Filter>Source Files</Filter>
    </ClCompile>
    <ClCompile Include="PDFSignature\PDFSignatureC.cpp">
      <Filter>Source Files</Filter>
    </ClCompile>
    <ClCompile Include="pdfsignatureclient.cpp">
      <Filter>Source Files</Filter>
    </ClCompile>
    <ClCompile Include="PDFSignature\PDFSignatureSoapBindingProxy.cpp">
      <Filter>Source Files</Filter>
    </ClCompile>
    <ClCompile Include="readerandcardstate.cpp">
      <Filter>Source Files</Filter>
    </ClCompile>
    <ClCompile Include="scapsignature.cpp">
      <Filter>Source Files</Filter>
    </ClCompile>
    <ClCompile Include="ASService\soapAttributeSupplierBindingProxy.cpp">
      <Filter>Source Files</Filter>
    </ClCompile>
    <ClCompile Include="ASService\soapC.cpp">
      <Filter>Source Files</Filter>
    </ClCompile>
    <ClCompile Include="debug\moc_attributesuppliers.cpp">
      <Filter>Generated Files</Filter>
    </ClCompile>
    <ClCompile Include="release\moc_attributesuppliers.cpp">
      <Filter>Generated Files</Filter>
    </ClCompile>
    <ClCompile Include="debug\moc_mylistview.cpp">
      <Filter>Generated Files</Filter>
    </ClCompile>
    <ClCompile Include="release\moc_mylistview.cpp">
      <Filter>Generated Files</Filter>
    </ClCompile>
    <ClCompile Include="release\moc_readerandcardstate.cpp">
      <Filter>Generated Files</Filter>
    </ClCompile>
    <ClCompile Include="debug\moc_readerandcardstate.cpp">
      <Filter>Generated Files</Filter>
    </ClCompile>
    <ClCompile Include="release\moc_ScapSignature.cpp">
      <Filter>Generated Files</Filter>
    </ClCompile>
    <ClCompile Include="debug\moc_ScapSignature.cpp">
      <Filter>Generated Files</Filter>
    </ClCompile>
    <ClCompile Include="release\qrc_logo.cpp">
      <Filter>Generated Files</Filter>
    </ClCompile>
    <ClCompile Include="x64\release\qrc_logo.cpp">
      <Filter>Generated Files</Filter>
    </ClCompile>
    <ClCompile Include="stdsoap2.cpp">
      <Filter>Source Files</Filter>
    </ClCompile>
    <ClCompile Include="ErrorConn.cpp">
      <Filter>Source Files</Filter>
    </ClCompile>
  </ItemGroup>
  <ItemGroup>
    <ClInclude Include="acserviceclient.h">
      <Filter>Header Files</Filter>
    </ClInclude>
    <ClInclude Include="cardevent.h">
      <Filter>Header Files</Filter>
    </ClInclude>
    <ClInclude Include="portablesleep.h">
      <Filter>Header Files</Filter>
    </ClInclude>
    <ClInclude Include="resource.h">
      <Filter>Header Files</Filter>
    </ClInclude>
    <ClInclude Include="ASService\SCAP-ASService.h">
      <Filter>Header Files</Filter>
    </ClInclude>
    <ClInclude Include="ASService\soapAttributeSupplierBindingProxy.h">
      <Filter>Header Files</Filter>
    </ClInclude>
    <ClInclude Include="ASService\soapH.h">
      <Filter>Header Files</Filter>
    </ClInclude>
    <ClInclude Include="ASService\soapStub.h">
      <Filter>Header Files</Filter>
    </ClInclude>
    <ClInclude Include="ui_attributesuppliers.h">
      <Filter>Generated Files</Filter>
    </ClInclude>
    <ClInclude Include="ui_mainwindow.h">
      <Filter>Generated Files</Filter>
    </ClInclude>
    <ClInclude Include="ui_ScapSignature.h">
      <Filter>Generated Files</Filter>
    </ClInclude>
  </ItemGroup>
  <ItemGroup>
    <ResourceCompile Include="ScapSignature.rc" />
  </ItemGroup>
  <ItemGroup>
    <CustomBuild Include="logo.qrc">
      <Filter>Resource Files</Filter>
    </CustomBuild>
    <CustomBuild Include="attributesuppliers.h">
      <Filter>Header Files</Filter>
    </CustomBuild>
    <CustomBuild Include="mylistview.h">
      <Filter>Header Files</Filter>
    </CustomBuild>
    <CustomBuild Include="readerandcardstate.h">
      <Filter>Header Files</Filter>
    </CustomBuild>
    <CustomBuild Include="ScapSignature.h">
      <Filter>Header Files</Filter>
    </CustomBuild>
    <CustomBuild Include="attributesuppliers.ui">
      <Filter>Form Files</Filter>
    </CustomBuild>
    <CustomBuild Include="mainwindow.ui">
      <Filter>Form Files</Filter>
    </CustomBuild>
    <CustomBuild Include="ScapSignature.ui">
      <Filter>Form Files</Filter>
    </CustomBuild>
  </ItemGroup>
</Project>