
Microsoft Visual Studio Solution File, Format Version 12.00
# Visual Studio 2013
VisualStudioVersion = 12.0.40629.0
MinimumVisualStudioVersion = 10.0.40219.1
Project("{8BC9CEB8-8B4A-11D0-8D11-00A0C91BC942}") = "common", "..\common\pteidcommon.2008.vcxproj", "{39710980-B40E-4B06-B8E8-D86B125007F3}"
EndProject
Project("{8BC9CEB8-8B4A-11D0-8D11-00A0C91BC942}") = "DlgsWin32", "..\dialogs\dialogsWin32\pteidDlgsWin32.2008.vcxproj", "{E27CF8F7-E472-4966-B7D6-448B1427A0D6}"
EndProject
Project("{8BC9CEB8-8B4A-11D0-8D11-00A0C91BC942}") = "cardlayer", "..\cardlayer\pteidcardlayer.2008.vcxproj", "{C7DE2B79-F890-4ACB-804A-BDD14E1A9CAE}"
EndProject
Project("{8BC9CEB8-8B4A-11D0-8D11-00A0C91BC942}") = "applayer", "..\applayer\pteidapplayer.2008.vcxproj", "{DC41E34B-8251-41DE-8065-D56B022F5755}"
	ProjectSection(ProjectDependencies) = postProject
		{C7DE2B79-F890-4ACB-804A-BDD14E1A9CAE} = {C7DE2B79-F890-4ACB-804A-BDD14E1A9CAE}
		{39710980-B40E-4B06-B8E8-D86B125007F3} = {39710980-B40E-4B06-B8E8-D86B125007F3}
		{5AA075F8-394E-4C6E-824A-39096E21869F} = {5AA075F8-394E-4C6E-824A-39096E21869F}
	EndProjectSection
EndProject
Project("{8BC9CEB8-8B4A-11D0-8D11-00A0C91BC942}") = "pteidlib", "..\eidlib\pteidlib.2008.vcxproj", "{3A09DD63-945E-40EB-9053-5FE50F74B7C1}"
EndProject
Project("{8BC9CEB8-8B4A-11D0-8D11-00A0C91BC942}") = "gui", "..\eidgui\pteidgui.2008.vcxproj", "{8D2DFD77-6396-4507-9CBC-97D91C7CFDD5}"
EndProject
Project("{FAE04EC0-301F-11D3-BF4B-00C04F79EFBC}") = "libCS.2008", "..\eidlibCS\libCS.2008.csproj", "{99AB14F6-976E-4FEA-A07D-78479B55163A}"
	ProjectSection(ProjectDependencies) = postProject
		{ECBD0A9D-DED9-452F-B5AF-818C2E1EE32A} = {ECBD0A9D-DED9-452F-B5AF-818C2E1EE32A}
	EndProjectSection
EndProject
Project("{8BC9CEB8-8B4A-11D0-8D11-00A0C91BC942}") = "libCS_Wrapper", "..\eidlibCS_Wrapper\pteidlibCS_Wrapper.2008.vcxproj", "{ECBD0A9D-DED9-452F-B5AF-818C2E1EE32A}"
EndProject
Project("{8BC9CEB8-8B4A-11D0-8D11-00A0C91BC942}") = "libJava", "..\eidlibJava\pteidlibJava.2008.vcxproj", "{F810EA71-3A5A-4C86-BCFF-EC47017CF9CE}"
EndProject
Project("{8BC9CEB8-8B4A-11D0-8D11-00A0C91BC942}") = "libJava_Wrapper", "..\eidlibJava_Wrapper\pteidlibJava_Wrapper.2008.vcxproj", "{4066E21F-5A62-4581-A3B3-47A083396D0C}"
EndProject
Project("{8BC9CEB8-8B4A-11D0-8D11-00A0C91BC942}") = "pkcs11", "..\pkcs11\pteidpkcs11.2008.vcxproj", "{12F6CD4F-FC01-4E0A-AE06-F7A315094DFE}"
EndProject
Project("{8BC9CEB8-8B4A-11D0-8D11-00A0C91BC942}") = "pteid-poppler", "..\pteid-poppler\pteid-poppler.2008.vcxproj", "{5AA075F8-394E-4C6E-824A-39096E21869F}"
EndProject
Project("{8BC9CEB8-8B4A-11D0-8D11-00A0C91BC942}") = "pteidmdrv", "..\minidriver\pteidmdrv.2008.vcxproj", "{479FFA33-2B41-4A15-8192-A41F9FBE3D6A}"
EndProject
Project("{8BC9CEB8-8B4A-11D0-8D11-00A0C91BC942}") = "MarkHidden", "..\misc\Wix_MW35\MarkHidden\MarkHidden.2008.vcxproj", "{5154523E-FDCF-41E7-8845-A5ACC92672B0}"
EndProject
Project("{8BC9CEB8-8B4A-11D0-8D11-00A0C91BC942}") = "clean_mdrv_keys", "..\clean_mdrv_keys\delete_keys_if.2008.vcxproj", "{D55F52E6-97A2-4CD8-BD14-498E53EB21A0}"
EndProject
Project("{930C7802-8A8C-48F9-8165-68863BCCD9DD}") = "PteidMW_pt.2008", "..\misc\Wix_MW35\MW35Wix\PteidMW_pt.2008.wixproj", "{DF6E1CDC-9689-4A91-B60A-863E3BAF5A57}"
	ProjectSection(ProjectDependencies) = postProject
		{479FFA33-2B41-4A15-8192-A41F9FBE3D6A} = {479FFA33-2B41-4A15-8192-A41F9FBE3D6A}
		{5154523E-FDCF-41E7-8845-A5ACC92672B0} = {5154523E-FDCF-41E7-8845-A5ACC92672B0}
		{DC41E34B-8251-41DE-8065-D56B022F5755} = {DC41E34B-8251-41DE-8065-D56B022F5755}
		{12F6CD4F-FC01-4E0A-AE06-F7A315094DFE} = {12F6CD4F-FC01-4E0A-AE06-F7A315094DFE}
		{3A09DD63-945E-40EB-9053-5FE50F74B7C1} = {3A09DD63-945E-40EB-9053-5FE50F74B7C1}
		{8D2DFD77-6396-4507-9CBC-97D91C7CFDD5} = {8D2DFD77-6396-4507-9CBC-97D91C7CFDD5}
		{C7DE2B79-F890-4ACB-804A-BDD14E1A9CAE} = {C7DE2B79-F890-4ACB-804A-BDD14E1A9CAE}
		{39710980-B40E-4B06-B8E8-D86B125007F3} = {39710980-B40E-4B06-B8E8-D86B125007F3}
		{D55F52E6-97A2-4CD8-BD14-498E53EB21A0} = {D55F52E6-97A2-4CD8-BD14-498E53EB21A0}
		{E27CF8F7-E472-4966-B7D6-448B1427A0D6} = {E27CF8F7-E472-4966-B7D6-448B1427A0D6}
		{5AA075F8-394E-4C6E-824A-39096E21869F} = {5AA075F8-394E-4C6E-824A-39096E21869F}
	EndProjectSection
EndProject
Project("{930C7802-8A8C-48F9-8165-68863BCCD9DD}") = "PteidMW_64_pt.2008", "..\misc\Wix_MW35\MW35Wix\PteidMW_64_pt.2008.wixproj", "{13BA0068-A852-4123-84D8-ED786D196991}"
	ProjectSection(ProjectDependencies) = postProject
		{4066E21F-5A62-4581-A3B3-47A083396D0C} = {4066E21F-5A62-4581-A3B3-47A083396D0C}
		{479FFA33-2B41-4A15-8192-A41F9FBE3D6A} = {479FFA33-2B41-4A15-8192-A41F9FBE3D6A}
		{5154523E-FDCF-41E7-8845-A5ACC92672B0} = {5154523E-FDCF-41E7-8845-A5ACC92672B0}
		{DC41E34B-8251-41DE-8065-D56B022F5755} = {DC41E34B-8251-41DE-8065-D56B022F5755}
		{12F6CD4F-FC01-4E0A-AE06-F7A315094DFE} = {12F6CD4F-FC01-4E0A-AE06-F7A315094DFE}
		{3A09DD63-945E-40EB-9053-5FE50F74B7C1} = {3A09DD63-945E-40EB-9053-5FE50F74B7C1}
		{F810EA71-3A5A-4C86-BCFF-EC47017CF9CE} = {F810EA71-3A5A-4C86-BCFF-EC47017CF9CE}
		{8D2DFD77-6396-4507-9CBC-97D91C7CFDD5} = {8D2DFD77-6396-4507-9CBC-97D91C7CFDD5}
		{C7DE2B79-F890-4ACB-804A-BDD14E1A9CAE} = {C7DE2B79-F890-4ACB-804A-BDD14E1A9CAE}
		{39710980-B40E-4B06-B8E8-D86B125007F3} = {39710980-B40E-4B06-B8E8-D86B125007F3}
		{B3A05E82-1921-3FC3-9B2A-EF964405796D} = {B3A05E82-1921-3FC3-9B2A-EF964405796D}
		{ECBD0A9D-DED9-452F-B5AF-818C2E1EE32A} = {ECBD0A9D-DED9-452F-B5AF-818C2E1EE32A}
		{D55F52E6-97A2-4CD8-BD14-498E53EB21A0} = {D55F52E6-97A2-4CD8-BD14-498E53EB21A0}
		{99AB14F6-976E-4FEA-A07D-78479B55163A} = {99AB14F6-976E-4FEA-A07D-78479B55163A}
		{E27CF8F7-E472-4966-B7D6-448B1427A0D6} = {E27CF8F7-E472-4966-B7D6-448B1427A0D6}
		{5AA075F8-394E-4C6E-824A-39096E21869F} = {5AA075F8-394E-4C6E-824A-39096E21869F}
	EndProjectSection
EndProject
Project("{8BC9CEB8-8B4A-11D0-8D11-00A0C91BC942}") = "ScapSignature", "..\scap-client-v2\scap-client.vcxproj", "{B3A05E82-1921-3FC3-9B2A-EF964405796D}"
	ProjectSection(ProjectDependencies) = postProject
		{3A09DD63-945E-40EB-9053-5FE50F74B7C1} = {3A09DD63-945E-40EB-9053-5FE50F74B7C1}
	EndProjectSection
EndProject
Global
	GlobalSection(SolutionConfigurationPlatforms) = preSolution
		Debug|Mixed Platforms = Debug|Mixed Platforms
		Debug|Win32 = Debug|Win32
		Debug|x64 = Debug|x64
		Release|Mixed Platforms = Release|Mixed Platforms
		Release|Win32 = Release|Win32
		Release|x64 = Release|x64
	EndGlobalSection
	GlobalSection(ProjectConfigurationPlatforms) = postSolution
		{39710980-B40E-4B06-B8E8-D86B125007F3}.Debug|Mixed Platforms.ActiveCfg = Debug|Win32
		{39710980-B40E-4B06-B8E8-D86B125007F3}.Debug|Mixed Platforms.Build.0 = Debug|Win32
		{39710980-B40E-4B06-B8E8-D86B125007F3}.Debug|Win32.ActiveCfg = Debug|Win32
		{39710980-B40E-4B06-B8E8-D86B125007F3}.Debug|Win32.Build.0 = Debug|Win32
		{39710980-B40E-4B06-B8E8-D86B125007F3}.Debug|x64.ActiveCfg = Debug|x64
		{39710980-B40E-4B06-B8E8-D86B125007F3}.Debug|x64.Build.0 = Debug|x64
		{39710980-B40E-4B06-B8E8-D86B125007F3}.Release|Mixed Platforms.ActiveCfg = Release|Win32
		{39710980-B40E-4B06-B8E8-D86B125007F3}.Release|Mixed Platforms.Build.0 = Release|Win32
		{39710980-B40E-4B06-B8E8-D86B125007F3}.Release|Win32.ActiveCfg = Release|Win32
		{39710980-B40E-4B06-B8E8-D86B125007F3}.Release|Win32.Build.0 = Release|Win32
		{39710980-B40E-4B06-B8E8-D86B125007F3}.Release|x64.ActiveCfg = Release|x64
		{39710980-B40E-4B06-B8E8-D86B125007F3}.Release|x64.Build.0 = Release|x64
		{E27CF8F7-E472-4966-B7D6-448B1427A0D6}.Debug|Mixed Platforms.ActiveCfg = Debug|Win32
		{E27CF8F7-E472-4966-B7D6-448B1427A0D6}.Debug|Mixed Platforms.Build.0 = Debug|Win32
		{E27CF8F7-E472-4966-B7D6-448B1427A0D6}.Debug|Win32.ActiveCfg = Debug|Win32
		{E27CF8F7-E472-4966-B7D6-448B1427A0D6}.Debug|Win32.Build.0 = Debug|Win32
		{E27CF8F7-E472-4966-B7D6-448B1427A0D6}.Debug|x64.ActiveCfg = Debug|x64
		{E27CF8F7-E472-4966-B7D6-448B1427A0D6}.Debug|x64.Build.0 = Debug|x64
		{E27CF8F7-E472-4966-B7D6-448B1427A0D6}.Release|Mixed Platforms.ActiveCfg = Release|Win32
		{E27CF8F7-E472-4966-B7D6-448B1427A0D6}.Release|Mixed Platforms.Build.0 = Release|Win32
		{E27CF8F7-E472-4966-B7D6-448B1427A0D6}.Release|Win32.ActiveCfg = Release|Win32
		{E27CF8F7-E472-4966-B7D6-448B1427A0D6}.Release|Win32.Build.0 = Release|Win32
		{E27CF8F7-E472-4966-B7D6-448B1427A0D6}.Release|x64.ActiveCfg = Release|x64
		{E27CF8F7-E472-4966-B7D6-448B1427A0D6}.Release|x64.Build.0 = Release|x64
		{C7DE2B79-F890-4ACB-804A-BDD14E1A9CAE}.Debug|Mixed Platforms.ActiveCfg = Debug|Win32
		{C7DE2B79-F890-4ACB-804A-BDD14E1A9CAE}.Debug|Mixed Platforms.Build.0 = Debug|Win32
		{C7DE2B79-F890-4ACB-804A-BDD14E1A9CAE}.Debug|Win32.ActiveCfg = Debug|Win32
		{C7DE2B79-F890-4ACB-804A-BDD14E1A9CAE}.Debug|Win32.Build.0 = Debug|Win32
		{C7DE2B79-F890-4ACB-804A-BDD14E1A9CAE}.Debug|x64.ActiveCfg = Debug|x64
		{C7DE2B79-F890-4ACB-804A-BDD14E1A9CAE}.Debug|x64.Build.0 = Debug|x64
		{C7DE2B79-F890-4ACB-804A-BDD14E1A9CAE}.Release|Mixed Platforms.ActiveCfg = Release|Win32
		{C7DE2B79-F890-4ACB-804A-BDD14E1A9CAE}.Release|Mixed Platforms.Build.0 = Release|Win32
		{C7DE2B79-F890-4ACB-804A-BDD14E1A9CAE}.Release|Win32.ActiveCfg = Release|Win32
		{C7DE2B79-F890-4ACB-804A-BDD14E1A9CAE}.Release|Win32.Build.0 = Release|Win32
		{C7DE2B79-F890-4ACB-804A-BDD14E1A9CAE}.Release|x64.ActiveCfg = Release|x64
		{C7DE2B79-F890-4ACB-804A-BDD14E1A9CAE}.Release|x64.Build.0 = Release|x64
		{DC41E34B-8251-41DE-8065-D56B022F5755}.Debug|Mixed Platforms.ActiveCfg = Debug|Win32
		{DC41E34B-8251-41DE-8065-D56B022F5755}.Debug|Mixed Platforms.Build.0 = Debug|Win32
		{DC41E34B-8251-41DE-8065-D56B022F5755}.Debug|Win32.ActiveCfg = Debug|Win32
		{DC41E34B-8251-41DE-8065-D56B022F5755}.Debug|Win32.Build.0 = Debug|Win32
		{DC41E34B-8251-41DE-8065-D56B022F5755}.Debug|x64.ActiveCfg = Debug|x64
		{DC41E34B-8251-41DE-8065-D56B022F5755}.Debug|x64.Build.0 = Debug|x64
		{DC41E34B-8251-41DE-8065-D56B022F5755}.Release|Mixed Platforms.ActiveCfg = Release|Win32
		{DC41E34B-8251-41DE-8065-D56B022F5755}.Release|Mixed Platforms.Build.0 = Release|Win32
		{DC41E34B-8251-41DE-8065-D56B022F5755}.Release|Win32.ActiveCfg = Release|Win32
		{DC41E34B-8251-41DE-8065-D56B022F5755}.Release|Win32.Build.0 = Release|Win32
		{DC41E34B-8251-41DE-8065-D56B022F5755}.Release|x64.ActiveCfg = Release|x64
		{DC41E34B-8251-41DE-8065-D56B022F5755}.Release|x64.Build.0 = Release|x64
		{3A09DD63-945E-40EB-9053-5FE50F74B7C1}.Debug|Mixed Platforms.ActiveCfg = Debug|Win32
		{3A09DD63-945E-40EB-9053-5FE50F74B7C1}.Debug|Mixed Platforms.Build.0 = Debug|Win32
		{3A09DD63-945E-40EB-9053-5FE50F74B7C1}.Debug|Win32.ActiveCfg = Debug|Win32
		{3A09DD63-945E-40EB-9053-5FE50F74B7C1}.Debug|Win32.Build.0 = Debug|Win32
		{3A09DD63-945E-40EB-9053-5FE50F74B7C1}.Debug|x64.ActiveCfg = Debug|x64
		{3A09DD63-945E-40EB-9053-5FE50F74B7C1}.Debug|x64.Build.0 = Debug|x64
		{3A09DD63-945E-40EB-9053-5FE50F74B7C1}.Release|Mixed Platforms.ActiveCfg = Release|Win32
		{3A09DD63-945E-40EB-9053-5FE50F74B7C1}.Release|Mixed Platforms.Build.0 = Release|Win32
		{3A09DD63-945E-40EB-9053-5FE50F74B7C1}.Release|Win32.ActiveCfg = Release|Win32
		{3A09DD63-945E-40EB-9053-5FE50F74B7C1}.Release|Win32.Build.0 = Release|Win32
		{3A09DD63-945E-40EB-9053-5FE50F74B7C1}.Release|x64.ActiveCfg = Release|x64
		{3A09DD63-945E-40EB-9053-5FE50F74B7C1}.Release|x64.Build.0 = Release|x64
		{8D2DFD77-6396-4507-9CBC-97D91C7CFDD5}.Debug|Mixed Platforms.ActiveCfg = Debug|Win32
		{8D2DFD77-6396-4507-9CBC-97D91C7CFDD5}.Debug|Mixed Platforms.Build.0 = Debug|Win32
		{8D2DFD77-6396-4507-9CBC-97D91C7CFDD5}.Debug|Win32.ActiveCfg = Debug|Win32
		{8D2DFD77-6396-4507-9CBC-97D91C7CFDD5}.Debug|Win32.Build.0 = Debug|Win32
		{8D2DFD77-6396-4507-9CBC-97D91C7CFDD5}.Debug|x64.ActiveCfg = Debug|x64
		{8D2DFD77-6396-4507-9CBC-97D91C7CFDD5}.Debug|x64.Build.0 = Debug|x64
		{8D2DFD77-6396-4507-9CBC-97D91C7CFDD5}.Release|Mixed Platforms.ActiveCfg = Release|Win32
		{8D2DFD77-6396-4507-9CBC-97D91C7CFDD5}.Release|Mixed Platforms.Build.0 = Release|Win32
		{8D2DFD77-6396-4507-9CBC-97D91C7CFDD5}.Release|Win32.ActiveCfg = Release|Win32
		{8D2DFD77-6396-4507-9CBC-97D91C7CFDD5}.Release|Win32.Build.0 = Release|Win32
		{8D2DFD77-6396-4507-9CBC-97D91C7CFDD5}.Release|x64.ActiveCfg = Release|x64
		{8D2DFD77-6396-4507-9CBC-97D91C7CFDD5}.Release|x64.Build.0 = Release|x64
		{99AB14F6-976E-4FEA-A07D-78479B55163A}.Debug|Mixed Platforms.ActiveCfg = Debug|Any CPU
		{99AB14F6-976E-4FEA-A07D-78479B55163A}.Debug|Mixed Platforms.Build.0 = Debug|Any CPU
		{99AB14F6-976E-4FEA-A07D-78479B55163A}.Debug|Win32.ActiveCfg = Debug|Any CPU
		{99AB14F6-976E-4FEA-A07D-78479B55163A}.Debug|x64.ActiveCfg = Debug|Any CPU
		{99AB14F6-976E-4FEA-A07D-78479B55163A}.Release|Mixed Platforms.ActiveCfg = Release|Any CPU
		{99AB14F6-976E-4FEA-A07D-78479B55163A}.Release|Mixed Platforms.Build.0 = Release|Any CPU
		{99AB14F6-976E-4FEA-A07D-78479B55163A}.Release|Win32.ActiveCfg = Release|Any CPU
		{99AB14F6-976E-4FEA-A07D-78479B55163A}.Release|Win32.Build.0 = Release|Any CPU
		{99AB14F6-976E-4FEA-A07D-78479B55163A}.Release|x64.ActiveCfg = Release|Any CPU
		{99AB14F6-976E-4FEA-A07D-78479B55163A}.Release|x64.Build.0 = Release|Any CPU
		{ECBD0A9D-DED9-452F-B5AF-818C2E1EE32A}.Debug|Mixed Platforms.ActiveCfg = Debug|Win32
		{ECBD0A9D-DED9-452F-B5AF-818C2E1EE32A}.Debug|Mixed Platforms.Build.0 = Debug|Win32
		{ECBD0A9D-DED9-452F-B5AF-818C2E1EE32A}.Debug|Win32.ActiveCfg = Debug|Win32
		{ECBD0A9D-DED9-452F-B5AF-818C2E1EE32A}.Debug|Win32.Build.0 = Debug|Win32
		{ECBD0A9D-DED9-452F-B5AF-818C2E1EE32A}.Debug|x64.ActiveCfg = Debug|x64
		{ECBD0A9D-DED9-452F-B5AF-818C2E1EE32A}.Release|Mixed Platforms.ActiveCfg = Release|Win32
		{ECBD0A9D-DED9-452F-B5AF-818C2E1EE32A}.Release|Mixed Platforms.Build.0 = Release|Win32
		{ECBD0A9D-DED9-452F-B5AF-818C2E1EE32A}.Release|Win32.ActiveCfg = Release|Win32
		{ECBD0A9D-DED9-452F-B5AF-818C2E1EE32A}.Release|Win32.Build.0 = Release|Win32
		{ECBD0A9D-DED9-452F-B5AF-818C2E1EE32A}.Release|x64.ActiveCfg = Release|x64
		{ECBD0A9D-DED9-452F-B5AF-818C2E1EE32A}.Release|x64.Build.0 = Release|x64
		{F810EA71-3A5A-4C86-BCFF-EC47017CF9CE}.Debug|Mixed Platforms.ActiveCfg = Debug|Win32
		{F810EA71-3A5A-4C86-BCFF-EC47017CF9CE}.Debug|Mixed Platforms.Build.0 = Debug|Win32
		{F810EA71-3A5A-4C86-BCFF-EC47017CF9CE}.Debug|Win32.ActiveCfg = Debug|Win32
		{F810EA71-3A5A-4C86-BCFF-EC47017CF9CE}.Debug|Win32.Build.0 = Debug|Win32
		{F810EA71-3A5A-4C86-BCFF-EC47017CF9CE}.Debug|x64.ActiveCfg = Debug|x64
		{F810EA71-3A5A-4C86-BCFF-EC47017CF9CE}.Release|Mixed Platforms.ActiveCfg = Release|Win32
		{F810EA71-3A5A-4C86-BCFF-EC47017CF9CE}.Release|Mixed Platforms.Build.0 = Release|Win32
		{F810EA71-3A5A-4C86-BCFF-EC47017CF9CE}.Release|Win32.ActiveCfg = Release|Win32
		{F810EA71-3A5A-4C86-BCFF-EC47017CF9CE}.Release|Win32.Build.0 = Release|Win32
		{F810EA71-3A5A-4C86-BCFF-EC47017CF9CE}.Release|x64.ActiveCfg = Release|x64
		{F810EA71-3A5A-4C86-BCFF-EC47017CF9CE}.Release|x64.Build.0 = Release|x64
		{4066E21F-5A62-4581-A3B3-47A083396D0C}.Debug|Mixed Platforms.ActiveCfg = Debug|Win32
		{4066E21F-5A62-4581-A3B3-47A083396D0C}.Debug|Mixed Platforms.Build.0 = Debug|Win32
		{4066E21F-5A62-4581-A3B3-47A083396D0C}.Debug|Win32.ActiveCfg = Debug|Win32
		{4066E21F-5A62-4581-A3B3-47A083396D0C}.Debug|Win32.Build.0 = Debug|Win32
		{4066E21F-5A62-4581-A3B3-47A083396D0C}.Debug|x64.ActiveCfg = Debug|x64
		{4066E21F-5A62-4581-A3B3-47A083396D0C}.Release|Mixed Platforms.ActiveCfg = Release|Win32
		{4066E21F-5A62-4581-A3B3-47A083396D0C}.Release|Mixed Platforms.Build.0 = Release|Win32
		{4066E21F-5A62-4581-A3B3-47A083396D0C}.Release|Win32.ActiveCfg = Release|Win32
		{4066E21F-5A62-4581-A3B3-47A083396D0C}.Release|Win32.Build.0 = Release|Win32
		{4066E21F-5A62-4581-A3B3-47A083396D0C}.Release|x64.ActiveCfg = Release|x64
		{4066E21F-5A62-4581-A3B3-47A083396D0C}.Release|x64.Build.0 = Release|x64
		{12F6CD4F-FC01-4E0A-AE06-F7A315094DFE}.Debug|Mixed Platforms.ActiveCfg = Debug|Win32
		{12F6CD4F-FC01-4E0A-AE06-F7A315094DFE}.Debug|Mixed Platforms.Build.0 = Debug|Win32
		{12F6CD4F-FC01-4E0A-AE06-F7A315094DFE}.Debug|Win32.ActiveCfg = Debug|Win32
		{12F6CD4F-FC01-4E0A-AE06-F7A315094DFE}.Debug|Win32.Build.0 = Debug|Win32
		{12F6CD4F-FC01-4E0A-AE06-F7A315094DFE}.Debug|x64.ActiveCfg = Debug|x64
		{12F6CD4F-FC01-4E0A-AE06-F7A315094DFE}.Release|Mixed Platforms.ActiveCfg = Release|Win32
		{12F6CD4F-FC01-4E0A-AE06-F7A315094DFE}.Release|Mixed Platforms.Build.0 = Release|Win32
		{12F6CD4F-FC01-4E0A-AE06-F7A315094DFE}.Release|Win32.ActiveCfg = Release|Win32
		{12F6CD4F-FC01-4E0A-AE06-F7A315094DFE}.Release|Win32.Build.0 = Release|Win32
		{12F6CD4F-FC01-4E0A-AE06-F7A315094DFE}.Release|x64.ActiveCfg = Release|x64
		{12F6CD4F-FC01-4E0A-AE06-F7A315094DFE}.Release|x64.Build.0 = Release|x64
		{5AA075F8-394E-4C6E-824A-39096E21869F}.Debug|Mixed Platforms.ActiveCfg = Debug|Win32
		{5AA075F8-394E-4C6E-824A-39096E21869F}.Debug|Mixed Platforms.Build.0 = Debug|Win32
		{5AA075F8-394E-4C6E-824A-39096E21869F}.Debug|Win32.ActiveCfg = Debug|Win32
		{5AA075F8-394E-4C6E-824A-39096E21869F}.Debug|Win32.Build.0 = Debug|Win32
		{5AA075F8-394E-4C6E-824A-39096E21869F}.Debug|x64.ActiveCfg = Debug|x64
		{5AA075F8-394E-4C6E-824A-39096E21869F}.Debug|x64.Build.0 = Debug|x64
		{5AA075F8-394E-4C6E-824A-39096E21869F}.Release|Mixed Platforms.ActiveCfg = Release|Win32
		{5AA075F8-394E-4C6E-824A-39096E21869F}.Release|Mixed Platforms.Build.0 = Release|Win32
		{5AA075F8-394E-4C6E-824A-39096E21869F}.Release|Win32.ActiveCfg = Release|Win32
		{5AA075F8-394E-4C6E-824A-39096E21869F}.Release|Win32.Build.0 = Release|Win32
		{5AA075F8-394E-4C6E-824A-39096E21869F}.Release|x64.ActiveCfg = Release|x64
		{5AA075F8-394E-4C6E-824A-39096E21869F}.Release|x64.Build.0 = Release|x64
		{479FFA33-2B41-4A15-8192-A41F9FBE3D6A}.Debug|Mixed Platforms.ActiveCfg = Debug|Win32
		{479FFA33-2B41-4A15-8192-A41F9FBE3D6A}.Debug|Mixed Platforms.Build.0 = Debug|Win32
		{479FFA33-2B41-4A15-8192-A41F9FBE3D6A}.Debug|Win32.ActiveCfg = Debug|Win32
		{479FFA33-2B41-4A15-8192-A41F9FBE3D6A}.Debug|Win32.Build.0 = Debug|Win32
		{479FFA33-2B41-4A15-8192-A41F9FBE3D6A}.Debug|x64.ActiveCfg = Debug|x64
		{479FFA33-2B41-4A15-8192-A41F9FBE3D6A}.Release|Mixed Platforms.ActiveCfg = Release|Win32
		{479FFA33-2B41-4A15-8192-A41F9FBE3D6A}.Release|Mixed Platforms.Build.0 = Release|Win32
		{479FFA33-2B41-4A15-8192-A41F9FBE3D6A}.Release|Win32.ActiveCfg = Release|Win32
		{479FFA33-2B41-4A15-8192-A41F9FBE3D6A}.Release|x64.ActiveCfg = Release|x64
		{5154523E-FDCF-41E7-8845-A5ACC92672B0}.Debug|Mixed Platforms.ActiveCfg = Debug|Win32
		{5154523E-FDCF-41E7-8845-A5ACC92672B0}.Debug|Mixed Platforms.Build.0 = Debug|Win32
		{5154523E-FDCF-41E7-8845-A5ACC92672B0}.Debug|Win32.ActiveCfg = Debug|Win32
		{5154523E-FDCF-41E7-8845-A5ACC92672B0}.Debug|Win32.Build.0 = Debug|Win32
		{5154523E-FDCF-41E7-8845-A5ACC92672B0}.Debug|x64.ActiveCfg = Debug|x64
		{5154523E-FDCF-41E7-8845-A5ACC92672B0}.Release|Mixed Platforms.ActiveCfg = Release|Win32
		{5154523E-FDCF-41E7-8845-A5ACC92672B0}.Release|Mixed Platforms.Build.0 = Release|Win32
		{5154523E-FDCF-41E7-8845-A5ACC92672B0}.Release|Win32.ActiveCfg = Release|Win32
		{5154523E-FDCF-41E7-8845-A5ACC92672B0}.Release|Win32.Build.0 = Release|Win32
		{5154523E-FDCF-41E7-8845-A5ACC92672B0}.Release|x64.ActiveCfg = Release|x64
		{5154523E-FDCF-41E7-8845-A5ACC92672B0}.Release|x64.Build.0 = Release|x64
		{D55F52E6-97A2-4CD8-BD14-498E53EB21A0}.Debug|Mixed Platforms.ActiveCfg = Debug|Win32
		{D55F52E6-97A2-4CD8-BD14-498E53EB21A0}.Debug|Mixed Platforms.Build.0 = Debug|Win32
		{D55F52E6-97A2-4CD8-BD14-498E53EB21A0}.Debug|Win32.ActiveCfg = Debug|Win32
		{D55F52E6-97A2-4CD8-BD14-498E53EB21A0}.Debug|Win32.Build.0 = Debug|Win32
		{D55F52E6-97A2-4CD8-BD14-498E53EB21A0}.Debug|x64.ActiveCfg = Debug|x64
		{D55F52E6-97A2-4CD8-BD14-498E53EB21A0}.Debug|x64.Build.0 = Debug|x64
		{D55F52E6-97A2-4CD8-BD14-498E53EB21A0}.Release|Mixed Platforms.ActiveCfg = Release|Win32
		{D55F52E6-97A2-4CD8-BD14-498E53EB21A0}.Release|Mixed Platforms.Build.0 = Release|Win32
		{D55F52E6-97A2-4CD8-BD14-498E53EB21A0}.Release|Win32.ActiveCfg = Release|Win32
		{D55F52E6-97A2-4CD8-BD14-498E53EB21A0}.Release|Win32.Build.0 = Release|Win32
		{D55F52E6-97A2-4CD8-BD14-498E53EB21A0}.Release|x64.ActiveCfg = Release|x64
		{D55F52E6-97A2-4CD8-BD14-498E53EB21A0}.Release|x64.Build.0 = Release|x64
		{DF6E1CDC-9689-4A91-B60A-863E3BAF5A57}.Debug|Mixed Platforms.ActiveCfg = Debug|x86
		{DF6E1CDC-9689-4A91-B60A-863E3BAF5A57}.Debug|Mixed Platforms.Build.0 = Debug|x86
		{DF6E1CDC-9689-4A91-B60A-863E3BAF5A57}.Debug|Win32.ActiveCfg = Debug|x86
		{DF6E1CDC-9689-4A91-B60A-863E3BAF5A57}.Debug|x64.ActiveCfg = Debug|x86
		{DF6E1CDC-9689-4A91-B60A-863E3BAF5A57}.Release|Mixed Platforms.ActiveCfg = Release|x86
		{DF6E1CDC-9689-4A91-B60A-863E3BAF5A57}.Release|Mixed Platforms.Build.0 = Release|x86
		{DF6E1CDC-9689-4A91-B60A-863E3BAF5A57}.Release|Win32.ActiveCfg = Release|x86
		{DF6E1CDC-9689-4A91-B60A-863E3BAF5A57}.Release|Win32.Build.0 = Release|x86
		{DF6E1CDC-9689-4A91-B60A-863E3BAF5A57}.Release|x64.ActiveCfg = Release|x86
		{13BA0068-A852-4123-84D8-ED786D196991}.Debug|Mixed Platforms.ActiveCfg = Debug|x64
		{13BA0068-A852-4123-84D8-ED786D196991}.Debug|Mixed Platforms.Build.0 = Debug|x64
		{13BA0068-A852-4123-84D8-ED786D196991}.Debug|Win32.ActiveCfg = Debug|x64
		{13BA0068-A852-4123-84D8-ED786D196991}.Debug|x64.ActiveCfg = Debug|x64
		{13BA0068-A852-4123-84D8-ED786D196991}.Release|Mixed Platforms.ActiveCfg = Release|x64
		{13BA0068-A852-4123-84D8-ED786D196991}.Release|Mixed Platforms.Build.0 = Release|x64
		{13BA0068-A852-4123-84D8-ED786D196991}.Release|Win32.ActiveCfg = Release|x64
		{13BA0068-A852-4123-84D8-ED786D196991}.Release|x64.ActiveCfg = Release|x64
		{13BA0068-A852-4123-84D8-ED786D196991}.Release|x64.Build.0 = Release|x64
		{B3A05E82-1921-3FC3-9B2A-EF964405796D}.Debug|Mixed Platforms.ActiveCfg = Debug|Win32
		{B3A05E82-1921-3FC3-9B2A-EF964405796D}.Debug|Mixed Platforms.Build.0 = Debug|Win32
		{B3A05E82-1921-3FC3-9B2A-EF964405796D}.Debug|Win32.ActiveCfg = Debug|Win32
		{B3A05E82-1921-3FC3-9B2A-EF964405796D}.Debug|Win32.Build.0 = Debug|Win32
		{B3A05E82-1921-3FC3-9B2A-EF964405796D}.Debug|x64.ActiveCfg = Debug|x64
		{B3A05E82-1921-3FC3-9B2A-EF964405796D}.Debug|x64.Build.0 = Debug|x64
		{B3A05E82-1921-3FC3-9B2A-EF964405796D}.Release|Mixed Platforms.ActiveCfg = Release|Win32
		{B3A05E82-1921-3FC3-9B2A-EF964405796D}.Release|Mixed Platforms.Build.0 = Release|Win32
		{B3A05E82-1921-3FC3-9B2A-EF964405796D}.Release|Win32.ActiveCfg = Release|Win32
		{B3A05E82-1921-3FC3-9B2A-EF964405796D}.Release|Win32.Build.0 = Release|Win32
		{B3A05E82-1921-3FC3-9B2A-EF964405796D}.Release|x64.ActiveCfg = Release|x64
		{B3A05E82-1921-3FC3-9B2A-EF964405796D}.Release|x64.Build.0 = Release|x64
	EndGlobalSection
	GlobalSection(SolutionProperties) = preSolution
		HideSolutionNode = FALSE
	EndGlobalSection
	GlobalSection(Qt) = preSolution
		Integration = True
	EndGlobalSection
	GlobalSection(Qt) = preSolution
		Integration = True
	EndGlobalSection
	GlobalSection(Qt) = preSolution
		Integration = True
	EndGlobalSection
	GlobalSection(Qt) = preSolution
		Integration = True
	EndGlobalSection
	GlobalSection(Qt) = preSolution
		Integration = True
	EndGlobalSection
	GlobalSection(Qt) = preSolution
		Integration = True
	EndGlobalSection
	GlobalSection(Qt) = preSolution
		Integration = True
	EndGlobalSection
	GlobalSection(Qt) = preSolution
		Integration = True
	EndGlobalSection
	GlobalSection(Qt) = preSolution
		Integration = True
	EndGlobalSection
	GlobalSection(Qt) = preSolution
		Integration = True
	EndGlobalSection
	GlobalSection(Qt) = preSolution
		Integration = True
	EndGlobalSection
	GlobalSection(Qt) = preSolution
		Integration = True
	EndGlobalSection
	GlobalSection(Qt) = preSolution
		Integration = True
	EndGlobalSection
	GlobalSection(Qt) = preSolution
		Integration = True
	EndGlobalSection
	GlobalSection(Qt) = preSolution
		Integration = True
	EndGlobalSection
	GlobalSection(Qt) = preSolution
		Integration = True
	EndGlobalSection
	GlobalSection(Qt) = preSolution
		Integration = True
	EndGlobalSection
	GlobalSection(Qt) = preSolution
		Integration = True
	EndGlobalSection
	GlobalSection(Qt) = preSolution
		Integration = True
	EndGlobalSection
	GlobalSection(Qt) = preSolution
		Integration = True
	EndGlobalSection
	GlobalSection(Qt) = preSolution
		Integration = True
	EndGlobalSection
	GlobalSection(Qt) = preSolution
		Integration = True
	EndGlobalSection
	GlobalSection(Qt) = preSolution
		Integration = True
	EndGlobalSection
	GlobalSection(Qt) = preSolution
		Integration = True
	EndGlobalSection
	GlobalSection(Qt) = preSolution
		Integration = True
	EndGlobalSection
	GlobalSection(Qt) = preSolution
		Integration = True
	EndGlobalSection
EndGlobal
