
Microsoft Visual Studio Solution File, Format Version 9.00
# Visual Studio 2005
Project("{8BC9CEB8-8B4A-11D0-8D11-00A0C91BC942}") = "common", "..\common\pteid35common.vcproj", "{39710980-B40E-4B06-B8E8-D86B125007F3}"
EndProject
Project("{8BC9CEB8-8B4A-11D0-8D11-00A0C91BC942}") = "DlgsWin32", "..\dialogs\dialogsWin32\pteid35DlgsWin32.vcproj", "{E27CF8F7-E472-4966-B7D6-448B1427A0D6}"
	ProjectSection(ProjectDependencies) = postProject
		{39710980-B40E-4B06-B8E8-D86B125007F3} = {39710980-B40E-4B06-B8E8-D86B125007F3}
	EndProjectSection
EndProject
Project("{8BC9CEB8-8B4A-11D0-8D11-00A0C91BC942}") = "cardlayer", "..\cardlayer\pteid35cardlayer.vcproj", "{C7DE2B79-F890-4ACB-804A-BDD14E1A9CAE}"
	ProjectSection(ProjectDependencies) = postProject
		{E27CF8F7-E472-4966-B7D6-448B1427A0D6} = {E27CF8F7-E472-4966-B7D6-448B1427A0D6}
		{39710980-B40E-4B06-B8E8-D86B125007F3} = {39710980-B40E-4B06-B8E8-D86B125007F3}
	EndProjectSection
EndProject
Project("{8BC9CEB8-8B4A-11D0-8D11-00A0C91BC942}") = "applayer", "..\applayer\pteid35applayer.vcproj", "{DC41E34B-8251-41DE-8065-D56B022F5755}"
	ProjectSection(ProjectDependencies) = postProject
		{D5B5A007-E873-4D12-B4AF-60811AFD9EF1} = {D5B5A007-E873-4D12-B4AF-60811AFD9EF1}
		{B39ED2B3-D53A-4077-B957-930979A3577D} = {B39ED2B3-D53A-4077-B957-930979A3577D}
		{E27CF8F7-E472-4966-B7D6-448B1427A0D6} = {E27CF8F7-E472-4966-B7D6-448B1427A0D6}
		{39710980-B40E-4B06-B8E8-D86B125007F3} = {39710980-B40E-4B06-B8E8-D86B125007F3}
		{C7DE2B79-F890-4ACB-804A-BDD14E1A9CAE} = {C7DE2B79-F890-4ACB-804A-BDD14E1A9CAE}
	EndProjectSection
EndProject
Project("{8BC9CEB8-8B4A-11D0-8D11-00A0C91BC942}") = "libCpp", "..\eidlib\pteid35lib.vcproj", "{3A09DD63-945E-40EB-9053-5FE50F74B7C1}"
	ProjectSection(ProjectDependencies) = postProject
		{39710980-B40E-4B06-B8E8-D86B125007F3} = {39710980-B40E-4B06-B8E8-D86B125007F3}
		{DC41E34B-8251-41DE-8065-D56B022F5755} = {DC41E34B-8251-41DE-8065-D56B022F5755}
	EndProjectSection
EndProject
Project("{8BC9CEB8-8B4A-11D0-8D11-00A0C91BC942}") = "gui", "..\eidgui\pteid35gui.vcproj", "{8D2DFD77-6396-4507-9CBC-97D91C7CFDD5}"
	ProjectSection(ProjectDependencies) = postProject
		{3A09DD63-945E-40EB-9053-5FE50F74B7C1} = {3A09DD63-945E-40EB-9053-5FE50F74B7C1}
	EndProjectSection
EndProject
Project("{FAE04EC0-301F-11D3-BF4B-00C04F79EFBC}") = "libCS_35", "..\eidlibCS\libCS_35.csproj", "{99AB14F6-976E-4FEA-A07D-78479B55163A}"
	ProjectSection(ProjectDependencies) = postProject
		{ECBD0A9D-DED9-452F-B5AF-818C2E1EE32A} = {ECBD0A9D-DED9-452F-B5AF-818C2E1EE32A}
	EndProjectSection
EndProject
Project("{8BC9CEB8-8B4A-11D0-8D11-00A0C91BC942}") = "libCS_Wrapper", "..\eidlibCS_Wrapper\pteid35libCS_Wrapper.vcproj", "{ECBD0A9D-DED9-452F-B5AF-818C2E1EE32A}"
	ProjectSection(ProjectDependencies) = postProject
		{39710980-B40E-4B06-B8E8-D86B125007F3} = {39710980-B40E-4B06-B8E8-D86B125007F3}
		{DC41E34B-8251-41DE-8065-D56B022F5755} = {DC41E34B-8251-41DE-8065-D56B022F5755}
	EndProjectSection
EndProject
Project("{8BC9CEB8-8B4A-11D0-8D11-00A0C91BC942}") = "libJava", "..\eidlibJava\pteid35libJava.vcproj", "{F810EA71-3A5A-4C86-BCFF-EC47017CF9CE}"
	ProjectSection(ProjectDependencies) = postProject
		{4066E21F-5A62-4581-A3B3-47A083396D0C} = {4066E21F-5A62-4581-A3B3-47A083396D0C}
	EndProjectSection
EndProject
Project("{8BC9CEB8-8B4A-11D0-8D11-00A0C91BC942}") = "libJava_Wrapper", "..\eidlibJava_Wrapper\pteid35libJava_Wrapper.vcproj", "{4066E21F-5A62-4581-A3B3-47A083396D0C}"
	ProjectSection(ProjectDependencies) = postProject
		{39710980-B40E-4B06-B8E8-D86B125007F3} = {39710980-B40E-4B06-B8E8-D86B125007F3}
		{DC41E34B-8251-41DE-8065-D56B022F5755} = {DC41E34B-8251-41DE-8065-D56B022F5755}
	EndProjectSection
EndProject
Project("{8BC9CEB8-8B4A-11D0-8D11-00A0C91BC942}") = "CSP", "..\CSP\pteid35CSP.vcproj", "{D0076DE3-8E35-4129-A682-2E9F8E72A152}"
	ProjectSection(ProjectDependencies) = postProject
		{E27CF8F7-E472-4966-B7D6-448B1427A0D6} = {E27CF8F7-E472-4966-B7D6-448B1427A0D6}
		{39710980-B40E-4B06-B8E8-D86B125007F3} = {39710980-B40E-4B06-B8E8-D86B125007F3}
		{C7DE2B79-F890-4ACB-804A-BDD14E1A9CAE} = {C7DE2B79-F890-4ACB-804A-BDD14E1A9CAE}
	EndProjectSection
EndProject
Project("{8BC9CEB8-8B4A-11D0-8D11-00A0C91BC942}") = "pkcs11", "..\pkcs11\pteid35pkcs11.vcproj", "{12F6CD4F-FC01-4E0A-AE06-F7A315094DFE}"
	ProjectSection(ProjectDependencies) = postProject
		{E27CF8F7-E472-4966-B7D6-448B1427A0D6} = {E27CF8F7-E472-4966-B7D6-448B1427A0D6}
		{39710980-B40E-4B06-B8E8-D86B125007F3} = {39710980-B40E-4B06-B8E8-D86B125007F3}
		{C7DE2B79-F890-4ACB-804A-BDD14E1A9CAE} = {C7DE2B79-F890-4ACB-804A-BDD14E1A9CAE}
	EndProjectSection
EndProject
Project("{8BC9CEB8-8B4A-11D0-8D11-00A0C91BC942}") = "MarkHidden", "..\misc\Wix_MW35\MarkHidden\MarkHidden.vcproj", "{5154523E-FDCF-41E7-8845-A5ACC92672B0}"
EndProject
Project("{930C7802-8A8C-48F9-8165-68863BCCD9DD}") = "PteidMW35_pt", "..\misc\Wix_MW35\MW35Wix\PteidMW35_pt.wixproj", "{DF6E1CDC-9689-4A91-B60A-863E3BAF5A57}"
EndProject
Project("{930C7802-8A8C-48F9-8165-68863BCCD9DD}") = "PteidMW35_64_pt", "..\misc\Wix_MW35\MW35Wix\PteidMW35_64_pt.wixproj", "{13BA0068-A852-4123-84D8-ED786D196991}"
	ProjectSection(ProjectDependencies) = postProject
		{4066E21F-5A62-4581-A3B3-47A083396D0C} = {4066E21F-5A62-4581-A3B3-47A083396D0C}
		{E3536C28-A7F1-4B53-8E52-7D2232F9E098} = {E3536C28-A7F1-4B53-8E52-7D2232F9E098}
		{5154523E-FDCF-41E7-8845-A5ACC92672B0} = {5154523E-FDCF-41E7-8845-A5ACC92672B0}
		{DC41E34B-8251-41DE-8065-D56B022F5755} = {DC41E34B-8251-41DE-8065-D56B022F5755}
		{12F6CD4F-FC01-4E0A-AE06-F7A315094DFE} = {12F6CD4F-FC01-4E0A-AE06-F7A315094DFE}
		{7DB10B50-CE00-4D7A-B322-6824F05D2FCB} = {7DB10B50-CE00-4D7A-B322-6824F05D2FCB}
		{33134F61-C1AD-4B6F-9CEA-503A9F140C52} = {33134F61-C1AD-4B6F-9CEA-503A9F140C52}
		{D5B5A007-E873-4D12-B4AF-60811AFD9EF1} = {D5B5A007-E873-4D12-B4AF-60811AFD9EF1}
		{3A09DD63-945E-40EB-9053-5FE50F74B7C1} = {3A09DD63-945E-40EB-9053-5FE50F74B7C1}
		{F810EA71-3A5A-4C86-BCFF-EC47017CF9CE} = {F810EA71-3A5A-4C86-BCFF-EC47017CF9CE}
		{8D2DFD77-6396-4507-9CBC-97D91C7CFDD5} = {8D2DFD77-6396-4507-9CBC-97D91C7CFDD5}
		{C7DE2B79-F890-4ACB-804A-BDD14E1A9CAE} = {C7DE2B79-F890-4ACB-804A-BDD14E1A9CAE}
		{39710980-B40E-4B06-B8E8-D86B125007F3} = {39710980-B40E-4B06-B8E8-D86B125007F3}
		{ECBD0A9D-DED9-452F-B5AF-818C2E1EE32A} = {ECBD0A9D-DED9-452F-B5AF-818C2E1EE32A}
		{B39ED2B3-D53A-4077-B957-930979A3577D} = {B39ED2B3-D53A-4077-B957-930979A3577D}
		{D0076DE3-8E35-4129-A682-2E9F8E72A152} = {D0076DE3-8E35-4129-A682-2E9F8E72A152}
		{99AB14F6-976E-4FEA-A07D-78479B55163A} = {99AB14F6-976E-4FEA-A07D-78479B55163A}
		{E27CF8F7-E472-4966-B7D6-448B1427A0D6} = {E27CF8F7-E472-4966-B7D6-448B1427A0D6}
	EndProjectSection
EndProject
Project("{8BC9CEB8-8B4A-11D0-8D11-00A0C91BC942}") = "FreeImage", "..\FreeImagePTEiD\FreeImage.2005.vcproj", "{B39ED2B3-D53A-4077-B957-930979A3577D}"
	ProjectSection(ProjectDependencies) = postProject
		{33134F61-C1AD-4B6F-9CEA-503A9F140C52} = {33134F61-C1AD-4B6F-9CEA-503A9F140C52}
		{7DB10B50-CE00-4D7A-B322-6824F05D2FCB} = {7DB10B50-CE00-4D7A-B322-6824F05D2FCB}
		{E3536C28-A7F1-4B53-8E52-7D2232F9E098} = {E3536C28-A7F1-4B53-8E52-7D2232F9E098}
	EndProjectSection
EndProject
Project("{8BC9CEB8-8B4A-11D0-8D11-00A0C91BC942}") = "LibOpenJPEG", "..\FreeImagePTEiD\Source\LibOpenJPEG\LibOpenJPEG.2005.vcproj", "{E3536C28-A7F1-4B53-8E52-7D2232F9E098}"
EndProject
Project("{8BC9CEB8-8B4A-11D0-8D11-00A0C91BC942}") = "LibPNG", "..\FreeImagePTEiD\Source\LibPNG\LibPNG.2005.vcproj", "{7DB10B50-CE00-4D7A-B322-6824F05D2FCB}"
EndProject
Project("{8BC9CEB8-8B4A-11D0-8D11-00A0C91BC942}") = "ZLib", "..\FreeImagePTEiD\Source\ZLib\ZLib.2005.vcproj", "{33134F61-C1AD-4B6F-9CEA-503A9F140C52}"
EndProject
Project("{8BC9CEB8-8B4A-11D0-8D11-00A0C91BC942}") = "xsec_lib", "..\xml-security-c-1.6.1\Projects\VC8.0\xsec\xsec_lib\xsec_lib.vcproj", "{D5B5A007-E873-4D12-B4AF-60811AFD9EF1}"
EndProject
Project("{8BC9CEB8-8B4A-11D0-8D11-00A0C91BC942}") = "pteid-poppler", "..\pteid-poppler\msvc\poppler\poppler.vcproj", "{1D8101A5-739D-41BE-851B-2134BAE24B13}"
EndProject
Project("{8BC9CEB8-8B4A-11D0-8D11-00A0C91BC942}") = "pteidmdrv", "..\..\..\..\..\agrr\pteid-mw-pt\_src\eidmw\minidriver\pteidmdrv.vcproj", "{479FFA33-2B41-4A15-8192-A41F9FBE3D6A}"
EndProject
Project("{8BC9CEB8-8B4A-11D0-8D11-00A0C91BC942}") = "clean_mdrv_keys", "..\clean_mdrv_keys\delete_keys_if.vcproj", "{D55F52E6-97A2-4CD8-BD14-498E53EB21A0}"
EndProject
Global
	GlobalSection(SolutionConfigurationPlatforms) = preSolution
		Debug No Xalan|Any CPU = Debug No Xalan|Any CPU
		Debug No Xalan|Mixed Platforms = Debug No Xalan|Mixed Platforms
		Debug No Xalan|Win32 = Debug No Xalan|Win32
		Debug No Xalan|x64 = Debug No Xalan|x64
		Debug No Xalan|x86 = Debug No Xalan|x86
		Debug|Any CPU = Debug|Any CPU
		Debug|Mixed Platforms = Debug|Mixed Platforms
		Debug|Win32 = Debug|Win32
		Debug|x64 = Debug|x64
		Debug|x86 = Debug|x86
		Release No Xalan|Any CPU = Release No Xalan|Any CPU
		Release No Xalan|Mixed Platforms = Release No Xalan|Mixed Platforms
		Release No Xalan|Win32 = Release No Xalan|Win32
		Release No Xalan|x64 = Release No Xalan|x64
		Release No Xalan|x86 = Release No Xalan|x86
		Release|Any CPU = Release|Any CPU
		Release|Mixed Platforms = Release|Mixed Platforms
		Release|Win32 = Release|Win32
		Release|x64 = Release|x64
		Release|x86 = Release|x86
	EndGlobalSection
	GlobalSection(ProjectConfigurationPlatforms) = postSolution
		{39710980-B40E-4B06-B8E8-D86B125007F3}.Debug No Xalan|Any CPU.ActiveCfg = Debug|x64
		{39710980-B40E-4B06-B8E8-D86B125007F3}.Debug No Xalan|Mixed Platforms.ActiveCfg = Debug|x64
		{39710980-B40E-4B06-B8E8-D86B125007F3}.Debug No Xalan|Mixed Platforms.Build.0 = Debug|x64
		{39710980-B40E-4B06-B8E8-D86B125007F3}.Debug No Xalan|Win32.ActiveCfg = Debug|x64
		{39710980-B40E-4B06-B8E8-D86B125007F3}.Debug No Xalan|x64.ActiveCfg = Debug|x64
		{39710980-B40E-4B06-B8E8-D86B125007F3}.Debug No Xalan|x64.Build.0 = Debug|x64
		{39710980-B40E-4B06-B8E8-D86B125007F3}.Debug No Xalan|x86.ActiveCfg = Debug|x64
		{39710980-B40E-4B06-B8E8-D86B125007F3}.Debug|Any CPU.ActiveCfg = Debug|Win32
		{39710980-B40E-4B06-B8E8-D86B125007F3}.Debug|Any CPU.Build.0 = Debug|Win32
		{39710980-B40E-4B06-B8E8-D86B125007F3}.Debug|Mixed Platforms.ActiveCfg = Debug|Win32
		{39710980-B40E-4B06-B8E8-D86B125007F3}.Debug|Mixed Platforms.Build.0 = Debug|Win32
		{39710980-B40E-4B06-B8E8-D86B125007F3}.Debug|Win32.ActiveCfg = Debug|Win32
		{39710980-B40E-4B06-B8E8-D86B125007F3}.Debug|Win32.Build.0 = Debug|Win32
		{39710980-B40E-4B06-B8E8-D86B125007F3}.Debug|x64.ActiveCfg = Debug|x64
		{39710980-B40E-4B06-B8E8-D86B125007F3}.Debug|x64.Build.0 = Debug|x64
		{39710980-B40E-4B06-B8E8-D86B125007F3}.Debug|x86.ActiveCfg = Debug|Win32
		{39710980-B40E-4B06-B8E8-D86B125007F3}.Release No Xalan|Any CPU.ActiveCfg = Release|x64
		{39710980-B40E-4B06-B8E8-D86B125007F3}.Release No Xalan|Mixed Platforms.ActiveCfg = Release|x64
		{39710980-B40E-4B06-B8E8-D86B125007F3}.Release No Xalan|Mixed Platforms.Build.0 = Release|x64
		{39710980-B40E-4B06-B8E8-D86B125007F3}.Release No Xalan|Win32.ActiveCfg = Release|x64
		{39710980-B40E-4B06-B8E8-D86B125007F3}.Release No Xalan|x64.ActiveCfg = Release|x64
		{39710980-B40E-4B06-B8E8-D86B125007F3}.Release No Xalan|x64.Build.0 = Release|x64
		{39710980-B40E-4B06-B8E8-D86B125007F3}.Release No Xalan|x86.ActiveCfg = Release|x64
		{39710980-B40E-4B06-B8E8-D86B125007F3}.Release|Any CPU.ActiveCfg = Release|Win32
		{39710980-B40E-4B06-B8E8-D86B125007F3}.Release|Any CPU.Build.0 = Release|Win32
		{39710980-B40E-4B06-B8E8-D86B125007F3}.Release|Mixed Platforms.ActiveCfg = Release|Win32
		{39710980-B40E-4B06-B8E8-D86B125007F3}.Release|Mixed Platforms.Build.0 = Release|Win32
		{39710980-B40E-4B06-B8E8-D86B125007F3}.Release|Win32.ActiveCfg = Release|Win32
		{39710980-B40E-4B06-B8E8-D86B125007F3}.Release|Win32.Build.0 = Release|Win32
		{39710980-B40E-4B06-B8E8-D86B125007F3}.Release|x64.ActiveCfg = Release|x64
		{39710980-B40E-4B06-B8E8-D86B125007F3}.Release|x64.Build.0 = Release|x64
		{39710980-B40E-4B06-B8E8-D86B125007F3}.Release|x86.ActiveCfg = Release|Win32
		{E27CF8F7-E472-4966-B7D6-448B1427A0D6}.Debug No Xalan|Any CPU.ActiveCfg = Debug|x64
		{E27CF8F7-E472-4966-B7D6-448B1427A0D6}.Debug No Xalan|Mixed Platforms.ActiveCfg = Debug|x64
		{E27CF8F7-E472-4966-B7D6-448B1427A0D6}.Debug No Xalan|Mixed Platforms.Build.0 = Debug|x64
		{E27CF8F7-E472-4966-B7D6-448B1427A0D6}.Debug No Xalan|Win32.ActiveCfg = Debug|x64
		{E27CF8F7-E472-4966-B7D6-448B1427A0D6}.Debug No Xalan|x64.ActiveCfg = Debug|x64
		{E27CF8F7-E472-4966-B7D6-448B1427A0D6}.Debug No Xalan|x64.Build.0 = Debug|x64
		{E27CF8F7-E472-4966-B7D6-448B1427A0D6}.Debug No Xalan|x86.ActiveCfg = Debug|x64
		{E27CF8F7-E472-4966-B7D6-448B1427A0D6}.Debug|Any CPU.ActiveCfg = Debug|Win32
		{E27CF8F7-E472-4966-B7D6-448B1427A0D6}.Debug|Any CPU.Build.0 = Debug|Win32
		{E27CF8F7-E472-4966-B7D6-448B1427A0D6}.Debug|Mixed Platforms.ActiveCfg = Debug|Win32
		{E27CF8F7-E472-4966-B7D6-448B1427A0D6}.Debug|Mixed Platforms.Build.0 = Debug|Win32
		{E27CF8F7-E472-4966-B7D6-448B1427A0D6}.Debug|Win32.ActiveCfg = Debug|Win32
		{E27CF8F7-E472-4966-B7D6-448B1427A0D6}.Debug|Win32.Build.0 = Debug|Win32
		{E27CF8F7-E472-4966-B7D6-448B1427A0D6}.Debug|x64.ActiveCfg = Debug|x64
		{E27CF8F7-E472-4966-B7D6-448B1427A0D6}.Debug|x64.Build.0 = Debug|x64
		{E27CF8F7-E472-4966-B7D6-448B1427A0D6}.Debug|x86.ActiveCfg = Debug|Win32
		{E27CF8F7-E472-4966-B7D6-448B1427A0D6}.Release No Xalan|Any CPU.ActiveCfg = Release|x64
		{E27CF8F7-E472-4966-B7D6-448B1427A0D6}.Release No Xalan|Mixed Platforms.ActiveCfg = Release|x64
		{E27CF8F7-E472-4966-B7D6-448B1427A0D6}.Release No Xalan|Mixed Platforms.Build.0 = Release|x64
		{E27CF8F7-E472-4966-B7D6-448B1427A0D6}.Release No Xalan|Win32.ActiveCfg = Release|x64
		{E27CF8F7-E472-4966-B7D6-448B1427A0D6}.Release No Xalan|x64.ActiveCfg = Release|x64
		{E27CF8F7-E472-4966-B7D6-448B1427A0D6}.Release No Xalan|x64.Build.0 = Release|x64
		{E27CF8F7-E472-4966-B7D6-448B1427A0D6}.Release No Xalan|x86.ActiveCfg = Release|x64
		{E27CF8F7-E472-4966-B7D6-448B1427A0D6}.Release|Any CPU.ActiveCfg = Release|Win32
		{E27CF8F7-E472-4966-B7D6-448B1427A0D6}.Release|Any CPU.Build.0 = Release|Win32
		{E27CF8F7-E472-4966-B7D6-448B1427A0D6}.Release|Mixed Platforms.ActiveCfg = Release|Win32
		{E27CF8F7-E472-4966-B7D6-448B1427A0D6}.Release|Mixed Platforms.Build.0 = Release|Win32
		{E27CF8F7-E472-4966-B7D6-448B1427A0D6}.Release|Win32.ActiveCfg = Release|Win32
		{E27CF8F7-E472-4966-B7D6-448B1427A0D6}.Release|Win32.Build.0 = Release|Win32
		{E27CF8F7-E472-4966-B7D6-448B1427A0D6}.Release|x64.ActiveCfg = Release|x64
		{E27CF8F7-E472-4966-B7D6-448B1427A0D6}.Release|x64.Build.0 = Release|x64
		{E27CF8F7-E472-4966-B7D6-448B1427A0D6}.Release|x86.ActiveCfg = Release|Win32
		{C7DE2B79-F890-4ACB-804A-BDD14E1A9CAE}.Debug No Xalan|Any CPU.ActiveCfg = Debug|x64
		{C7DE2B79-F890-4ACB-804A-BDD14E1A9CAE}.Debug No Xalan|Mixed Platforms.ActiveCfg = Debug|x64
		{C7DE2B79-F890-4ACB-804A-BDD14E1A9CAE}.Debug No Xalan|Mixed Platforms.Build.0 = Debug|x64
		{C7DE2B79-F890-4ACB-804A-BDD14E1A9CAE}.Debug No Xalan|Win32.ActiveCfg = Debug|x64
		{C7DE2B79-F890-4ACB-804A-BDD14E1A9CAE}.Debug No Xalan|x64.ActiveCfg = Debug|x64
		{C7DE2B79-F890-4ACB-804A-BDD14E1A9CAE}.Debug No Xalan|x64.Build.0 = Debug|x64
		{C7DE2B79-F890-4ACB-804A-BDD14E1A9CAE}.Debug No Xalan|x86.ActiveCfg = Debug|x64
		{C7DE2B79-F890-4ACB-804A-BDD14E1A9CAE}.Debug|Any CPU.ActiveCfg = Debug|Win32
		{C7DE2B79-F890-4ACB-804A-BDD14E1A9CAE}.Debug|Any CPU.Build.0 = Debug|Win32
		{C7DE2B79-F890-4ACB-804A-BDD14E1A9CAE}.Debug|Mixed Platforms.ActiveCfg = Debug|Win32
		{C7DE2B79-F890-4ACB-804A-BDD14E1A9CAE}.Debug|Mixed Platforms.Build.0 = Debug|Win32
		{C7DE2B79-F890-4ACB-804A-BDD14E1A9CAE}.Debug|Win32.ActiveCfg = Debug|Win32
		{C7DE2B79-F890-4ACB-804A-BDD14E1A9CAE}.Debug|Win32.Build.0 = Debug|Win32
		{C7DE2B79-F890-4ACB-804A-BDD14E1A9CAE}.Debug|x64.ActiveCfg = Debug|x64
		{C7DE2B79-F890-4ACB-804A-BDD14E1A9CAE}.Debug|x64.Build.0 = Debug|x64
		{C7DE2B79-F890-4ACB-804A-BDD14E1A9CAE}.Debug|x86.ActiveCfg = Debug|Win32
		{C7DE2B79-F890-4ACB-804A-BDD14E1A9CAE}.Release No Xalan|Any CPU.ActiveCfg = Release|x64
		{C7DE2B79-F890-4ACB-804A-BDD14E1A9CAE}.Release No Xalan|Mixed Platforms.ActiveCfg = Release|x64
		{C7DE2B79-F890-4ACB-804A-BDD14E1A9CAE}.Release No Xalan|Mixed Platforms.Build.0 = Release|x64
		{C7DE2B79-F890-4ACB-804A-BDD14E1A9CAE}.Release No Xalan|Win32.ActiveCfg = Release|x64
		{C7DE2B79-F890-4ACB-804A-BDD14E1A9CAE}.Release No Xalan|x64.ActiveCfg = Release|x64
		{C7DE2B79-F890-4ACB-804A-BDD14E1A9CAE}.Release No Xalan|x64.Build.0 = Release|x64
		{C7DE2B79-F890-4ACB-804A-BDD14E1A9CAE}.Release No Xalan|x86.ActiveCfg = Release|x64
		{C7DE2B79-F890-4ACB-804A-BDD14E1A9CAE}.Release|Any CPU.ActiveCfg = Release|Win32
		{C7DE2B79-F890-4ACB-804A-BDD14E1A9CAE}.Release|Any CPU.Build.0 = Release|Win32
		{C7DE2B79-F890-4ACB-804A-BDD14E1A9CAE}.Release|Mixed Platforms.ActiveCfg = Release|Win32
		{C7DE2B79-F890-4ACB-804A-BDD14E1A9CAE}.Release|Mixed Platforms.Build.0 = Release|Win32
		{C7DE2B79-F890-4ACB-804A-BDD14E1A9CAE}.Release|Win32.ActiveCfg = Release|Win32
		{C7DE2B79-F890-4ACB-804A-BDD14E1A9CAE}.Release|Win32.Build.0 = Release|Win32
		{C7DE2B79-F890-4ACB-804A-BDD14E1A9CAE}.Release|x64.ActiveCfg = Release|x64
		{C7DE2B79-F890-4ACB-804A-BDD14E1A9CAE}.Release|x64.Build.0 = Release|x64
		{C7DE2B79-F890-4ACB-804A-BDD14E1A9CAE}.Release|x86.ActiveCfg = Release|Win32
		{DC41E34B-8251-41DE-8065-D56B022F5755}.Debug No Xalan|Any CPU.ActiveCfg = Debug|Win32
		{DC41E34B-8251-41DE-8065-D56B022F5755}.Debug No Xalan|Mixed Platforms.ActiveCfg = Debug|Win32
		{DC41E34B-8251-41DE-8065-D56B022F5755}.Debug No Xalan|Mixed Platforms.Build.0 = Debug|Win32
		{DC41E34B-8251-41DE-8065-D56B022F5755}.Debug No Xalan|Win32.ActiveCfg = Debug|Win32
		{DC41E34B-8251-41DE-8065-D56B022F5755}.Debug No Xalan|Win32.Build.0 = Debug|Win32
		{DC41E34B-8251-41DE-8065-D56B022F5755}.Debug No Xalan|x64.ActiveCfg = Debug|Win32
		{DC41E34B-8251-41DE-8065-D56B022F5755}.Debug No Xalan|x86.ActiveCfg = Debug|Win32
		{DC41E34B-8251-41DE-8065-D56B022F5755}.Debug|Any CPU.ActiveCfg = Debug|Win32
		{DC41E34B-8251-41DE-8065-D56B022F5755}.Debug|Any CPU.Build.0 = Debug|Win32
		{DC41E34B-8251-41DE-8065-D56B022F5755}.Debug|Mixed Platforms.ActiveCfg = Debug|Win32
		{DC41E34B-8251-41DE-8065-D56B022F5755}.Debug|Mixed Platforms.Build.0 = Debug|Win32
		{DC41E34B-8251-41DE-8065-D56B022F5755}.Debug|Win32.ActiveCfg = Debug|Win32
		{DC41E34B-8251-41DE-8065-D56B022F5755}.Debug|Win32.Build.0 = Debug|Win32
		{DC41E34B-8251-41DE-8065-D56B022F5755}.Debug|x64.ActiveCfg = Debug|Win32
		{DC41E34B-8251-41DE-8065-D56B022F5755}.Debug|x64.Build.0 = Debug|Win32
		{DC41E34B-8251-41DE-8065-D56B022F5755}.Debug|x86.ActiveCfg = Debug|Win32
		{DC41E34B-8251-41DE-8065-D56B022F5755}.Debug|x86.Build.0 = Debug|Win32
		{DC41E34B-8251-41DE-8065-D56B022F5755}.Release No Xalan|Any CPU.ActiveCfg = Release|Win32
		{DC41E34B-8251-41DE-8065-D56B022F5755}.Release No Xalan|Mixed Platforms.ActiveCfg = Release|Win32
		{DC41E34B-8251-41DE-8065-D56B022F5755}.Release No Xalan|Mixed Platforms.Build.0 = Release|Win32
		{DC41E34B-8251-41DE-8065-D56B022F5755}.Release No Xalan|Win32.ActiveCfg = Release|Win32
		{DC41E34B-8251-41DE-8065-D56B022F5755}.Release No Xalan|Win32.Build.0 = Release|Win32
		{DC41E34B-8251-41DE-8065-D56B022F5755}.Release No Xalan|x64.ActiveCfg = Release|Win32
		{DC41E34B-8251-41DE-8065-D56B022F5755}.Release No Xalan|x86.ActiveCfg = Release|Win32
		{DC41E34B-8251-41DE-8065-D56B022F5755}.Release|Any CPU.ActiveCfg = Release|Win32
		{DC41E34B-8251-41DE-8065-D56B022F5755}.Release|Any CPU.Build.0 = Release|Win32
		{DC41E34B-8251-41DE-8065-D56B022F5755}.Release|Mixed Platforms.ActiveCfg = Release|Win32
		{DC41E34B-8251-41DE-8065-D56B022F5755}.Release|Mixed Platforms.Build.0 = Release|Win32
		{DC41E34B-8251-41DE-8065-D56B022F5755}.Release|Win32.ActiveCfg = Release|Win32
		{DC41E34B-8251-41DE-8065-D56B022F5755}.Release|Win32.Build.0 = Release|Win32
		{DC41E34B-8251-41DE-8065-D56B022F5755}.Release|x64.ActiveCfg = Release|x64
		{DC41E34B-8251-41DE-8065-D56B022F5755}.Release|x64.Build.0 = Release|x64
		{DC41E34B-8251-41DE-8065-D56B022F5755}.Release|x86.ActiveCfg = Release|Win32
		{3A09DD63-945E-40EB-9053-5FE50F74B7C1}.Debug No Xalan|Any CPU.ActiveCfg = Debug|Win32
		{3A09DD63-945E-40EB-9053-5FE50F74B7C1}.Debug No Xalan|Mixed Platforms.ActiveCfg = Debug|Win32
		{3A09DD63-945E-40EB-9053-5FE50F74B7C1}.Debug No Xalan|Mixed Platforms.Build.0 = Debug|Win32
		{3A09DD63-945E-40EB-9053-5FE50F74B7C1}.Debug No Xalan|Win32.ActiveCfg = Debug|Win32
		{3A09DD63-945E-40EB-9053-5FE50F74B7C1}.Debug No Xalan|Win32.Build.0 = Debug|Win32
		{3A09DD63-945E-40EB-9053-5FE50F74B7C1}.Debug No Xalan|x64.ActiveCfg = Debug|Win32
		{3A09DD63-945E-40EB-9053-5FE50F74B7C1}.Debug No Xalan|x86.ActiveCfg = Debug|Win32
		{3A09DD63-945E-40EB-9053-5FE50F74B7C1}.Debug|Any CPU.ActiveCfg = Debug|Win32
		{3A09DD63-945E-40EB-9053-5FE50F74B7C1}.Debug|Any CPU.Build.0 = Debug|Win32
		{3A09DD63-945E-40EB-9053-5FE50F74B7C1}.Debug|Mixed Platforms.ActiveCfg = Debug|Win32
		{3A09DD63-945E-40EB-9053-5FE50F74B7C1}.Debug|Mixed Platforms.Build.0 = Debug|Win32
		{3A09DD63-945E-40EB-9053-5FE50F74B7C1}.Debug|Win32.ActiveCfg = Debug|Win32
		{3A09DD63-945E-40EB-9053-5FE50F74B7C1}.Debug|Win32.Build.0 = Debug|Win32
		{3A09DD63-945E-40EB-9053-5FE50F74B7C1}.Debug|x64.ActiveCfg = Debug|Win32
		{3A09DD63-945E-40EB-9053-5FE50F74B7C1}.Debug|x86.ActiveCfg = Debug|Win32
		{3A09DD63-945E-40EB-9053-5FE50F74B7C1}.Release No Xalan|Any CPU.ActiveCfg = Release|x64
		{3A09DD63-945E-40EB-9053-5FE50F74B7C1}.Release No Xalan|Mixed Platforms.ActiveCfg = Release|x64
		{3A09DD63-945E-40EB-9053-5FE50F74B7C1}.Release No Xalan|Mixed Platforms.Build.0 = Release|x64
		{3A09DD63-945E-40EB-9053-5FE50F74B7C1}.Release No Xalan|Win32.ActiveCfg = Release|x64
		{3A09DD63-945E-40EB-9053-5FE50F74B7C1}.Release No Xalan|x64.ActiveCfg = Release|x64
		{3A09DD63-945E-40EB-9053-5FE50F74B7C1}.Release No Xalan|x64.Build.0 = Release|x64
		{3A09DD63-945E-40EB-9053-5FE50F74B7C1}.Release No Xalan|x86.ActiveCfg = Release|x64
		{3A09DD63-945E-40EB-9053-5FE50F74B7C1}.Release|Any CPU.ActiveCfg = Release|Win32
		{3A09DD63-945E-40EB-9053-5FE50F74B7C1}.Release|Any CPU.Build.0 = Release|Win32
		{3A09DD63-945E-40EB-9053-5FE50F74B7C1}.Release|Mixed Platforms.ActiveCfg = Release|Win32
		{3A09DD63-945E-40EB-9053-5FE50F74B7C1}.Release|Mixed Platforms.Build.0 = Release|Win32
		{3A09DD63-945E-40EB-9053-5FE50F74B7C1}.Release|Win32.ActiveCfg = Release|Win32
		{3A09DD63-945E-40EB-9053-5FE50F74B7C1}.Release|Win32.Build.0 = Release|Win32
		{3A09DD63-945E-40EB-9053-5FE50F74B7C1}.Release|x64.ActiveCfg = Release|x64
		{3A09DD63-945E-40EB-9053-5FE50F74B7C1}.Release|x64.Build.0 = Release|x64
		{3A09DD63-945E-40EB-9053-5FE50F74B7C1}.Release|x86.ActiveCfg = Release|Win32
		{8D2DFD77-6396-4507-9CBC-97D91C7CFDD5}.Debug No Xalan|Any CPU.ActiveCfg = Debug|Win32
		{8D2DFD77-6396-4507-9CBC-97D91C7CFDD5}.Debug No Xalan|Mixed Platforms.ActiveCfg = Debug|Win32
		{8D2DFD77-6396-4507-9CBC-97D91C7CFDD5}.Debug No Xalan|Mixed Platforms.Build.0 = Debug|Win32
		{8D2DFD77-6396-4507-9CBC-97D91C7CFDD5}.Debug No Xalan|Win32.ActiveCfg = Debug|Win32
		{8D2DFD77-6396-4507-9CBC-97D91C7CFDD5}.Debug No Xalan|Win32.Build.0 = Debug|Win32
		{8D2DFD77-6396-4507-9CBC-97D91C7CFDD5}.Debug No Xalan|x64.ActiveCfg = Debug|Win32
		{8D2DFD77-6396-4507-9CBC-97D91C7CFDD5}.Debug No Xalan|x86.ActiveCfg = Debug|Win32
		{8D2DFD77-6396-4507-9CBC-97D91C7CFDD5}.Debug|Any CPU.ActiveCfg = Debug|Win32
		{8D2DFD77-6396-4507-9CBC-97D91C7CFDD5}.Debug|Any CPU.Build.0 = Debug|Win32
		{8D2DFD77-6396-4507-9CBC-97D91C7CFDD5}.Debug|Mixed Platforms.ActiveCfg = Debug|Win32
		{8D2DFD77-6396-4507-9CBC-97D91C7CFDD5}.Debug|Mixed Platforms.Build.0 = Debug|Win32
		{8D2DFD77-6396-4507-9CBC-97D91C7CFDD5}.Debug|Win32.ActiveCfg = Debug|Win32
		{8D2DFD77-6396-4507-9CBC-97D91C7CFDD5}.Debug|Win32.Build.0 = Debug|Win32
		{8D2DFD77-6396-4507-9CBC-97D91C7CFDD5}.Debug|x64.ActiveCfg = Debug|Win32
		{8D2DFD77-6396-4507-9CBC-97D91C7CFDD5}.Debug|x86.ActiveCfg = Debug|Win32
		{8D2DFD77-6396-4507-9CBC-97D91C7CFDD5}.Release No Xalan|Any CPU.ActiveCfg = Release|x64
		{8D2DFD77-6396-4507-9CBC-97D91C7CFDD5}.Release No Xalan|Mixed Platforms.ActiveCfg = Release|x64
		{8D2DFD77-6396-4507-9CBC-97D91C7CFDD5}.Release No Xalan|Mixed Platforms.Build.0 = Release|x64
		{8D2DFD77-6396-4507-9CBC-97D91C7CFDD5}.Release No Xalan|Win32.ActiveCfg = Release|x64
		{8D2DFD77-6396-4507-9CBC-97D91C7CFDD5}.Release No Xalan|x64.ActiveCfg = Release|x64
		{8D2DFD77-6396-4507-9CBC-97D91C7CFDD5}.Release No Xalan|x64.Build.0 = Release|x64
		{8D2DFD77-6396-4507-9CBC-97D91C7CFDD5}.Release No Xalan|x86.ActiveCfg = Release|x64
		{8D2DFD77-6396-4507-9CBC-97D91C7CFDD5}.Release|Any CPU.ActiveCfg = Release|Win32
		{8D2DFD77-6396-4507-9CBC-97D91C7CFDD5}.Release|Any CPU.Build.0 = Release|Win32
		{8D2DFD77-6396-4507-9CBC-97D91C7CFDD5}.Release|Mixed Platforms.ActiveCfg = Release|Win32
		{8D2DFD77-6396-4507-9CBC-97D91C7CFDD5}.Release|Mixed Platforms.Build.0 = Release|Win32
		{8D2DFD77-6396-4507-9CBC-97D91C7CFDD5}.Release|Win32.ActiveCfg = Release|Win32
		{8D2DFD77-6396-4507-9CBC-97D91C7CFDD5}.Release|Win32.Build.0 = Release|Win32
		{8D2DFD77-6396-4507-9CBC-97D91C7CFDD5}.Release|x64.ActiveCfg = Release|x64
		{8D2DFD77-6396-4507-9CBC-97D91C7CFDD5}.Release|x64.Build.0 = Release|x64
		{8D2DFD77-6396-4507-9CBC-97D91C7CFDD5}.Release|x86.ActiveCfg = Release|Win32
		{99AB14F6-976E-4FEA-A07D-78479B55163A}.Debug No Xalan|Any CPU.ActiveCfg = Debug|Any CPU
		{99AB14F6-976E-4FEA-A07D-78479B55163A}.Debug No Xalan|Any CPU.Build.0 = Debug|Any CPU
		{99AB14F6-976E-4FEA-A07D-78479B55163A}.Debug No Xalan|Mixed Platforms.ActiveCfg = Debug|Any CPU
		{99AB14F6-976E-4FEA-A07D-78479B55163A}.Debug No Xalan|Mixed Platforms.Build.0 = Debug|Any CPU
		{99AB14F6-976E-4FEA-A07D-78479B55163A}.Debug No Xalan|Win32.ActiveCfg = Debug|Any CPU
		{99AB14F6-976E-4FEA-A07D-78479B55163A}.Debug No Xalan|x64.ActiveCfg = Debug|Any CPU
		{99AB14F6-976E-4FEA-A07D-78479B55163A}.Debug No Xalan|x86.ActiveCfg = Debug|Any CPU
		{99AB14F6-976E-4FEA-A07D-78479B55163A}.Debug|Any CPU.ActiveCfg = Debug|Any CPU
		{99AB14F6-976E-4FEA-A07D-78479B55163A}.Debug|Any CPU.Build.0 = Debug|Any CPU
		{99AB14F6-976E-4FEA-A07D-78479B55163A}.Debug|Mixed Platforms.ActiveCfg = Debug|Any CPU
		{99AB14F6-976E-4FEA-A07D-78479B55163A}.Debug|Mixed Platforms.Build.0 = Debug|Any CPU
		{99AB14F6-976E-4FEA-A07D-78479B55163A}.Debug|Win32.ActiveCfg = Debug|Any CPU
		{99AB14F6-976E-4FEA-A07D-78479B55163A}.Debug|Win32.Build.0 = Debug|Any CPU
		{99AB14F6-976E-4FEA-A07D-78479B55163A}.Debug|x64.ActiveCfg = Debug|Any CPU
		{99AB14F6-976E-4FEA-A07D-78479B55163A}.Debug|x86.ActiveCfg = Debug|Any CPU
		{99AB14F6-976E-4FEA-A07D-78479B55163A}.Release No Xalan|Any CPU.ActiveCfg = Release|Any CPU
		{99AB14F6-976E-4FEA-A07D-78479B55163A}.Release No Xalan|Any CPU.Build.0 = Release|Any CPU
		{99AB14F6-976E-4FEA-A07D-78479B55163A}.Release No Xalan|Mixed Platforms.ActiveCfg = Release|Any CPU
		{99AB14F6-976E-4FEA-A07D-78479B55163A}.Release No Xalan|Mixed Platforms.Build.0 = Release|Any CPU
		{99AB14F6-976E-4FEA-A07D-78479B55163A}.Release No Xalan|Win32.ActiveCfg = Release|Any CPU
		{99AB14F6-976E-4FEA-A07D-78479B55163A}.Release No Xalan|x64.ActiveCfg = Release|Any CPU
		{99AB14F6-976E-4FEA-A07D-78479B55163A}.Release No Xalan|x86.ActiveCfg = Release|Any CPU
		{99AB14F6-976E-4FEA-A07D-78479B55163A}.Release|Any CPU.ActiveCfg = Release|Any CPU
		{99AB14F6-976E-4FEA-A07D-78479B55163A}.Release|Any CPU.Build.0 = Release|Any CPU
		{99AB14F6-976E-4FEA-A07D-78479B55163A}.Release|Mixed Platforms.ActiveCfg = Release|Any CPU
		{99AB14F6-976E-4FEA-A07D-78479B55163A}.Release|Mixed Platforms.Build.0 = Release|Any CPU
		{99AB14F6-976E-4FEA-A07D-78479B55163A}.Release|Win32.ActiveCfg = Release|Any CPU
		{99AB14F6-976E-4FEA-A07D-78479B55163A}.Release|Win32.Build.0 = Release|Any CPU
		{99AB14F6-976E-4FEA-A07D-78479B55163A}.Release|x64.ActiveCfg = Release|Any CPU
		{99AB14F6-976E-4FEA-A07D-78479B55163A}.Release|x64.Build.0 = Release|Any CPU
		{99AB14F6-976E-4FEA-A07D-78479B55163A}.Release|x86.ActiveCfg = Release|Any CPU
		{ECBD0A9D-DED9-452F-B5AF-818C2E1EE32A}.Debug No Xalan|Any CPU.ActiveCfg = Debug|Win32
		{ECBD0A9D-DED9-452F-B5AF-818C2E1EE32A}.Debug No Xalan|Mixed Platforms.ActiveCfg = Debug|Win32
		{ECBD0A9D-DED9-452F-B5AF-818C2E1EE32A}.Debug No Xalan|Mixed Platforms.Build.0 = Debug|Win32
		{ECBD0A9D-DED9-452F-B5AF-818C2E1EE32A}.Debug No Xalan|Win32.ActiveCfg = Debug|Win32
		{ECBD0A9D-DED9-452F-B5AF-818C2E1EE32A}.Debug No Xalan|Win32.Build.0 = Debug|Win32
		{ECBD0A9D-DED9-452F-B5AF-818C2E1EE32A}.Debug No Xalan|x64.ActiveCfg = Debug|Win32
		{ECBD0A9D-DED9-452F-B5AF-818C2E1EE32A}.Debug No Xalan|x86.ActiveCfg = Debug|Win32
		{ECBD0A9D-DED9-452F-B5AF-818C2E1EE32A}.Debug|Any CPU.ActiveCfg = Debug|Win32
		{ECBD0A9D-DED9-452F-B5AF-818C2E1EE32A}.Debug|Any CPU.Build.0 = Debug|Win32
		{ECBD0A9D-DED9-452F-B5AF-818C2E1EE32A}.Debug|Mixed Platforms.ActiveCfg = Debug|Win32
		{ECBD0A9D-DED9-452F-B5AF-818C2E1EE32A}.Debug|Mixed Platforms.Build.0 = Debug|Win32
		{ECBD0A9D-DED9-452F-B5AF-818C2E1EE32A}.Debug|Win32.ActiveCfg = Debug|Win32
		{ECBD0A9D-DED9-452F-B5AF-818C2E1EE32A}.Debug|Win32.Build.0 = Debug|Win32
		{ECBD0A9D-DED9-452F-B5AF-818C2E1EE32A}.Debug|x64.ActiveCfg = Debug|Win32
		{ECBD0A9D-DED9-452F-B5AF-818C2E1EE32A}.Debug|x86.ActiveCfg = Debug|Win32
		{ECBD0A9D-DED9-452F-B5AF-818C2E1EE32A}.Release No Xalan|Any CPU.ActiveCfg = Release|Win32
		{ECBD0A9D-DED9-452F-B5AF-818C2E1EE32A}.Release No Xalan|Mixed Platforms.ActiveCfg = Release|Win32
		{ECBD0A9D-DED9-452F-B5AF-818C2E1EE32A}.Release No Xalan|Mixed Platforms.Build.0 = Release|Win32
		{ECBD0A9D-DED9-452F-B5AF-818C2E1EE32A}.Release No Xalan|Win32.ActiveCfg = Release|Win32
		{ECBD0A9D-DED9-452F-B5AF-818C2E1EE32A}.Release No Xalan|Win32.Build.0 = Release|Win32
		{ECBD0A9D-DED9-452F-B5AF-818C2E1EE32A}.Release No Xalan|x64.ActiveCfg = Release|Win32
		{ECBD0A9D-DED9-452F-B5AF-818C2E1EE32A}.Release No Xalan|x86.ActiveCfg = Release|Win32
		{ECBD0A9D-DED9-452F-B5AF-818C2E1EE32A}.Release|Any CPU.ActiveCfg = Release|Win32
		{ECBD0A9D-DED9-452F-B5AF-818C2E1EE32A}.Release|Any CPU.Build.0 = Release|Win32
		{ECBD0A9D-DED9-452F-B5AF-818C2E1EE32A}.Release|Mixed Platforms.ActiveCfg = Release|Win32
		{ECBD0A9D-DED9-452F-B5AF-818C2E1EE32A}.Release|Mixed Platforms.Build.0 = Release|Win32
		{ECBD0A9D-DED9-452F-B5AF-818C2E1EE32A}.Release|Win32.ActiveCfg = Release|Win32
		{ECBD0A9D-DED9-452F-B5AF-818C2E1EE32A}.Release|Win32.Build.0 = Release|Win32
		{ECBD0A9D-DED9-452F-B5AF-818C2E1EE32A}.Release|x64.ActiveCfg = Release|x64
		{ECBD0A9D-DED9-452F-B5AF-818C2E1EE32A}.Release|x64.Build.0 = Release|x64
		{ECBD0A9D-DED9-452F-B5AF-818C2E1EE32A}.Release|x86.ActiveCfg = Release|Win32
		{F810EA71-3A5A-4C86-BCFF-EC47017CF9CE}.Debug No Xalan|Any CPU.ActiveCfg = Debug|Win32
		{F810EA71-3A5A-4C86-BCFF-EC47017CF9CE}.Debug No Xalan|Mixed Platforms.ActiveCfg = Debug|Win32
		{F810EA71-3A5A-4C86-BCFF-EC47017CF9CE}.Debug No Xalan|Mixed Platforms.Build.0 = Debug|Win32
		{F810EA71-3A5A-4C86-BCFF-EC47017CF9CE}.Debug No Xalan|Win32.ActiveCfg = Debug|Win32
		{F810EA71-3A5A-4C86-BCFF-EC47017CF9CE}.Debug No Xalan|Win32.Build.0 = Debug|Win32
		{F810EA71-3A5A-4C86-BCFF-EC47017CF9CE}.Debug No Xalan|x64.ActiveCfg = Debug|Win32
		{F810EA71-3A5A-4C86-BCFF-EC47017CF9CE}.Debug No Xalan|x86.ActiveCfg = Debug|Win32
		{F810EA71-3A5A-4C86-BCFF-EC47017CF9CE}.Debug|Any CPU.ActiveCfg = Debug|Win32
		{F810EA71-3A5A-4C86-BCFF-EC47017CF9CE}.Debug|Any CPU.Build.0 = Debug|Win32
		{F810EA71-3A5A-4C86-BCFF-EC47017CF9CE}.Debug|Mixed Platforms.ActiveCfg = Debug|Win32
		{F810EA71-3A5A-4C86-BCFF-EC47017CF9CE}.Debug|Mixed Platforms.Build.0 = Debug|Win32
		{F810EA71-3A5A-4C86-BCFF-EC47017CF9CE}.Debug|Win32.ActiveCfg = Debug|Win32
		{F810EA71-3A5A-4C86-BCFF-EC47017CF9CE}.Debug|Win32.Build.0 = Debug|Win32
		{F810EA71-3A5A-4C86-BCFF-EC47017CF9CE}.Debug|x64.ActiveCfg = Debug|Win32
		{F810EA71-3A5A-4C86-BCFF-EC47017CF9CE}.Debug|x86.ActiveCfg = Debug|Win32
		{F810EA71-3A5A-4C86-BCFF-EC47017CF9CE}.Release No Xalan|Any CPU.ActiveCfg = Release|x64
		{F810EA71-3A5A-4C86-BCFF-EC47017CF9CE}.Release No Xalan|Mixed Platforms.ActiveCfg = Release|x64
		{F810EA71-3A5A-4C86-BCFF-EC47017CF9CE}.Release No Xalan|Mixed Platforms.Build.0 = Release|x64
		{F810EA71-3A5A-4C86-BCFF-EC47017CF9CE}.Release No Xalan|Win32.ActiveCfg = Release|x64
		{F810EA71-3A5A-4C86-BCFF-EC47017CF9CE}.Release No Xalan|x64.ActiveCfg = Release|x64
		{F810EA71-3A5A-4C86-BCFF-EC47017CF9CE}.Release No Xalan|x64.Build.0 = Release|x64
		{F810EA71-3A5A-4C86-BCFF-EC47017CF9CE}.Release No Xalan|x86.ActiveCfg = Release|x64
		{F810EA71-3A5A-4C86-BCFF-EC47017CF9CE}.Release|Any CPU.ActiveCfg = Release|Win32
		{F810EA71-3A5A-4C86-BCFF-EC47017CF9CE}.Release|Any CPU.Build.0 = Release|Win32
		{F810EA71-3A5A-4C86-BCFF-EC47017CF9CE}.Release|Mixed Platforms.ActiveCfg = Release|Win32
		{F810EA71-3A5A-4C86-BCFF-EC47017CF9CE}.Release|Mixed Platforms.Build.0 = Release|Win32
		{F810EA71-3A5A-4C86-BCFF-EC47017CF9CE}.Release|Win32.ActiveCfg = Release|Win32
		{F810EA71-3A5A-4C86-BCFF-EC47017CF9CE}.Release|Win32.Build.0 = Release|Win32
		{F810EA71-3A5A-4C86-BCFF-EC47017CF9CE}.Release|x64.ActiveCfg = Release|x64
		{F810EA71-3A5A-4C86-BCFF-EC47017CF9CE}.Release|x64.Build.0 = Release|x64
		{F810EA71-3A5A-4C86-BCFF-EC47017CF9CE}.Release|x86.ActiveCfg = Release|Win32
		{4066E21F-5A62-4581-A3B3-47A083396D0C}.Debug No Xalan|Any CPU.ActiveCfg = Debug|Win32
		{4066E21F-5A62-4581-A3B3-47A083396D0C}.Debug No Xalan|Mixed Platforms.ActiveCfg = Debug|Win32
		{4066E21F-5A62-4581-A3B3-47A083396D0C}.Debug No Xalan|Mixed Platforms.Build.0 = Debug|Win32
		{4066E21F-5A62-4581-A3B3-47A083396D0C}.Debug No Xalan|Win32.ActiveCfg = Debug|Win32
		{4066E21F-5A62-4581-A3B3-47A083396D0C}.Debug No Xalan|Win32.Build.0 = Debug|Win32
		{4066E21F-5A62-4581-A3B3-47A083396D0C}.Debug No Xalan|x64.ActiveCfg = Debug|Win32
		{4066E21F-5A62-4581-A3B3-47A083396D0C}.Debug No Xalan|x86.ActiveCfg = Debug|Win32
		{4066E21F-5A62-4581-A3B3-47A083396D0C}.Debug|Any CPU.ActiveCfg = Debug|Win32
		{4066E21F-5A62-4581-A3B3-47A083396D0C}.Debug|Any CPU.Build.0 = Debug|Win32
		{4066E21F-5A62-4581-A3B3-47A083396D0C}.Debug|Mixed Platforms.ActiveCfg = Debug|Win32
		{4066E21F-5A62-4581-A3B3-47A083396D0C}.Debug|Mixed Platforms.Build.0 = Debug|Win32
		{4066E21F-5A62-4581-A3B3-47A083396D0C}.Debug|Win32.ActiveCfg = Debug|Win32
		{4066E21F-5A62-4581-A3B3-47A083396D0C}.Debug|Win32.Build.0 = Debug|Win32
		{4066E21F-5A62-4581-A3B3-47A083396D0C}.Debug|x64.ActiveCfg = Debug|Win32
		{4066E21F-5A62-4581-A3B3-47A083396D0C}.Debug|x86.ActiveCfg = Debug|Win32
		{4066E21F-5A62-4581-A3B3-47A083396D0C}.Release No Xalan|Any CPU.ActiveCfg = Release|x64
		{4066E21F-5A62-4581-A3B3-47A083396D0C}.Release No Xalan|Mixed Platforms.ActiveCfg = Release|x64
		{4066E21F-5A62-4581-A3B3-47A083396D0C}.Release No Xalan|Mixed Platforms.Build.0 = Release|x64
		{4066E21F-5A62-4581-A3B3-47A083396D0C}.Release No Xalan|Win32.ActiveCfg = Release|x64
		{4066E21F-5A62-4581-A3B3-47A083396D0C}.Release No Xalan|x64.ActiveCfg = Release|x64
		{4066E21F-5A62-4581-A3B3-47A083396D0C}.Release No Xalan|x64.Build.0 = Release|x64
		{4066E21F-5A62-4581-A3B3-47A083396D0C}.Release No Xalan|x86.ActiveCfg = Release|x64
		{4066E21F-5A62-4581-A3B3-47A083396D0C}.Release|Any CPU.ActiveCfg = Release|Win32
		{4066E21F-5A62-4581-A3B3-47A083396D0C}.Release|Any CPU.Build.0 = Release|Win32
		{4066E21F-5A62-4581-A3B3-47A083396D0C}.Release|Mixed Platforms.ActiveCfg = Release|Win32
		{4066E21F-5A62-4581-A3B3-47A083396D0C}.Release|Mixed Platforms.Build.0 = Release|Win32
		{4066E21F-5A62-4581-A3B3-47A083396D0C}.Release|Win32.ActiveCfg = Release|Win32
		{4066E21F-5A62-4581-A3B3-47A083396D0C}.Release|Win32.Build.0 = Release|Win32
		{4066E21F-5A62-4581-A3B3-47A083396D0C}.Release|x64.ActiveCfg = Release|x64
		{4066E21F-5A62-4581-A3B3-47A083396D0C}.Release|x64.Build.0 = Release|x64
		{4066E21F-5A62-4581-A3B3-47A083396D0C}.Release|x86.ActiveCfg = Release|Win32
		{D0076DE3-8E35-4129-A682-2E9F8E72A152}.Debug No Xalan|Any CPU.ActiveCfg = Debug|x64
		{D0076DE3-8E35-4129-A682-2E9F8E72A152}.Debug No Xalan|Mixed Platforms.ActiveCfg = Debug|x64
		{D0076DE3-8E35-4129-A682-2E9F8E72A152}.Debug No Xalan|Mixed Platforms.Build.0 = Debug|x64
		{D0076DE3-8E35-4129-A682-2E9F8E72A152}.Debug No Xalan|Win32.ActiveCfg = Debug|x64
		{D0076DE3-8E35-4129-A682-2E9F8E72A152}.Debug No Xalan|x64.ActiveCfg = Debug|x64
		{D0076DE3-8E35-4129-A682-2E9F8E72A152}.Debug No Xalan|x64.Build.0 = Debug|x64
		{D0076DE3-8E35-4129-A682-2E9F8E72A152}.Debug No Xalan|x86.ActiveCfg = Debug|x64
		{D0076DE3-8E35-4129-A682-2E9F8E72A152}.Debug|Any CPU.ActiveCfg = Debug|Win32
		{D0076DE3-8E35-4129-A682-2E9F8E72A152}.Debug|Any CPU.Build.0 = Debug|Win32
		{D0076DE3-8E35-4129-A682-2E9F8E72A152}.Debug|Mixed Platforms.ActiveCfg = Debug|Win32
		{D0076DE3-8E35-4129-A682-2E9F8E72A152}.Debug|Mixed Platforms.Build.0 = Debug|Win32
		{D0076DE3-8E35-4129-A682-2E9F8E72A152}.Debug|Win32.ActiveCfg = Debug|Win32
		{D0076DE3-8E35-4129-A682-2E9F8E72A152}.Debug|Win32.Build.0 = Debug|Win32
		{D0076DE3-8E35-4129-A682-2E9F8E72A152}.Debug|x64.ActiveCfg = Debug|x64
		{D0076DE3-8E35-4129-A682-2E9F8E72A152}.Debug|x64.Build.0 = Debug|x64
		{D0076DE3-8E35-4129-A682-2E9F8E72A152}.Debug|x86.ActiveCfg = Debug|Win32
		{D0076DE3-8E35-4129-A682-2E9F8E72A152}.Release No Xalan|Any CPU.ActiveCfg = Release|x64
		{D0076DE3-8E35-4129-A682-2E9F8E72A152}.Release No Xalan|Mixed Platforms.ActiveCfg = Release|x64
		{D0076DE3-8E35-4129-A682-2E9F8E72A152}.Release No Xalan|Mixed Platforms.Build.0 = Release|x64
		{D0076DE3-8E35-4129-A682-2E9F8E72A152}.Release No Xalan|Win32.ActiveCfg = Release|x64
		{D0076DE3-8E35-4129-A682-2E9F8E72A152}.Release No Xalan|x64.ActiveCfg = Release|x64
		{D0076DE3-8E35-4129-A682-2E9F8E72A152}.Release No Xalan|x64.Build.0 = Release|x64
		{D0076DE3-8E35-4129-A682-2E9F8E72A152}.Release No Xalan|x86.ActiveCfg = Release|x64
		{D0076DE3-8E35-4129-A682-2E9F8E72A152}.Release|Any CPU.ActiveCfg = Release|Win32
		{D0076DE3-8E35-4129-A682-2E9F8E72A152}.Release|Any CPU.Build.0 = Release|Win32
		{D0076DE3-8E35-4129-A682-2E9F8E72A152}.Release|Mixed Platforms.ActiveCfg = Release|Win32
		{D0076DE3-8E35-4129-A682-2E9F8E72A152}.Release|Mixed Platforms.Build.0 = Release|Win32
		{D0076DE3-8E35-4129-A682-2E9F8E72A152}.Release|Win32.ActiveCfg = Release|Win32
		{D0076DE3-8E35-4129-A682-2E9F8E72A152}.Release|Win32.Build.0 = Release|Win32
		{D0076DE3-8E35-4129-A682-2E9F8E72A152}.Release|x64.ActiveCfg = Release|x64
		{D0076DE3-8E35-4129-A682-2E9F8E72A152}.Release|x86.ActiveCfg = Release|Win32
		{12F6CD4F-FC01-4E0A-AE06-F7A315094DFE}.Debug No Xalan|Any CPU.ActiveCfg = Debug|x64
		{12F6CD4F-FC01-4E0A-AE06-F7A315094DFE}.Debug No Xalan|Mixed Platforms.ActiveCfg = Debug|x64
		{12F6CD4F-FC01-4E0A-AE06-F7A315094DFE}.Debug No Xalan|Mixed Platforms.Build.0 = Debug|x64
		{12F6CD4F-FC01-4E0A-AE06-F7A315094DFE}.Debug No Xalan|Win32.ActiveCfg = Debug|x64
		{12F6CD4F-FC01-4E0A-AE06-F7A315094DFE}.Debug No Xalan|x64.ActiveCfg = Debug|x64
		{12F6CD4F-FC01-4E0A-AE06-F7A315094DFE}.Debug No Xalan|x64.Build.0 = Debug|x64
		{12F6CD4F-FC01-4E0A-AE06-F7A315094DFE}.Debug No Xalan|x86.ActiveCfg = Debug|x64
		{12F6CD4F-FC01-4E0A-AE06-F7A315094DFE}.Debug|Any CPU.ActiveCfg = Debug|Win32
		{12F6CD4F-FC01-4E0A-AE06-F7A315094DFE}.Debug|Any CPU.Build.0 = Debug|Win32
		{12F6CD4F-FC01-4E0A-AE06-F7A315094DFE}.Debug|Mixed Platforms.ActiveCfg = Debug|Win32
		{12F6CD4F-FC01-4E0A-AE06-F7A315094DFE}.Debug|Mixed Platforms.Build.0 = Debug|Win32
		{12F6CD4F-FC01-4E0A-AE06-F7A315094DFE}.Debug|Win32.ActiveCfg = Debug|Win32
		{12F6CD4F-FC01-4E0A-AE06-F7A315094DFE}.Debug|Win32.Build.0 = Debug|Win32
		{12F6CD4F-FC01-4E0A-AE06-F7A315094DFE}.Debug|x64.ActiveCfg = Debug|x64
		{12F6CD4F-FC01-4E0A-AE06-F7A315094DFE}.Debug|x64.Build.0 = Debug|x64
		{12F6CD4F-FC01-4E0A-AE06-F7A315094DFE}.Debug|x86.ActiveCfg = Debug|Win32
		{12F6CD4F-FC01-4E0A-AE06-F7A315094DFE}.Release No Xalan|Any CPU.ActiveCfg = Release|x64
		{12F6CD4F-FC01-4E0A-AE06-F7A315094DFE}.Release No Xalan|Mixed Platforms.ActiveCfg = Release|x64
		{12F6CD4F-FC01-4E0A-AE06-F7A315094DFE}.Release No Xalan|Mixed Platforms.Build.0 = Release|x64
		{12F6CD4F-FC01-4E0A-AE06-F7A315094DFE}.Release No Xalan|Win32.ActiveCfg = Release|x64
		{12F6CD4F-FC01-4E0A-AE06-F7A315094DFE}.Release No Xalan|x64.ActiveCfg = Release|x64
		{12F6CD4F-FC01-4E0A-AE06-F7A315094DFE}.Release No Xalan|x64.Build.0 = Release|x64
		{12F6CD4F-FC01-4E0A-AE06-F7A315094DFE}.Release No Xalan|x86.ActiveCfg = Release|x64
		{12F6CD4F-FC01-4E0A-AE06-F7A315094DFE}.Release|Any CPU.ActiveCfg = Release|Win32
		{12F6CD4F-FC01-4E0A-AE06-F7A315094DFE}.Release|Any CPU.Build.0 = Release|Win32
		{12F6CD4F-FC01-4E0A-AE06-F7A315094DFE}.Release|Mixed Platforms.ActiveCfg = Release|Win32
		{12F6CD4F-FC01-4E0A-AE06-F7A315094DFE}.Release|Mixed Platforms.Build.0 = Release|Win32
		{12F6CD4F-FC01-4E0A-AE06-F7A315094DFE}.Release|Win32.ActiveCfg = Release|Win32
		{12F6CD4F-FC01-4E0A-AE06-F7A315094DFE}.Release|Win32.Build.0 = Release|Win32
		{12F6CD4F-FC01-4E0A-AE06-F7A315094DFE}.Release|x64.ActiveCfg = Release|x64
		{12F6CD4F-FC01-4E0A-AE06-F7A315094DFE}.Release|x64.Build.0 = Release|x64
		{12F6CD4F-FC01-4E0A-AE06-F7A315094DFE}.Release|x86.ActiveCfg = Release|Win32
		{5154523E-FDCF-41E7-8845-A5ACC92672B0}.Debug No Xalan|Any CPU.ActiveCfg = Debug|Win32
		{5154523E-FDCF-41E7-8845-A5ACC92672B0}.Debug No Xalan|Mixed Platforms.ActiveCfg = Debug|Win32
		{5154523E-FDCF-41E7-8845-A5ACC92672B0}.Debug No Xalan|Mixed Platforms.Build.0 = Debug|Win32
		{5154523E-FDCF-41E7-8845-A5ACC92672B0}.Debug No Xalan|Win32.ActiveCfg = Debug|Win32
		{5154523E-FDCF-41E7-8845-A5ACC92672B0}.Debug No Xalan|Win32.Build.0 = Debug|Win32
		{5154523E-FDCF-41E7-8845-A5ACC92672B0}.Debug No Xalan|x64.ActiveCfg = Debug|Win32
		{5154523E-FDCF-41E7-8845-A5ACC92672B0}.Debug No Xalan|x86.ActiveCfg = Debug|Win32
		{5154523E-FDCF-41E7-8845-A5ACC92672B0}.Debug|Any CPU.ActiveCfg = Debug|Win32
		{5154523E-FDCF-41E7-8845-A5ACC92672B0}.Debug|Any CPU.Build.0 = Debug|Win32
		{5154523E-FDCF-41E7-8845-A5ACC92672B0}.Debug|Mixed Platforms.ActiveCfg = Debug|Win32
		{5154523E-FDCF-41E7-8845-A5ACC92672B0}.Debug|Mixed Platforms.Build.0 = Debug|Win32
		{5154523E-FDCF-41E7-8845-A5ACC92672B0}.Debug|Win32.ActiveCfg = Debug|Win32
		{5154523E-FDCF-41E7-8845-A5ACC92672B0}.Debug|Win32.Build.0 = Debug|Win32
		{5154523E-FDCF-41E7-8845-A5ACC92672B0}.Debug|x64.ActiveCfg = Debug|Win32
		{5154523E-FDCF-41E7-8845-A5ACC92672B0}.Debug|x86.ActiveCfg = Debug|Win32
		{5154523E-FDCF-41E7-8845-A5ACC92672B0}.Release No Xalan|Any CPU.ActiveCfg = Release|Win32
		{5154523E-FDCF-41E7-8845-A5ACC92672B0}.Release No Xalan|Mixed Platforms.ActiveCfg = Release|Win32
		{5154523E-FDCF-41E7-8845-A5ACC92672B0}.Release No Xalan|Mixed Platforms.Build.0 = Release|Win32
		{5154523E-FDCF-41E7-8845-A5ACC92672B0}.Release No Xalan|Win32.ActiveCfg = Release|Win32
		{5154523E-FDCF-41E7-8845-A5ACC92672B0}.Release No Xalan|Win32.Build.0 = Release|Win32
		{5154523E-FDCF-41E7-8845-A5ACC92672B0}.Release No Xalan|x64.ActiveCfg = Release|Win32
		{5154523E-FDCF-41E7-8845-A5ACC92672B0}.Release No Xalan|x86.ActiveCfg = Release|Win32
		{5154523E-FDCF-41E7-8845-A5ACC92672B0}.Release|Any CPU.ActiveCfg = Release|Win32
		{5154523E-FDCF-41E7-8845-A5ACC92672B0}.Release|Any CPU.Build.0 = Release|Win32
		{5154523E-FDCF-41E7-8845-A5ACC92672B0}.Release|Mixed Platforms.ActiveCfg = Release|Win32
		{5154523E-FDCF-41E7-8845-A5ACC92672B0}.Release|Mixed Platforms.Build.0 = Release|Win32
		{5154523E-FDCF-41E7-8845-A5ACC92672B0}.Release|Win32.ActiveCfg = Release|Win32
		{5154523E-FDCF-41E7-8845-A5ACC92672B0}.Release|Win32.Build.0 = Release|Win32
		{5154523E-FDCF-41E7-8845-A5ACC92672B0}.Release|x64.ActiveCfg = Release|Win32
		{5154523E-FDCF-41E7-8845-A5ACC92672B0}.Release|x86.ActiveCfg = Release|Win32
		{DF6E1CDC-9689-4A91-B60A-863E3BAF5A57}.Debug No Xalan|Any CPU.ActiveCfg = Debug|x86
		{DF6E1CDC-9689-4A91-B60A-863E3BAF5A57}.Debug No Xalan|Mixed Platforms.ActiveCfg = Debug|x86
		{DF6E1CDC-9689-4A91-B60A-863E3BAF5A57}.Debug No Xalan|Mixed Platforms.Build.0 = Debug|x86
		{DF6E1CDC-9689-4A91-B60A-863E3BAF5A57}.Debug No Xalan|Win32.ActiveCfg = Debug|x86
		{DF6E1CDC-9689-4A91-B60A-863E3BAF5A57}.Debug No Xalan|x64.ActiveCfg = Debug|x86
		{DF6E1CDC-9689-4A91-B60A-863E3BAF5A57}.Debug No Xalan|x86.ActiveCfg = Debug|x86
		{DF6E1CDC-9689-4A91-B60A-863E3BAF5A57}.Debug No Xalan|x86.Build.0 = Debug|x86
		{DF6E1CDC-9689-4A91-B60A-863E3BAF5A57}.Debug|Any CPU.ActiveCfg = Debug|x86
		{DF6E1CDC-9689-4A91-B60A-863E3BAF5A57}.Debug|Mixed Platforms.ActiveCfg = Debug|x86
		{DF6E1CDC-9689-4A91-B60A-863E3BAF5A57}.Debug|Mixed Platforms.Build.0 = Debug|x86
		{DF6E1CDC-9689-4A91-B60A-863E3BAF5A57}.Debug|Win32.ActiveCfg = Debug|x86
		{DF6E1CDC-9689-4A91-B60A-863E3BAF5A57}.Debug|x64.ActiveCfg = Debug|x86
		{DF6E1CDC-9689-4A91-B60A-863E3BAF5A57}.Debug|x86.ActiveCfg = Debug|x86
		{DF6E1CDC-9689-4A91-B60A-863E3BAF5A57}.Debug|x86.Build.0 = Debug|x86
		{DF6E1CDC-9689-4A91-B60A-863E3BAF5A57}.Release No Xalan|Any CPU.ActiveCfg = Release|x86
		{DF6E1CDC-9689-4A91-B60A-863E3BAF5A57}.Release No Xalan|Mixed Platforms.ActiveCfg = Release|x86
		{DF6E1CDC-9689-4A91-B60A-863E3BAF5A57}.Release No Xalan|Mixed Platforms.Build.0 = Release|x86
		{DF6E1CDC-9689-4A91-B60A-863E3BAF5A57}.Release No Xalan|Win32.ActiveCfg = Release|x86
		{DF6E1CDC-9689-4A91-B60A-863E3BAF5A57}.Release No Xalan|x64.ActiveCfg = Release|x86
		{DF6E1CDC-9689-4A91-B60A-863E3BAF5A57}.Release No Xalan|x86.ActiveCfg = Release|x86
		{DF6E1CDC-9689-4A91-B60A-863E3BAF5A57}.Release No Xalan|x86.Build.0 = Release|x86
		{DF6E1CDC-9689-4A91-B60A-863E3BAF5A57}.Release|Any CPU.ActiveCfg = Release|x86
		{DF6E1CDC-9689-4A91-B60A-863E3BAF5A57}.Release|Mixed Platforms.ActiveCfg = Release|x86
		{DF6E1CDC-9689-4A91-B60A-863E3BAF5A57}.Release|Mixed Platforms.Build.0 = Release|x86
		{DF6E1CDC-9689-4A91-B60A-863E3BAF5A57}.Release|Win32.ActiveCfg = Release|x86
		{DF6E1CDC-9689-4A91-B60A-863E3BAF5A57}.Release|Win32.Build.0 = Release|x86
		{DF6E1CDC-9689-4A91-B60A-863E3BAF5A57}.Release|x64.ActiveCfg = Release|x86
		{DF6E1CDC-9689-4A91-B60A-863E3BAF5A57}.Release|x86.ActiveCfg = Release|x86
		{DF6E1CDC-9689-4A91-B60A-863E3BAF5A57}.Release|x86.Build.0 = Release|x86
		{13BA0068-A852-4123-84D8-ED786D196991}.Debug No Xalan|Any CPU.ActiveCfg = Debug|x64
		{13BA0068-A852-4123-84D8-ED786D196991}.Debug No Xalan|Mixed Platforms.ActiveCfg = Debug|x64
		{13BA0068-A852-4123-84D8-ED786D196991}.Debug No Xalan|Mixed Platforms.Build.0 = Debug|x64
		{13BA0068-A852-4123-84D8-ED786D196991}.Debug No Xalan|Win32.ActiveCfg = Debug|x64
		{13BA0068-A852-4123-84D8-ED786D196991}.Debug No Xalan|x64.ActiveCfg = Debug|x64
		{13BA0068-A852-4123-84D8-ED786D196991}.Debug No Xalan|x64.Build.0 = Debug|x64
		{13BA0068-A852-4123-84D8-ED786D196991}.Debug No Xalan|x86.ActiveCfg = Debug|x64
		{13BA0068-A852-4123-84D8-ED786D196991}.Debug|Any CPU.ActiveCfg = Debug|x86
		{13BA0068-A852-4123-84D8-ED786D196991}.Debug|Mixed Platforms.ActiveCfg = Debug|x86
		{13BA0068-A852-4123-84D8-ED786D196991}.Debug|Mixed Platforms.Build.0 = Debug|x86
		{13BA0068-A852-4123-84D8-ED786D196991}.Debug|Win32.ActiveCfg = Debug|x86
		{13BA0068-A852-4123-84D8-ED786D196991}.Debug|x64.ActiveCfg = Debug|x86
		{13BA0068-A852-4123-84D8-ED786D196991}.Debug|x64.Build.0 = Debug|x86
		{13BA0068-A852-4123-84D8-ED786D196991}.Debug|x86.ActiveCfg = Debug|x86
		{13BA0068-A852-4123-84D8-ED786D196991}.Debug|x86.Build.0 = Debug|x86
		{13BA0068-A852-4123-84D8-ED786D196991}.Release No Xalan|Any CPU.ActiveCfg = Release|x64
		{13BA0068-A852-4123-84D8-ED786D196991}.Release No Xalan|Mixed Platforms.ActiveCfg = Release|x64
		{13BA0068-A852-4123-84D8-ED786D196991}.Release No Xalan|Mixed Platforms.Build.0 = Release|x64
		{13BA0068-A852-4123-84D8-ED786D196991}.Release No Xalan|Win32.ActiveCfg = Release|x64
		{13BA0068-A852-4123-84D8-ED786D196991}.Release No Xalan|x64.ActiveCfg = Release|x64
		{13BA0068-A852-4123-84D8-ED786D196991}.Release No Xalan|x64.Build.0 = Release|x64
		{13BA0068-A852-4123-84D8-ED786D196991}.Release No Xalan|x86.ActiveCfg = Release|x64
		{13BA0068-A852-4123-84D8-ED786D196991}.Release|Any CPU.ActiveCfg = Release|x86
		{13BA0068-A852-4123-84D8-ED786D196991}.Release|Mixed Platforms.ActiveCfg = Release|x86
		{13BA0068-A852-4123-84D8-ED786D196991}.Release|Mixed Platforms.Build.0 = Release|x86
		{13BA0068-A852-4123-84D8-ED786D196991}.Release|Win32.ActiveCfg = Release|x86
		{13BA0068-A852-4123-84D8-ED786D196991}.Release|x64.ActiveCfg = Release|x64
		{13BA0068-A852-4123-84D8-ED786D196991}.Release|x64.Build.0 = Release|x64
		{13BA0068-A852-4123-84D8-ED786D196991}.Release|x86.ActiveCfg = Release|x86
		{13BA0068-A852-4123-84D8-ED786D196991}.Release|x86.Build.0 = Release|x86
		{B39ED2B3-D53A-4077-B957-930979A3577D}.Debug No Xalan|Any CPU.ActiveCfg = Debug|x64
		{B39ED2B3-D53A-4077-B957-930979A3577D}.Debug No Xalan|Mixed Platforms.ActiveCfg = Debug|x64
		{B39ED2B3-D53A-4077-B957-930979A3577D}.Debug No Xalan|Mixed Platforms.Build.0 = Debug|x64
		{B39ED2B3-D53A-4077-B957-930979A3577D}.Debug No Xalan|Win32.ActiveCfg = Debug|x64
		{B39ED2B3-D53A-4077-B957-930979A3577D}.Debug No Xalan|x64.ActiveCfg = Debug|x64
		{B39ED2B3-D53A-4077-B957-930979A3577D}.Debug No Xalan|x64.Build.0 = Debug|x64
		{B39ED2B3-D53A-4077-B957-930979A3577D}.Debug No Xalan|x86.ActiveCfg = Debug|x64
		{B39ED2B3-D53A-4077-B957-930979A3577D}.Debug|Any CPU.ActiveCfg = Debug|x64
		{B39ED2B3-D53A-4077-B957-930979A3577D}.Debug|Mixed Platforms.ActiveCfg = Debug|x64
		{B39ED2B3-D53A-4077-B957-930979A3577D}.Debug|Mixed Platforms.Build.0 = Debug|x64
		{B39ED2B3-D53A-4077-B957-930979A3577D}.Debug|Win32.ActiveCfg = Debug|Win32
		{B39ED2B3-D53A-4077-B957-930979A3577D}.Debug|Win32.Build.0 = Debug|Win32
		{B39ED2B3-D53A-4077-B957-930979A3577D}.Debug|x64.ActiveCfg = Debug|x64
		{B39ED2B3-D53A-4077-B957-930979A3577D}.Debug|x64.Build.0 = Debug|x64
		{B39ED2B3-D53A-4077-B957-930979A3577D}.Debug|x86.ActiveCfg = Debug|x64
		{B39ED2B3-D53A-4077-B957-930979A3577D}.Release No Xalan|Any CPU.ActiveCfg = Release|x64
		{B39ED2B3-D53A-4077-B957-930979A3577D}.Release No Xalan|Mixed Platforms.ActiveCfg = Release|x64
		{B39ED2B3-D53A-4077-B957-930979A3577D}.Release No Xalan|Mixed Platforms.Build.0 = Release|x64
		{B39ED2B3-D53A-4077-B957-930979A3577D}.Release No Xalan|Win32.ActiveCfg = Release|x64
		{B39ED2B3-D53A-4077-B957-930979A3577D}.Release No Xalan|x64.ActiveCfg = Release|x64
		{B39ED2B3-D53A-4077-B957-930979A3577D}.Release No Xalan|x64.Build.0 = Release|x64
		{B39ED2B3-D53A-4077-B957-930979A3577D}.Release No Xalan|x86.ActiveCfg = Release|x64
		{B39ED2B3-D53A-4077-B957-930979A3577D}.Release|Any CPU.ActiveCfg = Release|x64
		{B39ED2B3-D53A-4077-B957-930979A3577D}.Release|Mixed Platforms.ActiveCfg = Release|x64
		{B39ED2B3-D53A-4077-B957-930979A3577D}.Release|Mixed Platforms.Build.0 = Release|x64
		{B39ED2B3-D53A-4077-B957-930979A3577D}.Release|Win32.ActiveCfg = Release|Win32
		{B39ED2B3-D53A-4077-B957-930979A3577D}.Release|Win32.Build.0 = Release|Win32
		{B39ED2B3-D53A-4077-B957-930979A3577D}.Release|x64.ActiveCfg = Release|x64
		{B39ED2B3-D53A-4077-B957-930979A3577D}.Release|x64.Build.0 = Release|x64
		{B39ED2B3-D53A-4077-B957-930979A3577D}.Release|x86.ActiveCfg = Release|x64
		{E3536C28-A7F1-4B53-8E52-7D2232F9E098}.Debug No Xalan|Any CPU.ActiveCfg = Debug|x64
		{E3536C28-A7F1-4B53-8E52-7D2232F9E098}.Debug No Xalan|Mixed Platforms.ActiveCfg = Debug|x64
		{E3536C28-A7F1-4B53-8E52-7D2232F9E098}.Debug No Xalan|Mixed Platforms.Build.0 = Debug|x64
		{E3536C28-A7F1-4B53-8E52-7D2232F9E098}.Debug No Xalan|Win32.ActiveCfg = Debug|x64
		{E3536C28-A7F1-4B53-8E52-7D2232F9E098}.Debug No Xalan|x64.ActiveCfg = Debug|x64
		{E3536C28-A7F1-4B53-8E52-7D2232F9E098}.Debug No Xalan|x64.Build.0 = Debug|x64
		{E3536C28-A7F1-4B53-8E52-7D2232F9E098}.Debug No Xalan|x86.ActiveCfg = Debug|x64
		{E3536C28-A7F1-4B53-8E52-7D2232F9E098}.Debug|Any CPU.ActiveCfg = Debug|x64
		{E3536C28-A7F1-4B53-8E52-7D2232F9E098}.Debug|Mixed Platforms.ActiveCfg = Debug|x64
		{E3536C28-A7F1-4B53-8E52-7D2232F9E098}.Debug|Mixed Platforms.Build.0 = Debug|x64
		{E3536C28-A7F1-4B53-8E52-7D2232F9E098}.Debug|Win32.ActiveCfg = Debug|Win32
		{E3536C28-A7F1-4B53-8E52-7D2232F9E098}.Debug|Win32.Build.0 = Debug|Win32
		{E3536C28-A7F1-4B53-8E52-7D2232F9E098}.Debug|x64.ActiveCfg = Debug|x64
		{E3536C28-A7F1-4B53-8E52-7D2232F9E098}.Debug|x64.Build.0 = Debug|x64
		{E3536C28-A7F1-4B53-8E52-7D2232F9E098}.Debug|x86.ActiveCfg = Debug|x64
		{E3536C28-A7F1-4B53-8E52-7D2232F9E098}.Release No Xalan|Any CPU.ActiveCfg = Release|x64
		{E3536C28-A7F1-4B53-8E52-7D2232F9E098}.Release No Xalan|Mixed Platforms.ActiveCfg = Release|x64
		{E3536C28-A7F1-4B53-8E52-7D2232F9E098}.Release No Xalan|Mixed Platforms.Build.0 = Release|x64
		{E3536C28-A7F1-4B53-8E52-7D2232F9E098}.Release No Xalan|Win32.ActiveCfg = Release|x64
		{E3536C28-A7F1-4B53-8E52-7D2232F9E098}.Release No Xalan|x64.ActiveCfg = Release|x64
		{E3536C28-A7F1-4B53-8E52-7D2232F9E098}.Release No Xalan|x64.Build.0 = Release|x64
		{E3536C28-A7F1-4B53-8E52-7D2232F9E098}.Release No Xalan|x86.ActiveCfg = Release|x64
		{E3536C28-A7F1-4B53-8E52-7D2232F9E098}.Release|Any CPU.ActiveCfg = Release|x64
		{E3536C28-A7F1-4B53-8E52-7D2232F9E098}.Release|Mixed Platforms.ActiveCfg = Release|x64
		{E3536C28-A7F1-4B53-8E52-7D2232F9E098}.Release|Mixed Platforms.Build.0 = Release|x64
		{E3536C28-A7F1-4B53-8E52-7D2232F9E098}.Release|Win32.ActiveCfg = Release|Win32
		{E3536C28-A7F1-4B53-8E52-7D2232F9E098}.Release|Win32.Build.0 = Release|Win32
		{E3536C28-A7F1-4B53-8E52-7D2232F9E098}.Release|x64.ActiveCfg = Release|x64
		{E3536C28-A7F1-4B53-8E52-7D2232F9E098}.Release|x64.Build.0 = Release|x64
		{E3536C28-A7F1-4B53-8E52-7D2232F9E098}.Release|x86.ActiveCfg = Release|x64
		{7DB10B50-CE00-4D7A-B322-6824F05D2FCB}.Debug No Xalan|Any CPU.ActiveCfg = Debug|x64
		{7DB10B50-CE00-4D7A-B322-6824F05D2FCB}.Debug No Xalan|Mixed Platforms.ActiveCfg = Debug|x64
		{7DB10B50-CE00-4D7A-B322-6824F05D2FCB}.Debug No Xalan|Mixed Platforms.Build.0 = Debug|x64
		{7DB10B50-CE00-4D7A-B322-6824F05D2FCB}.Debug No Xalan|Win32.ActiveCfg = Debug|x64
		{7DB10B50-CE00-4D7A-B322-6824F05D2FCB}.Debug No Xalan|x64.ActiveCfg = Debug|x64
		{7DB10B50-CE00-4D7A-B322-6824F05D2FCB}.Debug No Xalan|x64.Build.0 = Debug|x64
		{7DB10B50-CE00-4D7A-B322-6824F05D2FCB}.Debug No Xalan|x86.ActiveCfg = Debug|x64
		{7DB10B50-CE00-4D7A-B322-6824F05D2FCB}.Debug|Any CPU.ActiveCfg = Debug|x64
		{7DB10B50-CE00-4D7A-B322-6824F05D2FCB}.Debug|Mixed Platforms.ActiveCfg = Debug|x64
		{7DB10B50-CE00-4D7A-B322-6824F05D2FCB}.Debug|Mixed Platforms.Build.0 = Debug|x64
		{7DB10B50-CE00-4D7A-B322-6824F05D2FCB}.Debug|Win32.ActiveCfg = Debug|Win32
		{7DB10B50-CE00-4D7A-B322-6824F05D2FCB}.Debug|Win32.Build.0 = Debug|Win32
		{7DB10B50-CE00-4D7A-B322-6824F05D2FCB}.Debug|x64.ActiveCfg = Debug|x64
		{7DB10B50-CE00-4D7A-B322-6824F05D2FCB}.Debug|x64.Build.0 = Debug|x64
		{7DB10B50-CE00-4D7A-B322-6824F05D2FCB}.Debug|x86.ActiveCfg = Debug|x64
		{7DB10B50-CE00-4D7A-B322-6824F05D2FCB}.Release No Xalan|Any CPU.ActiveCfg = Release|x64
		{7DB10B50-CE00-4D7A-B322-6824F05D2FCB}.Release No Xalan|Mixed Platforms.ActiveCfg = Release|x64
		{7DB10B50-CE00-4D7A-B322-6824F05D2FCB}.Release No Xalan|Mixed Platforms.Build.0 = Release|x64
		{7DB10B50-CE00-4D7A-B322-6824F05D2FCB}.Release No Xalan|Win32.ActiveCfg = Release|x64
		{7DB10B50-CE00-4D7A-B322-6824F05D2FCB}.Release No Xalan|x64.ActiveCfg = Release|x64
		{7DB10B50-CE00-4D7A-B322-6824F05D2FCB}.Release No Xalan|x64.Build.0 = Release|x64
		{7DB10B50-CE00-4D7A-B322-6824F05D2FCB}.Release No Xalan|x86.ActiveCfg = Release|x64
		{7DB10B50-CE00-4D7A-B322-6824F05D2FCB}.Release|Any CPU.ActiveCfg = Release|x64
		{7DB10B50-CE00-4D7A-B322-6824F05D2FCB}.Release|Mixed Platforms.ActiveCfg = Release|x64
		{7DB10B50-CE00-4D7A-B322-6824F05D2FCB}.Release|Mixed Platforms.Build.0 = Release|x64
		{7DB10B50-CE00-4D7A-B322-6824F05D2FCB}.Release|Win32.ActiveCfg = Release|Win32
		{7DB10B50-CE00-4D7A-B322-6824F05D2FCB}.Release|Win32.Build.0 = Release|Win32
		{7DB10B50-CE00-4D7A-B322-6824F05D2FCB}.Release|x64.ActiveCfg = Release|x64
		{7DB10B50-CE00-4D7A-B322-6824F05D2FCB}.Release|x64.Build.0 = Release|x64
		{7DB10B50-CE00-4D7A-B322-6824F05D2FCB}.Release|x86.ActiveCfg = Release|x64
		{33134F61-C1AD-4B6F-9CEA-503A9F140C52}.Debug No Xalan|Any CPU.ActiveCfg = Debug|x64
		{33134F61-C1AD-4B6F-9CEA-503A9F140C52}.Debug No Xalan|Mixed Platforms.ActiveCfg = Debug|x64
		{33134F61-C1AD-4B6F-9CEA-503A9F140C52}.Debug No Xalan|Mixed Platforms.Build.0 = Debug|x64
		{33134F61-C1AD-4B6F-9CEA-503A9F140C52}.Debug No Xalan|Win32.ActiveCfg = Debug|x64
		{33134F61-C1AD-4B6F-9CEA-503A9F140C52}.Debug No Xalan|x64.ActiveCfg = Debug|x64
		{33134F61-C1AD-4B6F-9CEA-503A9F140C52}.Debug No Xalan|x64.Build.0 = Debug|x64
		{33134F61-C1AD-4B6F-9CEA-503A9F140C52}.Debug No Xalan|x86.ActiveCfg = Debug|x64
		{33134F61-C1AD-4B6F-9CEA-503A9F140C52}.Debug|Any CPU.ActiveCfg = Debug|x64
		{33134F61-C1AD-4B6F-9CEA-503A9F140C52}.Debug|Mixed Platforms.ActiveCfg = Debug|x64
		{33134F61-C1AD-4B6F-9CEA-503A9F140C52}.Debug|Mixed Platforms.Build.0 = Debug|x64
		{33134F61-C1AD-4B6F-9CEA-503A9F140C52}.Debug|Win32.ActiveCfg = Debug|Win32
		{33134F61-C1AD-4B6F-9CEA-503A9F140C52}.Debug|Win32.Build.0 = Debug|Win32
		{33134F61-C1AD-4B6F-9CEA-503A9F140C52}.Debug|x64.ActiveCfg = Debug|x64
		{33134F61-C1AD-4B6F-9CEA-503A9F140C52}.Debug|x64.Build.0 = Debug|x64
		{33134F61-C1AD-4B6F-9CEA-503A9F140C52}.Debug|x86.ActiveCfg = Debug|x64
		{33134F61-C1AD-4B6F-9CEA-503A9F140C52}.Release No Xalan|Any CPU.ActiveCfg = Release|x64
		{33134F61-C1AD-4B6F-9CEA-503A9F140C52}.Release No Xalan|Mixed Platforms.ActiveCfg = Release|x64
		{33134F61-C1AD-4B6F-9CEA-503A9F140C52}.Release No Xalan|Mixed Platforms.Build.0 = Release|x64
		{33134F61-C1AD-4B6F-9CEA-503A9F140C52}.Release No Xalan|Win32.ActiveCfg = Release|x64
		{33134F61-C1AD-4B6F-9CEA-503A9F140C52}.Release No Xalan|x64.ActiveCfg = Release|x64
		{33134F61-C1AD-4B6F-9CEA-503A9F140C52}.Release No Xalan|x64.Build.0 = Release|x64
		{33134F61-C1AD-4B6F-9CEA-503A9F140C52}.Release No Xalan|x86.ActiveCfg = Release|x64
		{33134F61-C1AD-4B6F-9CEA-503A9F140C52}.Release|Any CPU.ActiveCfg = Release|x64
		{33134F61-C1AD-4B6F-9CEA-503A9F140C52}.Release|Mixed Platforms.ActiveCfg = Release|x64
		{33134F61-C1AD-4B6F-9CEA-503A9F140C52}.Release|Mixed Platforms.Build.0 = Release|x64
		{33134F61-C1AD-4B6F-9CEA-503A9F140C52}.Release|Win32.ActiveCfg = Release|Win32
		{33134F61-C1AD-4B6F-9CEA-503A9F140C52}.Release|Win32.Build.0 = Release|Win32
		{33134F61-C1AD-4B6F-9CEA-503A9F140C52}.Release|x64.ActiveCfg = Release|x64
		{33134F61-C1AD-4B6F-9CEA-503A9F140C52}.Release|x64.Build.0 = Release|x64
		{33134F61-C1AD-4B6F-9CEA-503A9F140C52}.Release|x86.ActiveCfg = Release|x64
		{D5B5A007-E873-4D12-B4AF-60811AFD9EF1}.Debug No Xalan|Any CPU.ActiveCfg = Debug No Xalan|Win32
		{D5B5A007-E873-4D12-B4AF-60811AFD9EF1}.Debug No Xalan|Mixed Platforms.ActiveCfg = Debug No Xalan|Win32
		{D5B5A007-E873-4D12-B4AF-60811AFD9EF1}.Debug No Xalan|Mixed Platforms.Build.0 = Debug No Xalan|Win32
		{D5B5A007-E873-4D12-B4AF-60811AFD9EF1}.Debug No Xalan|Win32.ActiveCfg = Debug No Xalan|Win32
		{D5B5A007-E873-4D12-B4AF-60811AFD9EF1}.Debug No Xalan|Win32.Build.0 = Debug No Xalan|Win32
		{D5B5A007-E873-4D12-B4AF-60811AFD9EF1}.Debug No Xalan|x64.ActiveCfg = Debug No Xalan|Win32
		{D5B5A007-E873-4D12-B4AF-60811AFD9EF1}.Debug No Xalan|x86.ActiveCfg = Debug No Xalan|Win32
		{D5B5A007-E873-4D12-B4AF-60811AFD9EF1}.Debug|Any CPU.ActiveCfg = Debug|Win32
		{D5B5A007-E873-4D12-B4AF-60811AFD9EF1}.Debug|Mixed Platforms.ActiveCfg = Debug|Win32
		{D5B5A007-E873-4D12-B4AF-60811AFD9EF1}.Debug|Mixed Platforms.Build.0 = Debug|Win32
		{D5B5A007-E873-4D12-B4AF-60811AFD9EF1}.Debug|Win32.ActiveCfg = Debug|Win32
		{D5B5A007-E873-4D12-B4AF-60811AFD9EF1}.Debug|Win32.Build.0 = Debug|Win32
		{D5B5A007-E873-4D12-B4AF-60811AFD9EF1}.Debug|x64.ActiveCfg = Debug|Win32
		{D5B5A007-E873-4D12-B4AF-60811AFD9EF1}.Debug|x86.ActiveCfg = Debug|Win32
		{D5B5A007-E873-4D12-B4AF-60811AFD9EF1}.Release No Xalan|Any CPU.ActiveCfg = Release No Xalan|Win32
		{D5B5A007-E873-4D12-B4AF-60811AFD9EF1}.Release No Xalan|Mixed Platforms.ActiveCfg = Release No Xalan|Win32
		{D5B5A007-E873-4D12-B4AF-60811AFD9EF1}.Release No Xalan|Mixed Platforms.Build.0 = Release No Xalan|Win32
		{D5B5A007-E873-4D12-B4AF-60811AFD9EF1}.Release No Xalan|Win32.ActiveCfg = Release No Xalan|Win32
		{D5B5A007-E873-4D12-B4AF-60811AFD9EF1}.Release No Xalan|Win32.Build.0 = Release No Xalan|Win32
		{D5B5A007-E873-4D12-B4AF-60811AFD9EF1}.Release No Xalan|x64.ActiveCfg = Release No Xalan|Win32
		{D5B5A007-E873-4D12-B4AF-60811AFD9EF1}.Release No Xalan|x86.ActiveCfg = Release No Xalan|Win32
		{D5B5A007-E873-4D12-B4AF-60811AFD9EF1}.Release|Any CPU.ActiveCfg = Release|Win32
		{D5B5A007-E873-4D12-B4AF-60811AFD9EF1}.Release|Mixed Platforms.ActiveCfg = Release|Win32
		{D5B5A007-E873-4D12-B4AF-60811AFD9EF1}.Release|Mixed Platforms.Build.0 = Release|Win32
		{D5B5A007-E873-4D12-B4AF-60811AFD9EF1}.Release|Win32.ActiveCfg = Release|Win32
		{D5B5A007-E873-4D12-B4AF-60811AFD9EF1}.Release|Win32.Build.0 = Release|Win32
		{D5B5A007-E873-4D12-B4AF-60811AFD9EF1}.Release|x64.ActiveCfg = Release|x64
		{D5B5A007-E873-4D12-B4AF-60811AFD9EF1}.Release|x64.Build.0 = Release|x64
		{D5B5A007-E873-4D12-B4AF-60811AFD9EF1}.Release|x86.ActiveCfg = Release|Win32
		{1D8101A5-739D-41BE-851B-2134BAE24B13}.Debug No Xalan|Any CPU.ActiveCfg = Debug|Win32
		{1D8101A5-739D-41BE-851B-2134BAE24B13}.Debug No Xalan|Mixed Platforms.ActiveCfg = Debug|Win32
		{1D8101A5-739D-41BE-851B-2134BAE24B13}.Debug No Xalan|Mixed Platforms.Build.0 = Debug|Win32
		{1D8101A5-739D-41BE-851B-2134BAE24B13}.Debug No Xalan|Win32.ActiveCfg = Debug|Win32
		{1D8101A5-739D-41BE-851B-2134BAE24B13}.Debug No Xalan|Win32.Build.0 = Debug|Win32
		{1D8101A5-739D-41BE-851B-2134BAE24B13}.Debug No Xalan|x64.ActiveCfg = Debug|Win32
		{1D8101A5-739D-41BE-851B-2134BAE24B13}.Debug No Xalan|x86.ActiveCfg = Debug|Win32
		{1D8101A5-739D-41BE-851B-2134BAE24B13}.Debug|Any CPU.ActiveCfg = Debug|Win32
		{1D8101A5-739D-41BE-851B-2134BAE24B13}.Debug|Mixed Platforms.ActiveCfg = Debug|Win32
		{1D8101A5-739D-41BE-851B-2134BAE24B13}.Debug|Mixed Platforms.Build.0 = Debug|Win32
		{1D8101A5-739D-41BE-851B-2134BAE24B13}.Debug|Win32.ActiveCfg = Debug|Win32
		{1D8101A5-739D-41BE-851B-2134BAE24B13}.Debug|Win32.Build.0 = Debug|Win32
		{1D8101A5-739D-41BE-851B-2134BAE24B13}.Debug|x64.ActiveCfg = Debug|Win32
		{1D8101A5-739D-41BE-851B-2134BAE24B13}.Debug|x86.ActiveCfg = Debug|Win32
		{1D8101A5-739D-41BE-851B-2134BAE24B13}.Release No Xalan|Any CPU.ActiveCfg = Release|Win32
		{1D8101A5-739D-41BE-851B-2134BAE24B13}.Release No Xalan|Mixed Platforms.ActiveCfg = Release|Win32
		{1D8101A5-739D-41BE-851B-2134BAE24B13}.Release No Xalan|Mixed Platforms.Build.0 = Release|Win32
		{1D8101A5-739D-41BE-851B-2134BAE24B13}.Release No Xalan|Win32.ActiveCfg = Release|Win32
		{1D8101A5-739D-41BE-851B-2134BAE24B13}.Release No Xalan|Win32.Build.0 = Release|Win32
		{1D8101A5-739D-41BE-851B-2134BAE24B13}.Release No Xalan|x64.ActiveCfg = Release|Win32
		{1D8101A5-739D-41BE-851B-2134BAE24B13}.Release No Xalan|x86.ActiveCfg = Release|Win32
		{1D8101A5-739D-41BE-851B-2134BAE24B13}.Release|Any CPU.ActiveCfg = Release|Win32
		{1D8101A5-739D-41BE-851B-2134BAE24B13}.Release|Mixed Platforms.ActiveCfg = Release|Win32
		{1D8101A5-739D-41BE-851B-2134BAE24B13}.Release|Mixed Platforms.Build.0 = Release|Win32
		{1D8101A5-739D-41BE-851B-2134BAE24B13}.Release|Win32.ActiveCfg = Release|Win32
		{1D8101A5-739D-41BE-851B-2134BAE24B13}.Release|Win32.Build.0 = Release|Win32
		{1D8101A5-739D-41BE-851B-2134BAE24B13}.Release|x64.ActiveCfg = Release|x64
		{1D8101A5-739D-41BE-851B-2134BAE24B13}.Release|x64.Build.0 = Release|x64
		{1D8101A5-739D-41BE-851B-2134BAE24B13}.Release|x86.ActiveCfg = Release|Win32
		{479FFA33-2B41-4A15-8192-A41F9FBE3D6A}.Debug No Xalan|Any CPU.ActiveCfg = Debug|x64
		{479FFA33-2B41-4A15-8192-A41F9FBE3D6A}.Debug No Xalan|Mixed Platforms.ActiveCfg = Debug|x64
		{479FFA33-2B41-4A15-8192-A41F9FBE3D6A}.Debug No Xalan|Mixed Platforms.Build.0 = Debug|x64
		{479FFA33-2B41-4A15-8192-A41F9FBE3D6A}.Debug No Xalan|Win32.ActiveCfg = Debug|x64
		{479FFA33-2B41-4A15-8192-A41F9FBE3D6A}.Debug No Xalan|x64.ActiveCfg = Debug|x64
		{479FFA33-2B41-4A15-8192-A41F9FBE3D6A}.Debug No Xalan|x64.Build.0 = Debug|x64
		{479FFA33-2B41-4A15-8192-A41F9FBE3D6A}.Debug No Xalan|x86.ActiveCfg = Debug|x64
		{479FFA33-2B41-4A15-8192-A41F9FBE3D6A}.Debug|Any CPU.ActiveCfg = Debug|x64
		{479FFA33-2B41-4A15-8192-A41F9FBE3D6A}.Debug|Mixed Platforms.ActiveCfg = Debug|x64
		{479FFA33-2B41-4A15-8192-A41F9FBE3D6A}.Debug|Mixed Platforms.Build.0 = Debug|x64
		{479FFA33-2B41-4A15-8192-A41F9FBE3D6A}.Debug|Win32.ActiveCfg = Debug|Win32
		{479FFA33-2B41-4A15-8192-A41F9FBE3D6A}.Debug|Win32.Build.0 = Debug|Win32
		{479FFA33-2B41-4A15-8192-A41F9FBE3D6A}.Debug|x64.ActiveCfg = Debug|x64
		{479FFA33-2B41-4A15-8192-A41F9FBE3D6A}.Debug|x64.Build.0 = Debug|x64
		{479FFA33-2B41-4A15-8192-A41F9FBE3D6A}.Debug|x86.ActiveCfg = Debug|x64
		{479FFA33-2B41-4A15-8192-A41F9FBE3D6A}.Release No Xalan|Any CPU.ActiveCfg = Release|x64
		{479FFA33-2B41-4A15-8192-A41F9FBE3D6A}.Release No Xalan|Mixed Platforms.ActiveCfg = Release|x64
		{479FFA33-2B41-4A15-8192-A41F9FBE3D6A}.Release No Xalan|Mixed Platforms.Build.0 = Release|x64
		{479FFA33-2B41-4A15-8192-A41F9FBE3D6A}.Release No Xalan|Win32.ActiveCfg = Release|x64
		{479FFA33-2B41-4A15-8192-A41F9FBE3D6A}.Release No Xalan|x64.ActiveCfg = Release|x64
		{479FFA33-2B41-4A15-8192-A41F9FBE3D6A}.Release No Xalan|x64.Build.0 = Release|x64
		{479FFA33-2B41-4A15-8192-A41F9FBE3D6A}.Release No Xalan|x86.ActiveCfg = Release|x64
		{479FFA33-2B41-4A15-8192-A41F9FBE3D6A}.Release|Any CPU.ActiveCfg = Release|x64
		{479FFA33-2B41-4A15-8192-A41F9FBE3D6A}.Release|Mixed Platforms.ActiveCfg = Release|x64
		{479FFA33-2B41-4A15-8192-A41F9FBE3D6A}.Release|Mixed Platforms.Build.0 = Release|x64
		{479FFA33-2B41-4A15-8192-A41F9FBE3D6A}.Release|Win32.ActiveCfg = Release|Win32
		{479FFA33-2B41-4A15-8192-A41F9FBE3D6A}.Release|Win32.Build.0 = Release|Win32
		{479FFA33-2B41-4A15-8192-A41F9FBE3D6A}.Release|x64.ActiveCfg = Release|x64
		{479FFA33-2B41-4A15-8192-A41F9FBE3D6A}.Release|x64.Build.0 = Release|x64
		{479FFA33-2B41-4A15-8192-A41F9FBE3D6A}.Release|x86.ActiveCfg = Release|x64
		{D55F52E6-97A2-4CD8-BD14-498E53EB21A0}.Debug No Xalan|Any CPU.ActiveCfg = Debug|x64
		{D55F52E6-97A2-4CD8-BD14-498E53EB21A0}.Debug No Xalan|Mixed Platforms.ActiveCfg = Debug|x64
		{D55F52E6-97A2-4CD8-BD14-498E53EB21A0}.Debug No Xalan|Mixed Platforms.Build.0 = Debug|x64
		{D55F52E6-97A2-4CD8-BD14-498E53EB21A0}.Debug No Xalan|Win32.ActiveCfg = Debug|x64
		{D55F52E6-97A2-4CD8-BD14-498E53EB21A0}.Debug No Xalan|x64.ActiveCfg = Debug|x64
		{D55F52E6-97A2-4CD8-BD14-498E53EB21A0}.Debug No Xalan|x64.Build.0 = Debug|x64
		{D55F52E6-97A2-4CD8-BD14-498E53EB21A0}.Debug No Xalan|x86.ActiveCfg = Debug|x64
		{D55F52E6-97A2-4CD8-BD14-498E53EB21A0}.Debug|Any CPU.ActiveCfg = Debug|x64
		{D55F52E6-97A2-4CD8-BD14-498E53EB21A0}.Debug|Mixed Platforms.ActiveCfg = Debug|x64
		{D55F52E6-97A2-4CD8-BD14-498E53EB21A0}.Debug|Mixed Platforms.Build.0 = Debug|x64
		{D55F52E6-97A2-4CD8-BD14-498E53EB21A0}.Debug|Win32.ActiveCfg = Debug|Win32
		{D55F52E6-97A2-4CD8-BD14-498E53EB21A0}.Debug|Win32.Build.0 = Debug|Win32
		{D55F52E6-97A2-4CD8-BD14-498E53EB21A0}.Debug|x64.ActiveCfg = Debug|x64
		{D55F52E6-97A2-4CD8-BD14-498E53EB21A0}.Debug|x64.Build.0 = Debug|x64
		{D55F52E6-97A2-4CD8-BD14-498E53EB21A0}.Debug|x86.ActiveCfg = Debug|x64
		{D55F52E6-97A2-4CD8-BD14-498E53EB21A0}.Release No Xalan|Any CPU.ActiveCfg = Release|x64
		{D55F52E6-97A2-4CD8-BD14-498E53EB21A0}.Release No Xalan|Mixed Platforms.ActiveCfg = Release|x64
		{D55F52E6-97A2-4CD8-BD14-498E53EB21A0}.Release No Xalan|Mixed Platforms.Build.0 = Release|x64
		{D55F52E6-97A2-4CD8-BD14-498E53EB21A0}.Release No Xalan|Win32.ActiveCfg = Release|x64
		{D55F52E6-97A2-4CD8-BD14-498E53EB21A0}.Release No Xalan|x64.ActiveCfg = Release|x64
		{D55F52E6-97A2-4CD8-BD14-498E53EB21A0}.Release No Xalan|x64.Build.0 = Release|x64
		{D55F52E6-97A2-4CD8-BD14-498E53EB21A0}.Release No Xalan|x86.ActiveCfg = Release|x64
		{D55F52E6-97A2-4CD8-BD14-498E53EB21A0}.Release|Any CPU.ActiveCfg = Release|x64
		{D55F52E6-97A2-4CD8-BD14-498E53EB21A0}.Release|Mixed Platforms.ActiveCfg = Release|x64
		{D55F52E6-97A2-4CD8-BD14-498E53EB21A0}.Release|Mixed Platforms.Build.0 = Release|x64
		{D55F52E6-97A2-4CD8-BD14-498E53EB21A0}.Release|Win32.ActiveCfg = Release|Win32
		{D55F52E6-97A2-4CD8-BD14-498E53EB21A0}.Release|Win32.Build.0 = Release|Win32
		{D55F52E6-97A2-4CD8-BD14-498E53EB21A0}.Release|x64.ActiveCfg = Release|x64
		{D55F52E6-97A2-4CD8-BD14-498E53EB21A0}.Release|x64.Build.0 = Release|x64
		{D55F52E6-97A2-4CD8-BD14-498E53EB21A0}.Release|x86.ActiveCfg = Release|x64
	EndGlobalSection
	GlobalSection(SolutionProperties) = preSolution
		HideSolutionNode = FALSE
	EndGlobalSection
	GlobalSection(Qt) = preSolution
		Integration = True
	EndGlobalSection
	GlobalSection(Qt) = preSolution
		Integration = True
	EndGlobalSection
	GlobalSection(Qt) = preSolution
		Integration = True
	EndGlobalSection
	GlobalSection(Qt) = preSolution
		Integration = True
	EndGlobalSection
	GlobalSection(Qt) = preSolution
		Integration = True
	EndGlobalSection
	GlobalSection(Qt) = preSolution
		Integration = True
	EndGlobalSection
	GlobalSection(Qt) = preSolution
		Integration = True
	EndGlobalSection
	GlobalSection(Qt) = preSolution
		Integration = True
	EndGlobalSection
	GlobalSection(Qt) = preSolution
		Integration = True
	EndGlobalSection
	GlobalSection(Qt) = preSolution
		Integration = True
	EndGlobalSection
	GlobalSection(Qt) = preSolution
		Integration = True
	EndGlobalSection
	GlobalSection(Qt) = preSolution
		Integration = True
	EndGlobalSection
	GlobalSection(Qt) = preSolution
		Integration = True
	EndGlobalSection
	GlobalSection(Qt) = preSolution
		Integration = True
	EndGlobalSection
	GlobalSection(Qt) = preSolution
		Integration = True
	EndGlobalSection
	GlobalSection(Qt) = preSolution
		Integration = True
	EndGlobalSection
	GlobalSection(Qt) = preSolution
		Integration = True
	EndGlobalSection
	GlobalSection(Qt) = preSolution
		Integration = True
	EndGlobalSection
	GlobalSection(Qt) = preSolution
		Integration = True
	EndGlobalSection
	GlobalSection(Qt) = preSolution
		Integration = True
	EndGlobalSection
	GlobalSection(Qt) = preSolution
		Integration = True
	EndGlobalSection
	GlobalSection(Qt) = preSolution
		Integration = True
	EndGlobalSection
	GlobalSection(Qt) = preSolution
		Integration = True
	EndGlobalSection
	GlobalSection(Qt) = preSolution
		Integration = True
	EndGlobalSection
	GlobalSection(Qt) = preSolution
		Integration = True
	EndGlobalSection
	GlobalSection(Qt) = preSolution
		Integration = True
	EndGlobalSection
EndGlobal
