
Microsoft Visual Studio Solution File, Format Version 10.00
# Visual Studio 2008
Project("{8BC9CEB8-8B4A-11D0-8D11-00A0C91BC942}") = "common", "..\common\pteidcommon.2008.vcproj", "{39710980-B40E-4B06-B8E8-D86B125007F3}"
EndProject
Project("{8BC9CEB8-8B4A-11D0-8D11-00A0C91BC942}") = "DlgsWin32", "..\dialogs\dialogsWin32\pteidDlgsWin32.2008.vcproj", "{E27CF8F7-E472-4966-B7D6-448B1427A0D6}"
	ProjectSection(ProjectDependencies) = postProject
		{39710980-B40E-4B06-B8E8-D86B125007F3} = {39710980-B40E-4B06-B8E8-D86B125007F3}
	EndProjectSection
EndProject
Project("{8BC9CEB8-8B4A-11D0-8D11-00A0C91BC942}") = "cardlayer", "..\cardlayer\pteidcardlayer.2008.vcproj", "{C7DE2B79-F890-4ACB-804A-BDD14E1A9CAE}"
	ProjectSection(ProjectDependencies) = postProject
		{39710980-B40E-4B06-B8E8-D86B125007F3} = {39710980-B40E-4B06-B8E8-D86B125007F3}
		{E27CF8F7-E472-4966-B7D6-448B1427A0D6} = {E27CF8F7-E472-4966-B7D6-448B1427A0D6}
	EndProjectSection
EndProject
Project("{8BC9CEB8-8B4A-11D0-8D11-00A0C91BC942}") = "applayer", "..\applayer\pteidapplayer.2008.vcproj", "{DC41E34B-8251-41DE-8065-D56B022F5755}"
	ProjectSection(ProjectDependencies) = postProject
		{D5B5A007-E873-4D12-B4AF-60811AFD9EF1} = {D5B5A007-E873-4D12-B4AF-60811AFD9EF1}
		{C7DE2B79-F890-4ACB-804A-BDD14E1A9CAE} = {C7DE2B79-F890-4ACB-804A-BDD14E1A9CAE}
		{39710980-B40E-4B06-B8E8-D86B125007F3} = {39710980-B40E-4B06-B8E8-D86B125007F3}
		{B39ED2B3-D53A-4077-B957-930979A3577D} = {B39ED2B3-D53A-4077-B957-930979A3577D}
		{E27CF8F7-E472-4966-B7D6-448B1427A0D6} = {E27CF8F7-E472-4966-B7D6-448B1427A0D6}
		{5AA075F8-394E-4C6E-824A-39096E21869F} = {5AA075F8-394E-4C6E-824A-39096E21869F}
	EndProjectSection
EndProject
Project("{8BC9CEB8-8B4A-11D0-8D11-00A0C91BC942}") = "libCpp", "..\eidlib\pteidlib.2008.vcproj", "{3A09DD63-945E-40EB-9053-5FE50F74B7C1}"
	ProjectSection(ProjectDependencies) = postProject
		{DC41E34B-8251-41DE-8065-D56B022F5755} = {DC41E34B-8251-41DE-8065-D56B022F5755}
		{39710980-B40E-4B06-B8E8-D86B125007F3} = {39710980-B40E-4B06-B8E8-D86B125007F3}
		{E27CF8F7-E472-4966-B7D6-448B1427A0D6} = {E27CF8F7-E472-4966-B7D6-448B1427A0D6}
	EndProjectSection
EndProject
Project("{8BC9CEB8-8B4A-11D0-8D11-00A0C91BC942}") = "gui", "..\eidgui\pteidgui.2008.vcproj", "{8D2DFD77-6396-4507-9CBC-97D91C7CFDD5}"
	ProjectSection(ProjectDependencies) = postProject
		{3A09DD63-945E-40EB-9053-5FE50F74B7C1} = {3A09DD63-945E-40EB-9053-5FE50F74B7C1}
		{39710980-B40E-4B06-B8E8-D86B125007F3} = {39710980-B40E-4B06-B8E8-D86B125007F3}
		{E27CF8F7-E472-4966-B7D6-448B1427A0D6} = {E27CF8F7-E472-4966-B7D6-448B1427A0D6}
	EndProjectSection
EndProject
Project("{FAE04EC0-301F-11D3-BF4B-00C04F79EFBC}") = "libCS_35.2008", "..\eidlibCS\libCS.2008.csproj", "{99AB14F6-976E-4FEA-A07D-78479B55163A}"
	ProjectSection(ProjectDependencies) = postProject
		{ECBD0A9D-DED9-452F-B5AF-818C2E1EE32A} = {ECBD0A9D-DED9-452F-B5AF-818C2E1EE32A}
	EndProjectSection
EndProject
Project("{8BC9CEB8-8B4A-11D0-8D11-00A0C91BC942}") = "libCS_Wrapper", "..\eidlibCS_Wrapper\pteidlibCS_Wrapper.2008.vcproj", "{ECBD0A9D-DED9-452F-B5AF-818C2E1EE32A}"
	ProjectSection(ProjectDependencies) = postProject
		{DC41E34B-8251-41DE-8065-D56B022F5755} = {DC41E34B-8251-41DE-8065-D56B022F5755}
		{3A09DD63-945E-40EB-9053-5FE50F74B7C1} = {3A09DD63-945E-40EB-9053-5FE50F74B7C1}
		{39710980-B40E-4B06-B8E8-D86B125007F3} = {39710980-B40E-4B06-B8E8-D86B125007F3}
	EndProjectSection
EndProject
Project("{8BC9CEB8-8B4A-11D0-8D11-00A0C91BC942}") = "libJava", "..\eidlibJava\pteidlibJava.2008.vcproj", "{F810EA71-3A5A-4C86-BCFF-EC47017CF9CE}"
	ProjectSection(ProjectDependencies) = postProject
		{4066E21F-5A62-4581-A3B3-47A083396D0C} = {4066E21F-5A62-4581-A3B3-47A083396D0C}
	EndProjectSection
EndProject
Project("{8BC9CEB8-8B4A-11D0-8D11-00A0C91BC942}") = "libJava_Wrapper", "..\eidlibJava_Wrapper\pteidlibJava_Wrapper.2008.vcproj", "{4066E21F-5A62-4581-A3B3-47A083396D0C}"
	ProjectSection(ProjectDependencies) = postProject
		{DC41E34B-8251-41DE-8065-D56B022F5755} = {DC41E34B-8251-41DE-8065-D56B022F5755}
		{3A09DD63-945E-40EB-9053-5FE50F74B7C1} = {3A09DD63-945E-40EB-9053-5FE50F74B7C1}
		{39710980-B40E-4B06-B8E8-D86B125007F3} = {39710980-B40E-4B06-B8E8-D86B125007F3}
		{E27CF8F7-E472-4966-B7D6-448B1427A0D6} = {E27CF8F7-E472-4966-B7D6-448B1427A0D6}
	EndProjectSection
EndProject
Project("{8BC9CEB8-8B4A-11D0-8D11-00A0C91BC942}") = "CSP", "..\CSP\pteidCSP.2008.vcproj", "{D0076DE3-8E35-4129-A682-2E9F8E72A152}"
	ProjectSection(ProjectDependencies) = postProject
		{C7DE2B79-F890-4ACB-804A-BDD14E1A9CAE} = {C7DE2B79-F890-4ACB-804A-BDD14E1A9CAE}
		{39710980-B40E-4B06-B8E8-D86B125007F3} = {39710980-B40E-4B06-B8E8-D86B125007F3}
		{E27CF8F7-E472-4966-B7D6-448B1427A0D6} = {E27CF8F7-E472-4966-B7D6-448B1427A0D6}
	EndProjectSection
EndProject
Project("{8BC9CEB8-8B4A-11D0-8D11-00A0C91BC942}") = "pkcs11", "..\pkcs11\pteidpkcs11.2008.vcproj", "{12F6CD4F-FC01-4E0A-AE06-F7A315094DFE}"
	ProjectSection(ProjectDependencies) = postProject
		{C7DE2B79-F890-4ACB-804A-BDD14E1A9CAE} = {C7DE2B79-F890-4ACB-804A-BDD14E1A9CAE}
		{39710980-B40E-4B06-B8E8-D86B125007F3} = {39710980-B40E-4B06-B8E8-D86B125007F3}
		{E27CF8F7-E472-4966-B7D6-448B1427A0D6} = {E27CF8F7-E472-4966-B7D6-448B1427A0D6}
	EndProjectSection
EndProject
Project("{8BC9CEB8-8B4A-11D0-8D11-00A0C91BC942}") = "FreeImage", "..\FreeImagePTEiD\FreeImage.2008.vcproj", "{B39ED2B3-D53A-4077-B957-930979A3577D}"
	ProjectSection(ProjectDependencies) = postProject
		{E3536C28-A7F1-4B53-8E52-7D2232F9E098} = {E3536C28-A7F1-4B53-8E52-7D2232F9E098}
		{7DB10B50-CE00-4D7A-B322-6824F05D2FCB} = {7DB10B50-CE00-4D7A-B322-6824F05D2FCB}
		{33134F61-C1AD-4B6F-9CEA-503A9F140C52} = {33134F61-C1AD-4B6F-9CEA-503A9F140C52}
	EndProjectSection
EndProject
Project("{8BC9CEB8-8B4A-11D0-8D11-00A0C91BC942}") = "LibOpenJPEG", "..\FreeImagePTEiD\Source\LibOpenJPEG\LibOpenJPEG.2008.vcproj", "{E3536C28-A7F1-4B53-8E52-7D2232F9E098}"
EndProject
Project("{8BC9CEB8-8B4A-11D0-8D11-00A0C91BC942}") = "LibPNG", "..\FreeImagePTEiD\Source\LibPNG\LibPNG.2008.vcproj", "{7DB10B50-CE00-4D7A-B322-6824F05D2FCB}"
EndProject
Project("{8BC9CEB8-8B4A-11D0-8D11-00A0C91BC942}") = "ZLib", "..\FreeImagePTEiD\Source\ZLib\ZLib.2008.vcproj", "{33134F61-C1AD-4B6F-9CEA-503A9F140C52}"
EndProject
Project("{8BC9CEB8-8B4A-11D0-8D11-00A0C91BC942}") = "xsec_lib", "..\xml-security-c-1.6.1\Projects\VC9.0\xsec\xsec_lib\xsec_lib.vcproj", "{D5B5A007-E873-4D12-B4AF-60811AFD9EF1}"
EndProject
Project("{8BC9CEB8-8B4A-11D0-8D11-00A0C91BC942}") = "pteid-poppler", "..\pteid-poppler\pteid-poppler.2008.vcproj", "{5AA075F8-394E-4C6E-824A-39096E21869F}"
EndProject
Project("{930C7802-8A8C-48F9-8165-68863BCCD9DD}") = "PteidMW35_pt", "..\misc\Wix_MW35\MW35Wix\PteidMW35_pt.wixproj", "{DF6E1CDC-9689-4A91-B60A-863E3BAF5A57}"
	ProjectSection(ProjectDependencies) = postProject
		{D5B5A007-E873-4D12-B4AF-60811AFD9EF1} = {D5B5A007-E873-4D12-B4AF-60811AFD9EF1}
		{4066E21F-5A62-4581-A3B3-47A083396D0C} = {4066E21F-5A62-4581-A3B3-47A083396D0C}
		{479FFA33-2B41-4A15-8192-A41F9FBE3D6A} = {479FFA33-2B41-4A15-8192-A41F9FBE3D6A}
		{DC41E34B-8251-41DE-8065-D56B022F5755} = {DC41E34B-8251-41DE-8065-D56B022F5755}
		{12F6CD4F-FC01-4E0A-AE06-F7A315094DFE} = {12F6CD4F-FC01-4E0A-AE06-F7A315094DFE}
		{3A09DD63-945E-40EB-9053-5FE50F74B7C1} = {3A09DD63-945E-40EB-9053-5FE50F74B7C1}
		{F810EA71-3A5A-4C86-BCFF-EC47017CF9CE} = {F810EA71-3A5A-4C86-BCFF-EC47017CF9CE}
		{8D2DFD77-6396-4507-9CBC-97D91C7CFDD5} = {8D2DFD77-6396-4507-9CBC-97D91C7CFDD5}
		{C7DE2B79-F890-4ACB-804A-BDD14E1A9CAE} = {C7DE2B79-F890-4ACB-804A-BDD14E1A9CAE}
		{39710980-B40E-4B06-B8E8-D86B125007F3} = {39710980-B40E-4B06-B8E8-D86B125007F3}
		{B39ED2B3-D53A-4077-B957-930979A3577D} = {B39ED2B3-D53A-4077-B957-930979A3577D}
		{D0076DE3-8E35-4129-A682-2E9F8E72A152} = {D0076DE3-8E35-4129-A682-2E9F8E72A152}
		{99AB14F6-976E-4FEA-A07D-78479B55163A} = {99AB14F6-976E-4FEA-A07D-78479B55163A}
		{E27CF8F7-E472-4966-B7D6-448B1427A0D6} = {E27CF8F7-E472-4966-B7D6-448B1427A0D6}
		{5AA075F8-394E-4C6E-824A-39096E21869F} = {5AA075F8-394E-4C6E-824A-39096E21869F}
	EndProjectSection
EndProject
Project("{8BC9CEB8-8B4A-11D0-8D11-00A0C91BC942}") = "MarkHidden", "..\misc\Wix_MW35\MarkHidden\MarkHidden_VS2008.vcproj", "{5154523E-FDCF-41E7-8845-A5ACC92672B0}"
EndProject
Project("{8BC9CEB8-8B4A-11D0-8D11-00A0C91BC942}") = "pteidmdrv", "..\minidriver\pteidmdrv.2008.vcproj", "{479FFA33-2B41-4A15-8192-A41F9FBE3D6A}"
EndProject
Project("{930C7802-8A8C-48F9-8165-68863BCCD9DD}") = "PteidMW35_64_pt", "..\misc\Wix_MW35\MW35Wix\PteidMW35_64_pt.wixproj", "{13BA0068-A852-4123-84D8-ED786D196991}"
	ProjectSection(ProjectDependencies) = postProject
		{D5B5A007-E873-4D12-B4AF-60811AFD9EF1} = {D5B5A007-E873-4D12-B4AF-60811AFD9EF1}
		{4066E21F-5A62-4581-A3B3-47A083396D0C} = {4066E21F-5A62-4581-A3B3-47A083396D0C}
		{479FFA33-2B41-4A15-8192-A41F9FBE3D6A} = {479FFA33-2B41-4A15-8192-A41F9FBE3D6A}
		{DC41E34B-8251-41DE-8065-D56B022F5755} = {DC41E34B-8251-41DE-8065-D56B022F5755}
		{12F6CD4F-FC01-4E0A-AE06-F7A315094DFE} = {12F6CD4F-FC01-4E0A-AE06-F7A315094DFE}
		{3A09DD63-945E-40EB-9053-5FE50F74B7C1} = {3A09DD63-945E-40EB-9053-5FE50F74B7C1}
		{F810EA71-3A5A-4C86-BCFF-EC47017CF9CE} = {F810EA71-3A5A-4C86-BCFF-EC47017CF9CE}
		{8D2DFD77-6396-4507-9CBC-97D91C7CFDD5} = {8D2DFD77-6396-4507-9CBC-97D91C7CFDD5}
		{C7DE2B79-F890-4ACB-804A-BDD14E1A9CAE} = {C7DE2B79-F890-4ACB-804A-BDD14E1A9CAE}
		{39710980-B40E-4B06-B8E8-D86B125007F3} = {39710980-B40E-4B06-B8E8-D86B125007F3}
		{ECBD0A9D-DED9-452F-B5AF-818C2E1EE32A} = {ECBD0A9D-DED9-452F-B5AF-818C2E1EE32A}
		{B39ED2B3-D53A-4077-B957-930979A3577D} = {B39ED2B3-D53A-4077-B957-930979A3577D}
		{E27CF8F7-E472-4966-B7D6-448B1427A0D6} = {E27CF8F7-E472-4966-B7D6-448B1427A0D6}
		{5AA075F8-394E-4C6E-824A-39096E21869F} = {5AA075F8-394E-4C6E-824A-39096E21869F}
	EndProjectSection
EndProject
Global
	GlobalSection(SolutionConfigurationPlatforms) = preSolution
		Debug|x64 = Debug|x64
		Debug|x86 = Debug|x86
		Release|x64 = Release|x64
		Release|x86 = Release|x86
	EndGlobalSection
	GlobalSection(ProjectConfigurationPlatforms) = postSolution
		{39710980-B40E-4B06-B8E8-D86B125007F3}.Debug|x64.ActiveCfg = Debug|x64
		{39710980-B40E-4B06-B8E8-D86B125007F3}.Debug|x64.Build.0 = Debug|x64
		{39710980-B40E-4B06-B8E8-D86B125007F3}.Debug|x86.ActiveCfg = Debug|Win32
		{39710980-B40E-4B06-B8E8-D86B125007F3}.Debug|x86.Build.0 = Debug|Win32
		{39710980-B40E-4B06-B8E8-D86B125007F3}.Release|x64.ActiveCfg = Release|x64
		{39710980-B40E-4B06-B8E8-D86B125007F3}.Release|x64.Build.0 = Release|x64
		{39710980-B40E-4B06-B8E8-D86B125007F3}.Release|x86.ActiveCfg = Release|Win32
		{39710980-B40E-4B06-B8E8-D86B125007F3}.Release|x86.Build.0 = Release|Win32
		{E27CF8F7-E472-4966-B7D6-448B1427A0D6}.Debug|x64.ActiveCfg = Debug|x64
		{E27CF8F7-E472-4966-B7D6-448B1427A0D6}.Debug|x64.Build.0 = Debug|x64
		{E27CF8F7-E472-4966-B7D6-448B1427A0D6}.Debug|x86.ActiveCfg = Debug|Win32
		{E27CF8F7-E472-4966-B7D6-448B1427A0D6}.Debug|x86.Build.0 = Debug|Win32
		{E27CF8F7-E472-4966-B7D6-448B1427A0D6}.Release|x64.ActiveCfg = Release|x64
		{E27CF8F7-E472-4966-B7D6-448B1427A0D6}.Release|x64.Build.0 = Release|x64
		{E27CF8F7-E472-4966-B7D6-448B1427A0D6}.Release|x86.ActiveCfg = Release|Win32
		{E27CF8F7-E472-4966-B7D6-448B1427A0D6}.Release|x86.Build.0 = Release|Win32
		{C7DE2B79-F890-4ACB-804A-BDD14E1A9CAE}.Debug|x64.ActiveCfg = Debug|x64
		{C7DE2B79-F890-4ACB-804A-BDD14E1A9CAE}.Debug|x64.Build.0 = Debug|x64
		{C7DE2B79-F890-4ACB-804A-BDD14E1A9CAE}.Debug|x86.ActiveCfg = Debug|Win32
		{C7DE2B79-F890-4ACB-804A-BDD14E1A9CAE}.Debug|x86.Build.0 = Debug|Win32
		{C7DE2B79-F890-4ACB-804A-BDD14E1A9CAE}.Release|x64.ActiveCfg = Release|x64
		{C7DE2B79-F890-4ACB-804A-BDD14E1A9CAE}.Release|x64.Build.0 = Release|x64
		{C7DE2B79-F890-4ACB-804A-BDD14E1A9CAE}.Release|x86.ActiveCfg = Release|Win32
		{C7DE2B79-F890-4ACB-804A-BDD14E1A9CAE}.Release|x86.Build.0 = Release|Win32
		{DC41E34B-8251-41DE-8065-D56B022F5755}.Debug|x64.ActiveCfg = Debug|x64
		{DC41E34B-8251-41DE-8065-D56B022F5755}.Debug|x64.Build.0 = Debug|x64
		{DC41E34B-8251-41DE-8065-D56B022F5755}.Debug|x86.ActiveCfg = Debug|Win32
		{DC41E34B-8251-41DE-8065-D56B022F5755}.Debug|x86.Build.0 = Debug|Win32
		{DC41E34B-8251-41DE-8065-D56B022F5755}.Release|x64.ActiveCfg = Release|x64
		{DC41E34B-8251-41DE-8065-D56B022F5755}.Release|x64.Build.0 = Release|x64
		{DC41E34B-8251-41DE-8065-D56B022F5755}.Release|x86.ActiveCfg = Release|Win32
		{DC41E34B-8251-41DE-8065-D56B022F5755}.Release|x86.Build.0 = Release|Win32
		{3A09DD63-945E-40EB-9053-5FE50F74B7C1}.Debug|x64.ActiveCfg = Debug|x64
		{3A09DD63-945E-40EB-9053-5FE50F74B7C1}.Debug|x64.Build.0 = Debug|x64
		{3A09DD63-945E-40EB-9053-5FE50F74B7C1}.Debug|x86.ActiveCfg = Debug|Win32
		{3A09DD63-945E-40EB-9053-5FE50F74B7C1}.Debug|x86.Build.0 = Debug|Win32
		{3A09DD63-945E-40EB-9053-5FE50F74B7C1}.Release|x64.ActiveCfg = Release|x64
		{3A09DD63-945E-40EB-9053-5FE50F74B7C1}.Release|x64.Build.0 = Release|x64
		{3A09DD63-945E-40EB-9053-5FE50F74B7C1}.Release|x86.ActiveCfg = Release|Win32
		{3A09DD63-945E-40EB-9053-5FE50F74B7C1}.Release|x86.Build.0 = Release|Win32
		{8D2DFD77-6396-4507-9CBC-97D91C7CFDD5}.Debug|x64.ActiveCfg = Debug|x64
		{8D2DFD77-6396-4507-9CBC-97D91C7CFDD5}.Debug|x64.Build.0 = Debug|x64
		{8D2DFD77-6396-4507-9CBC-97D91C7CFDD5}.Debug|x86.ActiveCfg = Debug|Win32
		{8D2DFD77-6396-4507-9CBC-97D91C7CFDD5}.Debug|x86.Build.0 = Debug|Win32
		{8D2DFD77-6396-4507-9CBC-97D91C7CFDD5}.Release|x64.ActiveCfg = Release|x64
		{8D2DFD77-6396-4507-9CBC-97D91C7CFDD5}.Release|x64.Build.0 = Release|x64
		{8D2DFD77-6396-4507-9CBC-97D91C7CFDD5}.Release|x86.ActiveCfg = Release|Win32
		{8D2DFD77-6396-4507-9CBC-97D91C7CFDD5}.Release|x86.Build.0 = Release|Win32
		{99AB14F6-976E-4FEA-A07D-78479B55163A}.Debug|x64.ActiveCfg = Debug|Any CPU
		{99AB14F6-976E-4FEA-A07D-78479B55163A}.Debug|x86.ActiveCfg = Debug|Any CPU
		{99AB14F6-976E-4FEA-A07D-78479B55163A}.Release|x64.ActiveCfg = Release|Any CPU
		{99AB14F6-976E-4FEA-A07D-78479B55163A}.Release|x86.ActiveCfg = Release|Any CPU
		{ECBD0A9D-DED9-452F-B5AF-818C2E1EE32A}.Debug|x64.ActiveCfg = Debug|x64
		{ECBD0A9D-DED9-452F-B5AF-818C2E1EE32A}.Debug|x86.ActiveCfg = Debug|Win32
		{ECBD0A9D-DED9-452F-B5AF-818C2E1EE32A}.Release|x64.ActiveCfg = Release|x64
		{ECBD0A9D-DED9-452F-B5AF-818C2E1EE32A}.Release|x86.ActiveCfg = Release|Win32
		{F810EA71-3A5A-4C86-BCFF-EC47017CF9CE}.Debug|x64.ActiveCfg = Debug|x64
		{F810EA71-3A5A-4C86-BCFF-EC47017CF9CE}.Debug|x86.ActiveCfg = Debug|Win32
		{F810EA71-3A5A-4C86-BCFF-EC47017CF9CE}.Release|x64.ActiveCfg = Release|x64
		{F810EA71-3A5A-4C86-BCFF-EC47017CF9CE}.Release|x86.ActiveCfg = Release|Win32
		{4066E21F-5A62-4581-A3B3-47A083396D0C}.Debug|x64.ActiveCfg = Debug|x64
		{4066E21F-5A62-4581-A3B3-47A083396D0C}.Debug|x86.ActiveCfg = Debug|Win32
		{4066E21F-5A62-4581-A3B3-47A083396D0C}.Release|x64.ActiveCfg = Release|x64
		{4066E21F-5A62-4581-A3B3-47A083396D0C}.Release|x86.ActiveCfg = Release|Win32
		{D0076DE3-8E35-4129-A682-2E9F8E72A152}.Debug|x64.ActiveCfg = Debug|x64
		{D0076DE3-8E35-4129-A682-2E9F8E72A152}.Debug|x86.ActiveCfg = Debug|Win32
		{D0076DE3-8E35-4129-A682-2E9F8E72A152}.Release|x64.ActiveCfg = Release|Win32
		{D0076DE3-8E35-4129-A682-2E9F8E72A152}.Release|x86.ActiveCfg = Release|Win32
		{12F6CD4F-FC01-4E0A-AE06-F7A315094DFE}.Debug|x64.ActiveCfg = Debug|x64
		{12F6CD4F-FC01-4E0A-AE06-F7A315094DFE}.Debug|x86.ActiveCfg = Debug|Win32
		{12F6CD4F-FC01-4E0A-AE06-F7A315094DFE}.Release|x64.ActiveCfg = Release|x64
		{12F6CD4F-FC01-4E0A-AE06-F7A315094DFE}.Release|x86.ActiveCfg = Release|Win32
		{B39ED2B3-D53A-4077-B957-930979A3577D}.Debug|x64.ActiveCfg = Debug|x64
		{B39ED2B3-D53A-4077-B957-930979A3577D}.Debug|x64.Build.0 = Debug|x64
		{B39ED2B3-D53A-4077-B957-930979A3577D}.Debug|x86.ActiveCfg = Debug|Win32
		{B39ED2B3-D53A-4077-B957-930979A3577D}.Debug|x86.Build.0 = Debug|Win32
		{B39ED2B3-D53A-4077-B957-930979A3577D}.Release|x64.ActiveCfg = Release|x64
		{B39ED2B3-D53A-4077-B957-930979A3577D}.Release|x64.Build.0 = Release|x64
		{B39ED2B3-D53A-4077-B957-930979A3577D}.Release|x86.ActiveCfg = Release|Win32
		{B39ED2B3-D53A-4077-B957-930979A3577D}.Release|x86.Build.0 = Release|Win32
		{E3536C28-A7F1-4B53-8E52-7D2232F9E098}.Debug|x64.ActiveCfg = Debug|x64
		{E3536C28-A7F1-4B53-8E52-7D2232F9E098}.Debug|x64.Build.0 = Debug|x64
		{E3536C28-A7F1-4B53-8E52-7D2232F9E098}.Debug|x86.ActiveCfg = Debug|Win32
		{E3536C28-A7F1-4B53-8E52-7D2232F9E098}.Debug|x86.Build.0 = Debug|Win32
		{E3536C28-A7F1-4B53-8E52-7D2232F9E098}.Release|x64.ActiveCfg = Release|x64
		{E3536C28-A7F1-4B53-8E52-7D2232F9E098}.Release|x64.Build.0 = Release|x64
		{E3536C28-A7F1-4B53-8E52-7D2232F9E098}.Release|x86.ActiveCfg = Release|Win32
		{E3536C28-A7F1-4B53-8E52-7D2232F9E098}.Release|x86.Build.0 = Release|Win32
		{7DB10B50-CE00-4D7A-B322-6824F05D2FCB}.Debug|x64.ActiveCfg = Debug|x64
		{7DB10B50-CE00-4D7A-B322-6824F05D2FCB}.Debug|x64.Build.0 = Debug|x64
		{7DB10B50-CE00-4D7A-B322-6824F05D2FCB}.Debug|x86.ActiveCfg = Debug|Win32
		{7DB10B50-CE00-4D7A-B322-6824F05D2FCB}.Debug|x86.Build.0 = Debug|Win32
		{7DB10B50-CE00-4D7A-B322-6824F05D2FCB}.Release|x64.ActiveCfg = Release|x64
		{7DB10B50-CE00-4D7A-B322-6824F05D2FCB}.Release|x64.Build.0 = Release|x64
		{7DB10B50-CE00-4D7A-B322-6824F05D2FCB}.Release|x86.ActiveCfg = Release|Win32
		{7DB10B50-CE00-4D7A-B322-6824F05D2FCB}.Release|x86.Build.0 = Release|Win32
		{33134F61-C1AD-4B6F-9CEA-503A9F140C52}.Debug|x64.ActiveCfg = Debug|x64
		{33134F61-C1AD-4B6F-9CEA-503A9F140C52}.Debug|x64.Build.0 = Debug|x64
		{33134F61-C1AD-4B6F-9CEA-503A9F140C52}.Debug|x86.ActiveCfg = Debug|Win32
		{33134F61-C1AD-4B6F-9CEA-503A9F140C52}.Debug|x86.Build.0 = Debug|Win32
		{33134F61-C1AD-4B6F-9CEA-503A9F140C52}.Release|x64.ActiveCfg = Release|x64
		{33134F61-C1AD-4B6F-9CEA-503A9F140C52}.Release|x64.Build.0 = Release|x64
		{33134F61-C1AD-4B6F-9CEA-503A9F140C52}.Release|x86.ActiveCfg = Release|Win32
		{33134F61-C1AD-4B6F-9CEA-503A9F140C52}.Release|x86.Build.0 = Release|Win32
		{D5B5A007-E873-4D12-B4AF-60811AFD9EF1}.Debug|x64.ActiveCfg = Debug|x64
		{D5B5A007-E873-4D12-B4AF-60811AFD9EF1}.Debug|x64.Build.0 = Debug|x64
		{D5B5A007-E873-4D12-B4AF-60811AFD9EF1}.Debug|x86.ActiveCfg = Debug|Win32
		{D5B5A007-E873-4D12-B4AF-60811AFD9EF1}.Debug|x86.Build.0 = Debug|Win32
		{D5B5A007-E873-4D12-B4AF-60811AFD9EF1}.Release|x64.ActiveCfg = Release|x64
		{D5B5A007-E873-4D12-B4AF-60811AFD9EF1}.Release|x64.Build.0 = Release|x64
		{D5B5A007-E873-4D12-B4AF-60811AFD9EF1}.Release|x86.ActiveCfg = Release|Win32
		{D5B5A007-E873-4D12-B4AF-60811AFD9EF1}.Release|x86.Build.0 = Release|Win32
		{5AA075F8-394E-4C6E-824A-39096E21869F}.Debug|x64.ActiveCfg = Debug|x64
		{5AA075F8-394E-4C6E-824A-39096E21869F}.Debug|x64.Build.0 = Debug|x64
		{5AA075F8-394E-4C6E-824A-39096E21869F}.Debug|x86.ActiveCfg = Debug|Win32
		{5AA075F8-394E-4C6E-824A-39096E21869F}.Debug|x86.Build.0 = Debug|Win32
		{5AA075F8-394E-4C6E-824A-39096E21869F}.Release|x64.ActiveCfg = Release|x64
		{5AA075F8-394E-4C6E-824A-39096E21869F}.Release|x64.Build.0 = Release|x64
		{5AA075F8-394E-4C6E-824A-39096E21869F}.Release|x86.ActiveCfg = Release|Win32
		{5AA075F8-394E-4C6E-824A-39096E21869F}.Release|x86.Build.0 = Release|Win32
		{DF6E1CDC-9689-4A91-B60A-863E3BAF5A57}.Debug|x64.ActiveCfg = Debug|x86
		{DF6E1CDC-9689-4A91-B60A-863E3BAF5A57}.Debug|x86.ActiveCfg = Debug|x86
		{DF6E1CDC-9689-4A91-B60A-863E3BAF5A57}.Release|x64.ActiveCfg = Release|x86
		{DF6E1CDC-9689-4A91-B60A-863E3BAF5A57}.Release|x86.ActiveCfg = Release|x86
		{5154523E-FDCF-41E7-8845-A5ACC92672B0}.Debug|x64.ActiveCfg = Debug|x64
		{5154523E-FDCF-41E7-8845-A5ACC92672B0}.Debug|x86.ActiveCfg = Debug|Win32
		{5154523E-FDCF-41E7-8845-A5ACC92672B0}.Release|x64.ActiveCfg = Release|x64
		{5154523E-FDCF-41E7-8845-A5ACC92672B0}.Release|x86.ActiveCfg = Release|Win32
		{479FFA33-2B41-4A15-8192-A41F9FBE3D6A}.Debug|x64.ActiveCfg = Debug|x64
		{479FFA33-2B41-4A15-8192-A41F9FBE3D6A}.Debug|x86.ActiveCfg = Debug|Win32
		{479FFA33-2B41-4A15-8192-A41F9FBE3D6A}.Release|x64.ActiveCfg = Release|x64
		{479FFA33-2B41-4A15-8192-A41F9FBE3D6A}.Release|x86.ActiveCfg = Release|Win32
		{13BA0068-A852-4123-84D8-ED786D196991}.Debug|x64.ActiveCfg = Debug|x64
		{13BA0068-A852-4123-84D8-ED786D196991}.Debug|x86.ActiveCfg = Debug|x64
		{13BA0068-A852-4123-84D8-ED786D196991}.Release|x64.ActiveCfg = Release|x64
		{13BA0068-A852-4123-84D8-ED786D196991}.Release|x86.ActiveCfg = Release|x64
	EndGlobalSection
	GlobalSection(SolutionProperties) = preSolution
		HideSolutionNode = FALSE
	EndGlobalSection
	GlobalSection(Qt) = preSolution
		Integration = True
	EndGlobalSection
	GlobalSection(Qt) = preSolution
		Integration = True
	EndGlobalSection
	GlobalSection(Qt) = preSolution
		Integration = True
	EndGlobalSection
	GlobalSection(Qt) = preSolution
		Integration = True
	EndGlobalSection
	GlobalSection(Qt) = preSolution
		Integration = True
	EndGlobalSection
	GlobalSection(Qt) = preSolution
		Integration = True
	EndGlobalSection
	GlobalSection(Qt) = preSolution
		Integration = True
	EndGlobalSection
	GlobalSection(Qt) = preSolution
		Integration = True
	EndGlobalSection
	GlobalSection(Qt) = preSolution
		Integration = True
	EndGlobalSection
	GlobalSection(Qt) = preSolution
		Integration = True
	EndGlobalSection
	GlobalSection(Qt) = preSolution
		Integration = True
	EndGlobalSection
	GlobalSection(Qt) = preSolution
		Integration = True
	EndGlobalSection
	GlobalSection(Qt) = preSolution
		Integration = True
	EndGlobalSection
	GlobalSection(Qt) = preSolution
		Integration = True
	EndGlobalSection
	GlobalSection(Qt) = preSolution
		Integration = True
	EndGlobalSection
	GlobalSection(Qt) = preSolution
		Integration = True
	EndGlobalSection
	GlobalSection(Qt) = preSolution
		Integration = True
	EndGlobalSection
	GlobalSection(Qt) = preSolution
		Integration = True
	EndGlobalSection
	GlobalSection(Qt) = preSolution
		Integration = True
	EndGlobalSection
	GlobalSection(Qt) = preSolution
		Integration = True
	EndGlobalSection
	GlobalSection(Qt) = preSolution
		Integration = True
	EndGlobalSection
	GlobalSection(Qt) = preSolution
		Integration = True
	EndGlobalSection
	GlobalSection(Qt) = preSolution
		Integration = True
	EndGlobalSection
	GlobalSection(Qt) = preSolution
		Integration = True
	EndGlobalSection
	GlobalSection(Qt) = preSolution
		Integration = True
	EndGlobalSection
	GlobalSection(Qt) = preSolution
		Integration = True
	EndGlobalSection
EndGlobal
