<?xml version="1.0" encoding="utf-8"?>
<Project ToolsVersion="4.0" xmlns="http://schemas.microsoft.com/developer/msbuild/2003">
  <ItemGroup>
    <Filter Include="Source Files">
      <UniqueIdentifier>{4FC737F1-C7A5-4376-A066-2A32D752A2FF}</UniqueIdentifier>
      <Extensions>cpp;c;cc;cxx;def;odl;idl;hpj;bat;asm;asmx</Extensions>
    </Filter>
    <Filter Include="Header Files">
      <UniqueIdentifier>{93995380-89BD-4b04-88EB-625FBE52EBFB}</UniqueIdentifier>
      <Extensions>h;hpp;hxx;hm;inl;inc;xsd</Extensions>
    </Filter>
    <Filter Include="Resource Files">
      <UniqueIdentifier>{67DA6AB6-F800-4c08-8B7A-83BB121AAD01}</UniqueIdentifier>
      <Extensions>rc;ico;cur;bmp;dlg;rc2;rct;bin;rgs;gif;jpg;jpeg;jpe;resx;tiff;tif;png;wav</Extensions>
    </Filter>
  </ItemGroup>
  <ItemGroup>
    <ClCompile Include="APLCard.cpp">
      <Filter>Source Files</Filter>
    </ClCompile>
    <ClCompile Include="APLCardPteid.cpp">
      <Filter>Source Files</Filter>
    </ClCompile>
    <ClCompile Include="APLCertif.cpp">
      <Filter>Source Files</Filter>
    </ClCompile>
    <ClCompile Include="APLConfig.cpp">
      <Filter>Source Files</Filter>
    </ClCompile>
    <ClCompile Include="APLCrypto.cpp">
      <Filter>Source Files</Filter>
    </ClCompile>
    <ClCompile Include="APLDoc.cpp">
      <Filter>Source Files</Filter>
    </ClCompile>
    <ClCompile Include="APLPublicKey.cpp">
      <Filter>Source Files</Filter>
    </ClCompile>
    <ClCompile Include="APLReader.cpp">
      <Filter>Source Files</Filter>
    </ClCompile>
    <ClCompile Include="CardFile.cpp">
      <Filter>Source Files</Filter>
    </ClCompile>
    <ClCompile Include="CardPteid.cpp">
      <Filter>Source Files</Filter>
    </ClCompile>
    <ClCompile Include="CertStatusCache.cpp">
      <Filter>Source Files</Filter>
    </ClCompile>
    <ClCompile Include="cJSON.c">
      <Filter>Source Files</Filter>
    </ClCompile>
    <ClCompile Include="CRLFetcher.cpp">
      <Filter>Source Files</Filter>
    </ClCompile>
    <ClCompile Include="cryptoFramework.cpp">
      <Filter>Source Files</Filter>
    </ClCompile>
    <ClCompile Include="cryptoFwkPteid.cpp">
      <Filter>Source Files</Filter>
    </ClCompile>
    <ClCompile Include="MiscUtil.cpp">
      <Filter>Source Files</Filter>
    </ClCompile>
    <ClCompile Include="OCSP.cpp">
      <Filter>Source Files</Filter>
    </ClCompile>
    <ClCompile Include="PDFSignature.cpp">
      <Filter>Source Files</Filter>
    </ClCompile>
    <ClCompile Include="PhotoPteid.cpp">
      <Filter>Source Files</Filter>
    </ClCompile>
    <ClCompile Include="SAM.cpp">
      <Filter>Source Files</Filter>
    </ClCompile>
    <ClCompile Include="SigContainer.cpp">
      <Filter>Source Files</Filter>
    </ClCompile>
    <ClCompile Include="sign-pkcs7.cpp">
      <Filter>Source Files</Filter>
    </ClCompile>
    <ClCompile Include="SODParser.cpp">
      <Filter>Source Files</Filter>
    </ClCompile>
    <ClCompile Include="SSLConnection.cpp">
      <Filter>Source Files</Filter>
    </ClCompile>
    <ClCompile Include="TsaClient.cpp">
      <Filter>Source Files</Filter>
    </ClCompile>
    <ClCompile Include="XadesSignature.cpp">
      <Filter>Source Files</Filter>
    </ClCompile>
    <ClCompile Include="XMLParser.cpp">
      <Filter>Source Files</Filter>
    </ClCompile>
    <ClCompile Include="ScapSSLConnection.cpp">
      <Filter>Source Files</Filter>
    </ClCompile>
    <ClCompile Include="SecurityContext.cpp">
      <Filter>Source Files</Filter>
    </ClCompile>
    <ClCompile Include="J2KHelper.cpp">
      <Filter>Source Files</Filter>
    </ClCompile>
    <ClCompile Include="PNGConverter.cpp">
      <Filter>Source Files</Filter>
    </ClCompile>
  </ItemGroup>
  <ItemGroup>
    <ClInclude Include="APLCard.h">
      <Filter>Header Files</Filter>
    </ClInclude>
    <ClInclude Include="APLCardFile.h">
      <Filter>Header Files</Filter>
    </ClInclude>
    <ClInclude Include="APLCardPteid.h">
      <Filter>Header Files</Filter>
    </ClInclude>
    <ClInclude Include="APLCertif.h">
      <Filter>Header Files</Filter>
    </ClInclude>
    <ClInclude Include="APLConfig.h">
      <Filter>Header Files</Filter>
    </ClInclude>
    <ClInclude Include="APLCrypto.h">
      <Filter>Header Files</Filter>
    </ClInclude>
    <ClInclude Include="APLDoc.h">
      <Filter>Header Files</Filter>
    </ClInclude>
    <ClInclude Include="APLPublicKey.h">
      <Filter>Header Files</Filter>
    </ClInclude>
    <ClInclude Include="APLReader.h">
      <Filter>Header Files</Filter>
    </ClInclude>
    <ClInclude Include="CardFile.h">
      <Filter>Header Files</Filter>
    </ClInclude>
    <ClInclude Include="CardPteid.h">
      <Filter>Header Files</Filter>
    </ClInclude>
    <ClInclude Include="CardPteidDef.h">
      <Filter>Header Files</Filter>
    </ClInclude>
    <ClInclude Include="CertStatusCache.h">
      <Filter>Header Files</Filter>
    </ClInclude>
    <ClInclude Include="cJSON.h">
      <Filter>Header Files</Filter>
    </ClInclude>
    <ClInclude Include="CRLFetcher.h">
      <Filter>Header Files</Filter>
    </ClInclude>
    <ClInclude Include="cryptoFramework.h">
      <Filter>Header Files</Filter>
    </ClInclude>
    <ClInclude Include="cryptoFwkPteid.h">
      <Filter>Header Files</Filter>
    </ClInclude>
    <ClInclude Include="eidmw_EIDTag_processors.h">
      <Filter>Header Files</Filter>
    </ClInclude>
    <ClInclude Include="eidmw_EIDTagHandler.h">
      <Filter>Header Files</Filter>
    </ClInclude>
    <ClInclude Include="eidmw_EIDXmlParser.h">
      <Filter>Header Files</Filter>
    </ClInclude>
    <ClInclude Include="eidmw_TagProcessor.h">
      <Filter>Header Files</Filter>
    </ClInclude>
    <ClInclude Include="eidmw_XML_datastorage.h">
      <Filter>Header Files</Filter>
    </ClInclude>
    <ClInclude Include="eidmw_XML_DefHandler.h">
      <Filter>Header Files</Filter>
    </ClInclude>
    <ClInclude Include="eidmw_XMLParser.h">
      <Filter>Header Files</Filter>
    </ClInclude>
    <ClInclude Include="MiscUtil.h">
      <Filter>Header Files</Filter>
    </ClInclude>
    <ClInclude Include="OCSP.h">
      <Filter>Header Files</Filter>
    </ClInclude>
    <ClInclude Include="PDFSignature.h">
      <Filter>Header Files</Filter>
    </ClInclude>
    <ClInclude Include="PhotoPteid.h">
      <Filter>Header Files</Filter>
    </ClInclude>
    <ClInclude Include="SAM.h">
      <Filter>Header Files</Filter>
    </ClInclude>
    <ClInclude Include="SigContainer.h">
      <Filter>Header Files</Filter>
    </ClInclude>
    <ClInclude Include="sign-pkcs7.h">
      <Filter>Header Files</Filter>
    </ClInclude>
    <ClInclude Include="SODParser.h">
      <Filter>Header Files</Filter>
    </ClInclude>
    <ClInclude Include="SSLConnection.h">
      <Filter>Header Files</Filter>
    </ClInclude>
    <ClInclude Include="TsaClient.h">
      <Filter>Header Files</Filter>
    </ClInclude>
    <ClInclude Include="XadesSignature.h">
      <Filter>Header Files</Filter>
    </ClInclude>
    <ClInclude Include="J2KHelper.h">
      <Filter>Header Files</Filter>
    </ClInclude>
    <ClInclude Include="PNGConverter.h">
      <Filter>Header Files</Filter>
    </ClInclude>
  </ItemGroup>
  <ItemGroup>
    <ResourceCompile Include="pteidapplayer.rc">
      <Filter>Resource Files</Filter>
    </ResourceCompile>
  </ItemGroup>
</Project>