<?xml version="1.0" encoding="utf-8"?>
<Project ToolsVersion="4.0" xmlns="http://schemas.microsoft.com/developer/msbuild/2003">
  <ItemGroup>
    <Filter Include="Source Files">
      <UniqueIdentifier>{4FC737F1-C7A5-4376-A066-2A32D752A2FF}</UniqueIdentifier>
      <Extensions>cpp;c;cc;cxx;def;odl;idl;hpj;bat;asm;asmx</Extensions>
    </Filter>
    <Filter Include="Header Files">
      <UniqueIdentifier>{93995380-89BD-4b04-88EB-625FBE52EBFB}</UniqueIdentifier>
      <Extensions>h;hpp;hxx;hm;inl;inc;xsd</Extensions>
    </Filter>
    <Filter Include="Resource Files">
      <UniqueIdentifier>{67DA6AB6-F800-4c08-8B7A-83BB121AAD01}</UniqueIdentifier>
      <Extensions>rc;ico;cur;bmp;dlg;rc2;rct;bin;rgs;gif;jpg;jpeg;jpe;resx;tiff;tif;png;wav</Extensions>
    </Filter>
  </ItemGroup>
  <ItemGroup>
    <ClCompile Include="ACR83Pinpad.cpp">
      <Filter>Source Files</Filter>
    </ClCompile>
    <ClCompile Include="Cache.cpp">
      <Filter>Source Files</Filter>
    </ClCompile>
    <ClCompile Include="Card.cpp">
      <Filter>Source Files</Filter>
    </ClCompile>
    <ClCompile Include="CardFactory.cpp">
      <Filter>Source Files</Filter>
    </ClCompile>
    <ClCompile Include="CardLayer.cpp">
      <Filter>Source Files</Filter>
    </ClCompile>
    <ClCompile Include="CardReaderInfo.cpp">
      <Filter>Source Files</Filter>
    </ClCompile>
    <ClCompile Include="Context.cpp">
      <Filter>Source Files</Filter>
    </ClCompile>
    <ClCompile Include="GempcPinpad.cpp">
      <Filter>Source Files</Filter>
    </ClCompile>
    <ClCompile Include="GenericPinpad.cpp">
      <Filter>Source Files</Filter>
    </ClCompile>
    <ClCompile Include="PCSC.cpp">
      <Filter>Source Files</Filter>
    </ClCompile>
    <ClCompile Include="Pinpad.cpp">
      <Filter>Source Files</Filter>
    </ClCompile>
    <ClCompile Include="PKCS15.cpp">
      <Filter>Source Files</Filter>
    </ClCompile>
    <ClCompile Include="PKCS15Parser.cpp">
      <Filter>Source Files</Filter>
    </ClCompile>
    <ClCompile Include="PkiCard.cpp">
      <Filter>Source Files</Filter>
    </ClCompile>
    <ClCompile Include="cardpluginPteid\PteidCard.cpp">
      <Filter>Source Files</Filter>
    </ClCompile>
    <ClCompile Include="Reader.cpp">
      <Filter>Source Files</Filter>
    </ClCompile>
    <ClCompile Include="ReadersInfo.cpp">
      <Filter>Source Files</Filter>
    </ClCompile>
    <ClCompile Include="ThreadPool.cpp">
      <Filter>Source Files</Filter>
    </ClCompile>
    <ClCompile Include="UnknownCard.cpp">
      <Filter>Source Files</Filter>
    </ClCompile>
  </ItemGroup>
  <ItemGroup>
    <ClInclude Include="ACR83Pinpad.h">
      <Filter>Header Files</Filter>
    </ClInclude>
    <ClInclude Include="Cache.h">
      <Filter>Header Files</Filter>
    </ClInclude>
    <ClInclude Include="Card.h">
      <Filter>Header Files</Filter>
    </ClInclude>
    <ClInclude Include="CardFactory.h">
      <Filter>Header Files</Filter>
    </ClInclude>
    <ClInclude Include="CardLayer.h">
      <Filter>Header Files</Filter>
    </ClInclude>
    <ClInclude Include="CardLayerConst.h">
      <Filter>Header Files</Filter>
    </ClInclude>
    <ClInclude Include="CardReaderInfo.h">
      <Filter>Header Files</Filter>
    </ClInclude>
    <ClInclude Include="Context.h">
      <Filter>Header Files</Filter>
    </ClInclude>
    <ClInclude Include="GempcPinpad.h">
      <Filter>Header Files</Filter>
    </ClInclude>
    <ClInclude Include="GenericPinpad.h">
      <Filter>Header Files</Filter>
    </ClInclude>
    <ClInclude Include="InternalConst.h">
      <Filter>Header Files</Filter>
    </ClInclude>
    <ClInclude Include="P15Objects.h">
      <Filter>Header Files</Filter>
    </ClInclude>
    <ClInclude Include="PCSC.h">
      <Filter>Header Files</Filter>
    </ClInclude>
    <ClInclude Include="Pinpad.h">
      <Filter>Header Files</Filter>
    </ClInclude>
    <ClInclude Include="pinpad2-private.h">
      <Filter>Header Files</Filter>
    </ClInclude>
    <ClInclude Include="pinpad2.h">
      <Filter>Header Files</Filter>
    </ClInclude>
    <ClInclude Include="PKCS15.h">
      <Filter>Header Files</Filter>
    </ClInclude>
    <ClInclude Include="PKCS15Parser.h">
      <Filter>Header Files</Filter>
    </ClInclude>
    <ClInclude Include="PkiCard.h">
      <Filter>Header Files</Filter>
    </ClInclude>
    <ClInclude Include="cardpluginPteid\PteidCard.h">
      <Filter>Header Files</Filter>
    </ClInclude>
    <ClInclude Include="Reader.h">
      <Filter>Header Files</Filter>
    </ClInclude>
    <ClInclude Include="ThreadPool.h">
      <Filter>Header Files</Filter>
    </ClInclude>
    <ClInclude Include="UnknownCard.h">
      <Filter>Header Files</Filter>
    </ClInclude>
  </ItemGroup>
  <ItemGroup>
    <CustomBuild Include="ReadersInfo.h">
      <Filter>Header Files</Filter>
    </CustomBuild>
  </ItemGroup>
  <ItemGroup>
    <ResourceCompile Include="pteidcardlayer.rc">
      <Filter>Resource Files</Filter>
    </ResourceCompile>
  </ItemGroup>
</Project>