<?xml version="1.0" encoding="utf-8"?>
<Project ToolsVersion="4.0" xmlns="http://schemas.microsoft.com/developer/msbuild/2003">
  <ItemGroup>
    <Filter Include="Source Files">
      <UniqueIdentifier>{4FC737F1-C7A5-4376-A066-2A32D752A2FF}</UniqueIdentifier>
      <Extensions>cpp;c;cc;cxx;def;odl;idl;hpj;bat;asm;asmx</Extensions>
    </Filter>
    <Filter Include="Header Files">
      <UniqueIdentifier>{93995380-89BD-4b04-88EB-625FBE52EBFB}</UniqueIdentifier>
      <Extensions>h;hpp;hxx;hm;inl;inc;xsd</Extensions>
    </Filter>
    <Filter Include="Resource Files">
      <UniqueIdentifier>{67DA6AB6-F800-4c08-8B7A-83BB121AAD01}</UniqueIdentifier>
      <Extensions>rc;ico;cur;bmp;dlg;rc2;rct;bin;rgs;gif;jpg;jpeg;jpe;resx;tiff;tif;png;wav</Extensions>
    </Filter>
  </ItemGroup>
  <ItemGroup>
    <ClCompile Include="DlgsWin32.cpp">
      <Filter>Source Files</Filter>
    </ClCompile>
    <ClCompile Include="dlgWndAskPIN.cpp">
      <Filter>Source Files</Filter>
    </ClCompile>
    <ClCompile Include="dlgWndAskPINs.cpp">
      <Filter>Source Files</Filter>
    </ClCompile>
    <ClCompile Include="dlgWndBadPIN.cpp">
      <Filter>Source Files</Filter>
    </ClCompile>
    <ClCompile Include="dlgWndBase.cpp">
      <Filter>Source Files</Filter>
    </ClCompile>
    <ClCompile Include="dlgWndPinPadInfo.cpp">
      <Filter>Source Files</Filter>
    </ClCompile>
    <ClCompile Include="..\langUtil.cpp">
      <Filter>Source Files</Filter>
    </ClCompile>
  </ItemGroup>
  <ItemGroup>
    <ClInclude Include="..\dialogs.h">
      <Filter>Header Files</Filter>
    </ClInclude>
    <ClInclude Include="dlgWndAskPIN.h">
      <Filter>Header Files</Filter>
    </ClInclude>
    <ClInclude Include="dlgWndAskPINs.h">
      <Filter>Header Files</Filter>
    </ClInclude>
    <ClInclude Include="dlgWndBadPIN.h">
      <Filter>Header Files</Filter>
    </ClInclude>
    <ClInclude Include="dlgWndBase.h">
      <Filter>Header Files</Filter>
    </ClInclude>
    <ClInclude Include="dlgWndPinPadInfo.h">
      <Filter>Header Files</Filter>
    </ClInclude>
    <ClInclude Include="..\language.h">
      <Filter>Header Files</Filter>
    </ClInclude>
    <ClInclude Include="..\langUtil.h">
      <Filter>Header Files</Filter>
    </ClInclude>
    <ClInclude Include="stdafx.h">
      <Filter>Header Files</Filter>
    </ClInclude>
  </ItemGroup>
  <ItemGroup>
    <ResourceCompile Include="DlgsWin32.rc">
      <Filter>Resource Files</Filter>
    </ResourceCompile>
  </ItemGroup>
  <ItemGroup>
    <Image Include="Images\ICO_BELPIC.ico">
      <Filter>Resource Files</Filter>
    </Image>
    <Image Include="Images\ICO_CARD_INFO_64x64.bmp">
      <Filter>Resource Files</Filter>
    </Image>
    <Image Include="Images\ICO_CARD_NOK_64x64.bmp">
      <Filter>Resource Files</Filter>
    </Image>
    <Image Include="Images\ICO_CARD_PIN_128x128.bmp">
      <Filter>Resource Files</Filter>
    </Image>
    <Image Include="Images\ICO_CARD_QUESTION_64x64.bmp">
      <Filter>Resource Files</Filter>
    </Image>
    <Image Include="Images\ICO_CARD_SIGN_128x128.bmp">
      <Filter>Resource Files</Filter>
    </Image>
    <Image Include="Images\ICO_CARD_WARNING_64x64.bmp">
      <Filter>Resource Files</Filter>
    </Image>
  </ItemGroup>
</Project>